// !$*UTF8*$!
{
	archiveVersion = 1;
	classes = {
	};
	objectVersion = 46;
	objects = {

/* Begin PBXBuildFile section */
		8A7CDAD718E722940079F3F1 /* KDBViewPickerViewController.m in Sources */ = {isa = PBXBuildFile; fileRef = 8A7CDAD618E722940079F3F1 /* KDBViewPickerViewController.m */; };
		8A7CDBDF18E79A640079F3F1 /* accept-24x24-40.png in Resources */ = {isa = PBXBuildFile; fileRef = 8A7CDB4F18E79A630079F3F1 /* accept-24x24-40.png */; };
		8A7CDBE018E79A640079F3F1 /* accept-24x24-80.png in Resources */ = {isa = PBXBuildFile; fileRef = 8A7CDB5018E79A630079F3F1 /* accept-24x24-80.png */; };
		8A7CDBE118E79A640079F3F1 /* accept-40.png in Resources */ = {isa = PBXBuildFile; fileRef = 8A7CDB5118E79A630079F3F1 /* accept-40.png */; };
		8A7CDBE218E79A640079F3F1 /* accept-80.png in Resources */ = {isa = PBXBuildFile; fileRef = 8A7CDB5218E79A630079F3F1 /* accept-80.png */; };
		8A7CDBE318E79A640079F3F1 /* application-certificate-40.png in Resources */ = {isa = PBXBuildFile; fileRef = 8A7CDB5318E79A630079F3F1 /* application-certificate-40.png */; };
		8A7CDBE418E79A640079F3F1 /* application-certificate-80.png in Resources */ = {isa = PBXBuildFile; fileRef = 8A7CDB5418E79A630079F3F1 /* application-certificate-80.png */; };
		8A7CDBE518E79A640079F3F1 /* blue-40.png in Resources */ = {isa = PBXBuildFile; fileRef = 8A7CDB5518E79A640079F3F1 /* blue-40.png */; };
		8A7CDBE618E79A640079F3F1 /* blue-80.png in Resources */ = {isa = PBXBuildFile; fileRef = 8A7CDB5618E79A640079F3F1 /* blue-80.png */; };
		8A7CDBE718E79A640079F3F1 /* bookmark-new-40.png in Resources */ = {isa = PBXBuildFile; fileRef = 8A7CDB5718E79A640079F3F1 /* bookmark-new-40.png */; };
		8A7CDBE818E79A640079F3F1 /* bookmark-new-80.png in Resources */ = {isa = PBXBuildFile; fileRef = 8A7CDB5818E79A640079F3F1 /* bookmark-new-80.png */; };
		8A7CDBE918E79A640079F3F1 /* certificate-40.png in Resources */ = {isa = PBXBuildFile; fileRef = 8A7CDB5918E79A640079F3F1 /* certificate-40.png */; };
		8A7CDBEA18E79A640079F3F1 /* certificate-80.png in Resources */ = {isa = PBXBuildFile; fileRef = 8A7CDB5A18E79A640079F3F1 /* certificate-80.png */; };
		8A7CDBEB18E79A640079F3F1 /* clipboard-40.png in Resources */ = {isa = PBXBuildFile; fileRef = 8A7CDB5B18E79A640079F3F1 /* clipboard-40.png */; };
		8A7CDBEC18E79A640079F3F1 /* clipboard-80.png in Resources */ = {isa = PBXBuildFile; fileRef = 8A7CDB5C18E79A640079F3F1 /* clipboard-80.png */; };
		8A7CDBED18E79A640079F3F1 /* clock-40.png in Resources */ = {isa = PBXBuildFile; fileRef = 8A7CDB5D18E79A640079F3F1 /* clock-40.png */; };
		8A7CDBEE18E79A640079F3F1 /* clock-80.png in Resources */ = {isa = PBXBuildFile; fileRef = 8A7CDB5E18E79A640079F3F1 /* clock-80.png */; };
		8A7CDBEF18E79A640079F3F1 /* computer-40.png in Resources */ = {isa = PBXBuildFile; fileRef = 8A7CDB5F18E79A640079F3F1 /* computer-40.png */; };
		8A7CDBF018E79A640079F3F1 /* computer-80.png in Resources */ = {isa = PBXBuildFile; fileRef = 8A7CDB6018E79A640079F3F1 /* computer-80.png */; };
		8A7CDBF118E79A640079F3F1 /* computer-x-40.png in Resources */ = {isa = PBXBuildFile; fileRef = 8A7CDB6118E79A640079F3F1 /* computer-x-40.png */; };
		8A7CDBF218E79A640079F3F1 /* computer-x-80.png in Resources */ = {isa = PBXBuildFile; fileRef = 8A7CDB6218E79A640079F3F1 /* computer-x-80.png */; };
		8A7CDBF318E79A640079F3F1 /* delete-document-40.png in Resources */ = {isa = PBXBuildFile; fileRef = 8A7CDB6318E79A640079F3F1 /* delete-document-40.png */; };
		8A7CDBF418E79A640079F3F1 /* delete-document-80.png in Resources */ = {isa = PBXBuildFile; fileRef = 8A7CDB6418E79A640079F3F1 /* delete-document-80.png */; };
		8A7CDBF518E79A640079F3F1 /* document-40.png in Resources */ = {isa = PBXBuildFile; fileRef = 8A7CDB6518E79A640079F3F1 /* document-40.png */; };
		8A7CDBF618E79A640079F3F1 /* document-80.png in Resources */ = {isa = PBXBuildFile; fileRef = 8A7CDB6618E79A640079F3F1 /* document-80.png */; };
		8A7CDBF718E79A640079F3F1 /* edit-delete-40.png in Resources */ = {isa = PBXBuildFile; fileRef = 8A7CDB6718E79A640079F3F1 /* edit-delete-40.png */; };
		8A7CDBF818E79A640079F3F1 /* edit-delete-80.png in Resources */ = {isa = PBXBuildFile; fileRef = 8A7CDB6818E79A640079F3F1 /* edit-delete-80.png */; };
		8A7CDBF918E79A640079F3F1 /* emblem-urgent-40.png in Resources */ = {isa = PBXBuildFile; fileRef = 8A7CDB6918E79A640079F3F1 /* emblem-urgent-40.png */; };
		8A7CDBFA18E79A640079F3F1 /* emblem-urgent-80.png in Resources */ = {isa = PBXBuildFile; fileRef = 8A7CDB6A18E79A640079F3F1 /* emblem-urgent-80.png */; };
		8A7CDBFB18E79A640079F3F1 /* error-40.png in Resources */ = {isa = PBXBuildFile; fileRef = 8A7CDB6B18E79A640079F3F1 /* error-40.png */; };
		8A7CDBFC18E79A640079F3F1 /* error-80.png in Resources */ = {isa = PBXBuildFile; fileRef = 8A7CDB6C18E79A640079F3F1 /* error-80.png */; };
		8A7CDBFD18E79A640079F3F1 /* fingerprint-40.png in Resources */ = {isa = PBXBuildFile; fileRef = 8A7CDB6D18E79A640079F3F1 /* fingerprint-40.png */; };
		8A7CDBFE18E79A640079F3F1 /* fingerprint-80.png in Resources */ = {isa = PBXBuildFile; fileRef = 8A7CDB6E18E79A640079F3F1 /* fingerprint-80.png */; };
		8A7CDBFF18E79A640079F3F1 /* folder-40.png in Resources */ = {isa = PBXBuildFile; fileRef = 8A7CDB6F18E79A640079F3F1 /* folder-40.png */; };
		8A7CDC0018E79A640079F3F1 /* folder-80.png in Resources */ = {isa = PBXBuildFile; fileRef = 8A7CDB7018E79A640079F3F1 /* folder-80.png */; };
		8A7CDC0118E79A640079F3F1 /* folder-delete-40.png in Resources */ = {isa = PBXBuildFile; fileRef = 8A7CDB7118E79A640079F3F1 /* folder-delete-40.png */; };
		8A7CDC0218E79A640079F3F1 /* folder-delete-80.png in Resources */ = {isa = PBXBuildFile; fileRef = 8A7CDB7218E79A640079F3F1 /* folder-delete-80.png */; };
		8A7CDC0318E79A640079F3F1 /* gear-40.png in Resources */ = {isa = PBXBuildFile; fileRef = 8A7CDB7318E79A640079F3F1 /* gear-40.png */; };
		8A7CDC0418E79A640079F3F1 /* gear-80.png in Resources */ = {isa = PBXBuildFile; fileRef = 8A7CDB7418E79A640079F3F1 /* gear-80.png */; };
		8A7CDC0518E79A640079F3F1 /* gear2-40.png in Resources */ = {isa = PBXBuildFile; fileRef = 8A7CDB7518E79A640079F3F1 /* gear2-40.png */; };
		8A7CDC0618E79A640079F3F1 /* gear2-80.png in Resources */ = {isa = PBXBuildFile; fileRef = 8A7CDB7618E79A640079F3F1 /* gear2-80.png */; };
		8A7CDC0718E79A640079F3F1 /* graph-40.png in Resources */ = {isa = PBXBuildFile; fileRef = 8A7CDB7718E79A640079F3F1 /* graph-40.png */; };
		8A7CDC0818E79A640079F3F1 /* graph-80.png in Resources */ = {isa = PBXBuildFile; fileRef = 8A7CDB7818E79A640079F3F1 /* graph-80.png */; };
		8A7CDC0918E79A640079F3F1 /* green-40.png in Resources */ = {isa = PBXBuildFile; fileRef = 8A7CDB7918E79A640079F3F1 /* green-40.png */; };
		8A7CDC0A18E79A640079F3F1 /* green-80.png in Resources */ = {isa = PBXBuildFile; fileRef = 8A7CDB7A18E79A640079F3F1 /* green-80.png */; };
		8A7CDC0B18E79A640079F3F1 /* grey-40.png in Resources */ = {isa = PBXBuildFile; fileRef = 8A7CDB7B18E79A640079F3F1 /* grey-40.png */; };
		8A7CDC0C18E79A640079F3F1 /* grey-80.png in Resources */ = {isa = PBXBuildFile; fileRef = 8A7CDB7C18E79A640079F3F1 /* grey-80.png */; };
		8A7CDC0D18E79A640079F3F1 /* headless-40.png in Resources */ = {isa = PBXBuildFile; fileRef = 8A7CDB7D18E79A640079F3F1 /* headless-40.png */; };
		8A7CDC0E18E79A640079F3F1 /* headless-80.png in Resources */ = {isa = PBXBuildFile; fileRef = 8A7CDB7E18E79A640079F3F1 /* headless-80.png */; };
		8A7CDC0F18E79A640079F3F1 /* headshot-40.png in Resources */ = {isa = PBXBuildFile; fileRef = 8A7CDB7F18E79A640079F3F1 /* headshot-40.png */; };
		8A7CDC1018E79A640079F3F1 /* headshot-80.png in Resources */ = {isa = PBXBuildFile; fileRef = 8A7CDB8018E79A640079F3F1 /* headshot-80.png */; };
		8A7CDC1118E79A640079F3F1 /* health-00to19-40.png in Resources */ = {isa = PBXBuildFile; fileRef = 8A7CDB8118E79A640079F3F1 /* health-00to19-40.png */; };
		8A7CDC1218E79A640079F3F1 /* health-00to19-80.png in Resources */ = {isa = PBXBuildFile; fileRef = 8A7CDB8218E79A640079F3F1 /* health-00to19-80.png */; };
		8A7CDC1318E79A640079F3F1 /* health-20to39-40.png in Resources */ = {isa = PBXBuildFile; fileRef = 8A7CDB8318E79A640079F3F1 /* health-20to39-40.png */; };
		8A7CDC1418E79A640079F3F1 /* health-20to39-80.png in Resources */ = {isa = PBXBuildFile; fileRef = 8A7CDB8418E79A640079F3F1 /* health-20to39-80.png */; };
		8A7CDC1518E79A640079F3F1 /* health-40to59-40.png in Resources */ = {isa = PBXBuildFile; fileRef = 8A7CDB8518E79A640079F3F1 /* health-40to59-40.png */; };
		8A7CDC1618E79A640079F3F1 /* health-40to59-80.png in Resources */ = {isa = PBXBuildFile; fileRef = 8A7CDB8618E79A640079F3F1 /* health-40to59-80.png */; };
		8A7CDC1718E79A640079F3F1 /* health-60to79-40.png in Resources */ = {isa = PBXBuildFile; fileRef = 8A7CDB8718E79A640079F3F1 /* health-60to79-40.png */; };
		8A7CDC1818E79A640079F3F1 /* health-60to79-80.png in Resources */ = {isa = PBXBuildFile; fileRef = 8A7CDB8818E79A640079F3F1 /* health-60to79-80.png */; };
		8A7CDC1918E79A640079F3F1 /* health-80plus-40.png in Resources */ = {isa = PBXBuildFile; fileRef = 8A7CDB8918E79A640079F3F1 /* health-80plus-40.png */; };
		8A7CDC1A18E79A640079F3F1 /* health-80plus-80.png in Resources */ = {isa = PBXBuildFile; fileRef = 8A7CDB8A18E79A640079F3F1 /* health-80plus-80.png */; };
		8A7CDC1B18E79A640079F3F1 /* help-40.png in Resources */ = {isa = PBXBuildFile; fileRef = 8A7CDB8B18E79A640079F3F1 /* help-40.png */; };
		8A7CDC1C18E79A640079F3F1 /* help-80.png in Resources */ = {isa = PBXBuildFile; fileRef = 8A7CDB8C18E79A640079F3F1 /* help-80.png */; };
		8A7CDC1D18E79A640079F3F1 /* hourglass-40.png in Resources */ = {isa = PBXBuildFile; fileRef = 8A7CDB8D18E79A640079F3F1 /* hourglass-40.png */; };
		8A7CDC1E18E79A640079F3F1 /* hourglass-80.png in Resources */ = {isa = PBXBuildFile; fileRef = 8A7CDB8E18E79A640079F3F1 /* hourglass-80.png */; };
		8A7CDC1F18E79A640079F3F1 /* installer-40.png in Resources */ = {isa = PBXBuildFile; fileRef = 8A7CDB8F18E79A640079F3F1 /* installer-40.png */; };
		8A7CDC2018E79A640079F3F1 /* installer-80.png in Resources */ = {isa = PBXBuildFile; fileRef = 8A7CDB9018E79A640079F3F1 /* installer-80.png */; };
		8A7CDC2118E79A640079F3F1 /* keys-40.png in Resources */ = {isa = PBXBuildFile; fileRef = 8A7CDB9118E79A640079F3F1 /* keys-40.png */; };
		8A7CDC2218E79A640079F3F1 /* keys-80.png in Resources */ = {isa = PBXBuildFile; fileRef = 8A7CDB9218E79A640079F3F1 /* keys-80.png */; };
		8A7CDC2318E79A640079F3F1 /* lock-40.png in Resources */ = {isa = PBXBuildFile; fileRef = 8A7CDB9318E79A640079F3F1 /* lock-40.png */; };
		8A7CDC2418E79A640079F3F1 /* lock-80.png in Resources */ = {isa = PBXBuildFile; fileRef = 8A7CDB9418E79A640079F3F1 /* lock-80.png */; };
		8A7CDC2518E79A640079F3F1 /* logo-40.png in Resources */ = {isa = PBXBuildFile; fileRef = 8A7CDB9518E79A640079F3F1 /* logo-40.png */; };
		8A7CDC2618E79A640079F3F1 /* logo-80.png in Resources */ = {isa = PBXBuildFile; fileRef = 8A7CDB9618E79A640079F3F1 /* logo-80.png */; };
		8A7CDC2718E79A640079F3F1 /* monitor-40.png in Resources */ = {isa = PBXBuildFile; fileRef = 8A7CDB9718E79A640079F3F1 /* monitor-40.png */; };
		8A7CDC2818E79A640079F3F1 /* monitor-80.png in Resources */ = {isa = PBXBuildFile; fileRef = 8A7CDB9818E79A640079F3F1 /* monitor-80.png */; };
		8A7CDC2918E79A640079F3F1 /* network-40.png in Resources */ = {isa = PBXBuildFile; fileRef = 8A7CDB9918E79A640079F3F1 /* network-40.png */; };
		8A7CDC2A18E79A640079F3F1 /* network-80.png in Resources */ = {isa = PBXBuildFile; fileRef = 8A7CDB9A18E79A640079F3F1 /* network-80.png */; };
		8A7CDC2B18E79A640079F3F1 /* new-computer-40.png in Resources */ = {isa = PBXBuildFile; fileRef = 8A7CDB9B18E79A640079F3F1 /* new-computer-40.png */; };
		8A7CDC2C18E79A640079F3F1 /* new-computer-80.png in Resources */ = {isa = PBXBuildFile; fileRef = 8A7CDB9C18E79A640079F3F1 /* new-computer-80.png */; };
		8A7CDC2D18E79A640079F3F1 /* new-document-40.png in Resources */ = {isa = PBXBuildFile; fileRef = 8A7CDB9D18E79A640079F3F1 /* new-document-40.png */; };
		8A7CDC2E18E79A640079F3F1 /* new-document-80.png in Resources */ = {isa = PBXBuildFile; fileRef = 8A7CDB9E18E79A640079F3F1 /* new-document-80.png */; };
		8A7CDC2F18E79A640079F3F1 /* new-package-40.png in Resources */ = {isa = PBXBuildFile; fileRef = 8A7CDB9F18E79A640079F3F1 /* new-package-40.png */; };
		8A7CDC3018E79A640079F3F1 /* new-package-80.png in Resources */ = {isa = PBXBuildFile; fileRef = 8A7CDBA018E79A640079F3F1 /* new-package-80.png */; };
		8A7CDC3118E79A640079F3F1 /* new-user-40.png in Resources */ = {isa = PBXBuildFile; fileRef = 8A7CDBA118E79A640079F3F1 /* new-user-40.png */; };
		8A7CDC3218E79A640079F3F1 /* new-user-80.png in Resources */ = {isa = PBXBuildFile; fileRef = 8A7CDBA218E79A640079F3F1 /* new-user-80.png */; };
		8A7CDC3318E79A640079F3F1 /* next-40.png in Resources */ = {isa = PBXBuildFile; fileRef = 8A7CDBA318E79A640079F3F1 /* next-40.png */; };
		8A7CDC3418E79A640079F3F1 /* next-80.png in Resources */ = {isa = PBXBuildFile; fileRef = 8A7CDBA418E79A640079F3F1 /* next-80.png */; };
		8A7CDC3518E79A640079F3F1 /* notepad-40.png in Resources */ = {isa = PBXBuildFile; fileRef = 8A7CDBA518E79A640079F3F1 /* notepad-40.png */; };
		8A7CDC3618E79A640079F3F1 /* notepad-80.png in Resources */ = {isa = PBXBuildFile; fileRef = 8A7CDBA618E79A640079F3F1 /* notepad-80.png */; };
		8A7CDC3718E79A640079F3F1 /* nothing-40.png in Resources */ = {isa = PBXBuildFile; fileRef = 8A7CDBA718E79A640079F3F1 /* nothing-40.png */; };
		8A7CDC3818E79A640079F3F1 /* nothing-80.png in Resources */ = {isa = PBXBuildFile; fileRef = 8A7CDBA818E79A640079F3F1 /* nothing-80.png */; };
		8A7CDC3918E79A640079F3F1 /* orange-square-40.png in Resources */ = {isa = PBXBuildFile; fileRef = 8A7CDBA918E79A640079F3F1 /* orange-square-40.png */; };
		8A7CDC3A18E79A640079F3F1 /* orange-square-80.png in Resources */ = {isa = PBXBuildFile; fileRef = 8A7CDBAA18E79A640079F3F1 /* orange-square-80.png */; };
		8A7CDC3B18E79A640079F3F1 /* package-40.png in Resources */ = {isa = PBXBuildFile; fileRef = 8A7CDBAB18E79A640079F3F1 /* package-40.png */; };
		8A7CDC3C18E79A640079F3F1 /* package-80.png in Resources */ = {isa = PBXBuildFile; fileRef = 8A7CDBAC18E79A640079F3F1 /* package-80.png */; };
		8A7CDC3D18E79A640079F3F1 /* person-40.png in Resources */ = {isa = PBXBuildFile; fileRef = 8A7CDBAD18E79A640079F3F1 /* person-40.png */; };
		8A7CDC3E18E79A640079F3F1 /* person-80.png in Resources */ = {isa = PBXBuildFile; fileRef = 8A7CDBAE18E79A640079F3F1 /* person-80.png */; };
		8A7CDC3F18E79A640079F3F1 /* plugin-40.png in Resources */ = {isa = PBXBuildFile; fileRef = 8A7CDBAF18E79A640079F3F1 /* plugin-40.png */; };
		8A7CDC4018E79A640079F3F1 /* plugin-80.png in Resources */ = {isa = PBXBuildFile; fileRef = 8A7CDBB018E79A640079F3F1 /* plugin-80.png */; };
		8A7CDC4118E79A640079F3F1 /* previous-40.png in Resources */ = {isa = PBXBuildFile; fileRef = 8A7CDBB118E79A640079F3F1 /* previous-40.png */; };
		8A7CDC4218E79A640079F3F1 /* previous-80.png in Resources */ = {isa = PBXBuildFile; fileRef = 8A7CDBB218E79A640079F3F1 /* previous-80.png */; };
		8A7CDC4318E79A640079F3F1 /* red-40.png in Resources */ = {isa = PBXBuildFile; fileRef = 8A7CDBB318E79A640079F3F1 /* red-40.png */; };
		8A7CDC4418E79A640079F3F1 /* red-80.png in Resources */ = {isa = PBXBuildFile; fileRef = 8A7CDBB418E79A640079F3F1 /* red-80.png */; };
		8A7CDC4518E79A640079F3F1 /* redo-40.png in Resources */ = {isa = PBXBuildFile; fileRef = 8A7CDBB518E79A640079F3F1 /* redo-40.png */; };
		8A7CDC4618E79A640079F3F1 /* redo-80.png in Resources */ = {isa = PBXBuildFile; fileRef = 8A7CDBB618E79A640079F3F1 /* redo-80.png */; };
		8A7CDC4718E79A640079F3F1 /* refresh-40.png in Resources */ = {isa = PBXBuildFile; fileRef = 8A7CDBB718E79A640079F3F1 /* refresh-40.png */; };
		8A7CDC4818E79A640079F3F1 /* refresh-80.png in Resources */ = {isa = PBXBuildFile; fileRef = 8A7CDBB818E79A640079F3F1 /* refresh-80.png */; };
		8A7CDC4918E79A640079F3F1 /* save-40.png in Resources */ = {isa = PBXBuildFile; fileRef = 8A7CDBB918E79A640079F3F1 /* save-40.png */; };
		8A7CDC4A18E79A640079F3F1 /* save-80.png in Resources */ = {isa = PBXBuildFile; fileRef = 8A7CDBBA18E79A640079F3F1 /* save-80.png */; };
		8A7CDC4B18E79A640079F3F1 /* save-new-40.png in Resources */ = {isa = PBXBuildFile; fileRef = 8A7CDBBB18E79A640079F3F1 /* save-new-40.png */; };
		8A7CDC4C18E79A640079F3F1 /* save-new-80.png in Resources */ = {isa = PBXBuildFile; fileRef = 8A7CDBBC18E79A640079F3F1 /* save-new-80.png */; };
		8A7CDC4D18E79A640079F3F1 /* search-40.png in Resources */ = {isa = PBXBuildFile; fileRef = 8A7CDBBD18E79A640079F3F1 /* search-40.png */; };
		8A7CDC4E18E79A640079F3F1 /* search-80.png in Resources */ = {isa = PBXBuildFile; fileRef = 8A7CDBBE18E79A640079F3F1 /* search-80.png */; };
		8A7CDC4F18E79A640079F3F1 /* secure-40.png in Resources */ = {isa = PBXBuildFile; fileRef = 8A7CDBBF18E79A640079F3F1 /* secure-40.png */; };
		8A7CDC5018E79A640079F3F1 /* secure-80.png in Resources */ = {isa = PBXBuildFile; fileRef = 8A7CDBC018E79A640079F3F1 /* secure-80.png */; };
		8A7CDC5118E79A640079F3F1 /* setting-40.png in Resources */ = {isa = PBXBuildFile; fileRef = 8A7CDBC118E79A640079F3F1 /* setting-40.png */; };
		8A7CDC5218E79A640079F3F1 /* setting-80.png in Resources */ = {isa = PBXBuildFile; fileRef = 8A7CDBC218E79A640079F3F1 /* setting-80.png */; };
		8A7CDC5318E79A640079F3F1 /* shield-40.png in Resources */ = {isa = PBXBuildFile; fileRef = 8A7CDBC318E79A640079F3F1 /* shield-40.png */; };
		8A7CDC5418E79A640079F3F1 /* shield-80.png in Resources */ = {isa = PBXBuildFile; fileRef = 8A7CDBC418E79A640079F3F1 /* shield-80.png */; };
		8A7CDC5518E79A640079F3F1 /* star-40.png in Resources */ = {isa = PBXBuildFile; fileRef = 8A7CDBC518E79A640079F3F1 /* star-40.png */; };
		8A7CDC5618E79A640079F3F1 /* star-80.png in Resources */ = {isa = PBXBuildFile; fileRef = 8A7CDBC618E79A640079F3F1 /* star-80.png */; };
		8A7CDC5718E79A640079F3F1 /* star-gold-40.png in Resources */ = {isa = PBXBuildFile; fileRef = 8A7CDBC718E79A640079F3F1 /* star-gold-40.png */; };
		8A7CDC5818E79A640079F3F1 /* star-gold-80.png in Resources */ = {isa = PBXBuildFile; fileRef = 8A7CDBC818E79A640079F3F1 /* star-gold-80.png */; };
		8A7CDC5918E79A640079F3F1 /* star-large-40.png in Resources */ = {isa = PBXBuildFile; fileRef = 8A7CDBC918E79A640079F3F1 /* star-large-40.png */; };
		8A7CDC5A18E79A640079F3F1 /* star-large-80.png in Resources */ = {isa = PBXBuildFile; fileRef = 8A7CDBCA18E79A640079F3F1 /* star-large-80.png */; };
		8A7CDC5B18E79A640079F3F1 /* star-large-gold-40.png in Resources */ = {isa = PBXBuildFile; fileRef = 8A7CDBCB18E79A640079F3F1 /* star-large-gold-40.png */; };
		8A7CDC5C18E79A640079F3F1 /* star-large-gold-80.png in Resources */ = {isa = PBXBuildFile; fileRef = 8A7CDBCC18E79A640079F3F1 /* star-large-gold-80.png */; };
		8A7CDC5D18E79A640079F3F1 /* stop-40.png in Resources */ = {isa = PBXBuildFile; fileRef = 8A7CDBCD18E79A640079F3F1 /* stop-40.png */; };
		8A7CDC5E18E79A640079F3F1 /* stop-80.png in Resources */ = {isa = PBXBuildFile; fileRef = 8A7CDBCE18E79A640079F3F1 /* stop-80.png */; };
		8A7CDC5F18E79A640079F3F1 /* system-log-out-40.png in Resources */ = {isa = PBXBuildFile; fileRef = 8A7CDBCF18E79A640079F3F1 /* system-log-out-40.png */; };
		8A7CDC6018E79A640079F3F1 /* system-log-out-80.png in Resources */ = {isa = PBXBuildFile; fileRef = 8A7CDBD018E79A640079F3F1 /* system-log-out-80.png */; };
		8A7CDC6118E79A640079F3F1 /* terminal-40.png in Resources */ = {isa = PBXBuildFile; fileRef = 8A7CDBD118E79A640079F3F1 /* terminal-40.png */; };
		8A7CDC6218E79A640079F3F1 /* terminal-80.png in Resources */ = {isa = PBXBuildFile; fileRef = 8A7CDBD218E79A640079F3F1 /* terminal-80.png */; };
		8A7CDC6318E79A640079F3F1 /* undo-40.png in Resources */ = {isa = PBXBuildFile; fileRef = 8A7CDBD318E79A640079F3F1 /* undo-40.png */; };
		8A7CDC6418E79A640079F3F1 /* undo-80.png in Resources */ = {isa = PBXBuildFile; fileRef = 8A7CDBD418E79A640079F3F1 /* undo-80.png */; };
		8A7CDC6518E79A640079F3F1 /* up-40.png in Resources */ = {isa = PBXBuildFile; fileRef = 8A7CDBD518E79A640079F3F1 /* up-40.png */; };
		8A7CDC6618E79A640079F3F1 /* up-80.png in Resources */ = {isa = PBXBuildFile; fileRef = 8A7CDBD618E79A640079F3F1 /* up-80.png */; };
		8A7CDC6718E79A640079F3F1 /* user-40.png in Resources */ = {isa = PBXBuildFile; fileRef = 8A7CDBD718E79A640079F3F1 /* user-40.png */; };
		8A7CDC6818E79A640079F3F1 /* user-80.png in Resources */ = {isa = PBXBuildFile; fileRef = 8A7CDBD818E79A640079F3F1 /* user-80.png */; };
		8A7CDC6918E79A640079F3F1 /* video-40.png in Resources */ = {isa = PBXBuildFile; fileRef = 8A7CDBD918E79A640079F3F1 /* video-40.png */; };
		8A7CDC6A18E79A640079F3F1 /* video-80.png in Resources */ = {isa = PBXBuildFile; fileRef = 8A7CDBDA18E79A640079F3F1 /* video-80.png */; };
		8A7CDC6B18E79A640079F3F1 /* warning-40.png in Resources */ = {isa = PBXBuildFile; fileRef = 8A7CDBDB18E79A640079F3F1 /* warning-40.png */; };
		8A7CDC6C18E79A640079F3F1 /* warning-80.png in Resources */ = {isa = PBXBuildFile; fileRef = 8A7CDBDC18E79A640079F3F1 /* warning-80.png */; };
		8A7CDC6D18E79A640079F3F1 /* yellow-40.png in Resources */ = {isa = PBXBuildFile; fileRef = 8A7CDBDD18E79A640079F3F1 /* yellow-40.png */; };
		8A7CDC6E18E79A640079F3F1 /* yellow-80.png in Resources */ = {isa = PBXBuildFile; fileRef = 8A7CDBDE18E79A640079F3F1 /* yellow-80.png */; };
		8AC329ED18E4F3A90002D106 /* Foundation.framework in Frameworks */ = {isa = PBXBuildFile; fileRef = 8AC329EC18E4F3A90002D106 /* Foundation.framework */; };
		8AC329EF18E4F3A90002D106 /* CoreGraphics.framework in Frameworks */ = {isa = PBXBuildFile; fileRef = 8AC329EE18E4F3A90002D106 /* CoreGraphics.framework */; };
		8AC329F118E4F3A90002D106 /* UIKit.framework in Frameworks */ = {isa = PBXBuildFile; fileRef = 8AC329F018E4F3A90002D106 /* UIKit.framework */; };
		8AC329F318E4F3A90002D106 /* CoreData.framework in Frameworks */ = {isa = PBXBuildFile; fileRef = 8AC329F218E4F3A90002D106 /* CoreData.framework */; };
		8AC329F918E4F3A90002D106 /* InfoPlist.strings in Resources */ = {isa = PBXBuildFile; fileRef = 8AC329F718E4F3A90002D106 /* InfoPlist.strings */; };
		8AC329FB18E4F3A90002D106 /* main.m in Sources */ = {isa = PBXBuildFile; fileRef = 8AC329FA18E4F3A90002D106 /* main.m */; };
		8AC329FF18E4F3A90002D106 /* KDBAppDelegate.m in Sources */ = {isa = PBXBuildFile; fileRef = 8AC329FE18E4F3A90002D106 /* KDBAppDelegate.m */; };
		8AC32A0218E4F3A90002D106 /* Main_iPhone.storyboard in Resources */ = {isa = PBXBuildFile; fileRef = 8AC32A0018E4F3A90002D106 /* Main_iPhone.storyboard */; };
		8AC32A0518E4F3A90002D106 /* Main_iPad.storyboard in Resources */ = {isa = PBXBuildFile; fileRef = 8AC32A0318E4F3A90002D106 /* Main_iPad.storyboard */; };
		8AC32A0818E4F3A90002D106 /* JenkinsMobile.xcdatamodeld in Sources */ = {isa = PBXBuildFile; fileRef = 8AC32A0618E4F3A90002D106 /* JenkinsMobile.xcdatamodeld */; };
		8AC32A0B18E4F3A90002D106 /* KDBMasterViewController.m in Sources */ = {isa = PBXBuildFile; fileRef = 8AC32A0A18E4F3A90002D106 /* KDBMasterViewController.m */; };
		8AC32A0E18E4F3A90002D106 /* KDBDetailViewController.m in Sources */ = {isa = PBXBuildFile; fileRef = 8AC32A0D18E4F3A90002D106 /* KDBDetailViewController.m */; };
		8AC32A1018E4F3A90002D106 /* Images.xcassets in Resources */ = {isa = PBXBuildFile; fileRef = 8AC32A0F18E4F3A90002D106 /* Images.xcassets */; };
		8AC32A1718E4F3A90002D106 /* XCTest.framework in Frameworks */ = {isa = PBXBuildFile; fileRef = 8AC32A1618E4F3A90002D106 /* XCTest.framework */; };
		8AC32A1818E4F3A90002D106 /* Foundation.framework in Frameworks */ = {isa = PBXBuildFile; fileRef = 8AC329EC18E4F3A90002D106 /* Foundation.framework */; };
		8AC32A1918E4F3A90002D106 /* UIKit.framework in Frameworks */ = {isa = PBXBuildFile; fileRef = 8AC329F018E4F3A90002D106 /* UIKit.framework */; };
		8AC32A1A18E4F3A90002D106 /* CoreData.framework in Frameworks */ = {isa = PBXBuildFile; fileRef = 8AC329F218E4F3A90002D106 /* CoreData.framework */; };
		8AC32A2218E4F3A90002D106 /* InfoPlist.strings in Resources */ = {isa = PBXBuildFile; fileRef = 8AC32A2018E4F3A90002D106 /* InfoPlist.strings */; };
		8AC32A2418E4F3A90002D106 /* JenkinsMobileTests.m in Sources */ = {isa = PBXBuildFile; fileRef = 8AC32A2318E4F3A90002D106 /* JenkinsMobileTests.m */; };
		8AC32A4118E4FB6F0002D106 /* AFHTTPRequestOperation.m in Sources */ = {isa = PBXBuildFile; fileRef = 8AC32A2F18E4FB6F0002D106 /* AFHTTPRequestOperation.m */; };
		8AC32A4218E4FB6F0002D106 /* AFHTTPRequestOperationManager.m in Sources */ = {isa = PBXBuildFile; fileRef = 8AC32A3118E4FB6F0002D106 /* AFHTTPRequestOperationManager.m */; };
		8AC32A4318E4FB6F0002D106 /* AFHTTPSessionManager.m in Sources */ = {isa = PBXBuildFile; fileRef = 8AC32A3318E4FB6F0002D106 /* AFHTTPSessionManager.m */; };
		8AC32A4418E4FB6F0002D106 /* AFNetworkReachabilityManager.m in Sources */ = {isa = PBXBuildFile; fileRef = 8AC32A3618E4FB6F0002D106 /* AFNetworkReachabilityManager.m */; };
		8AC32A4518E4FB6F0002D106 /* AFSecurityPolicy.m in Sources */ = {isa = PBXBuildFile; fileRef = 8AC32A3818E4FB6F0002D106 /* AFSecurityPolicy.m */; };
		8AC32A4618E4FB6F0002D106 /* AFURLConnectionOperation.m in Sources */ = {isa = PBXBuildFile; fileRef = 8AC32A3A18E4FB6F0002D106 /* AFURLConnectionOperation.m */; };
		8AC32A4718E4FB6F0002D106 /* AFURLRequestSerialization.m in Sources */ = {isa = PBXBuildFile; fileRef = 8AC32A3C18E4FB6F0002D106 /* AFURLRequestSerialization.m */; };
		8AC32A4818E4FB6F0002D106 /* AFURLResponseSerialization.m in Sources */ = {isa = PBXBuildFile; fileRef = 8AC32A3E18E4FB6F0002D106 /* AFURLResponseSerialization.m */; };
		8AC32A4918E4FB6F0002D106 /* AFURLSessionManager.m in Sources */ = {isa = PBXBuildFile; fileRef = 8AC32A4018E4FB6F0002D106 /* AFURLSessionManager.m */; };
/* End PBXBuildFile section */

/* Begin PBXContainerItemProxy section */
		8AC32A1B18E4F3A90002D106 /* PBXContainerItemProxy */ = {
			isa = PBXContainerItemProxy;
			containerPortal = 8AC329E118E4F3A90002D106 /* Project object */;
			proxyType = 1;
			remoteGlobalIDString = 8AC329E818E4F3A90002D106;
			remoteInfo = JenkinsMobile;
		};
/* End PBXContainerItemProxy section */

/* Begin PBXFileReference section */
		8A7CDAD518E722940079F3F1 /* KDBViewPickerViewController.h */ = {isa = PBXFileReference; fileEncoding = 4; lastKnownFileType = sourcecode.c.h; path = KDBViewPickerViewController.h; sourceTree = "<group>"; };
		8A7CDAD618E722940079F3F1 /* KDBViewPickerViewController.m */ = {isa = PBXFileReference; fileEncoding = 4; lastKnownFileType = sourcecode.c.objc; path = KDBViewPickerViewController.m; sourceTree = "<group>"; };
		8A7CDB4F18E79A630079F3F1 /* accept-24x24-40.png */ = {isa = PBXFileReference; lastKnownFileType = image.png; path = "accept-24x24-40.png"; sourceTree = "<group>"; };
		8A7CDB5018E79A630079F3F1 /* accept-24x24-80.png */ = {isa = PBXFileReference; lastKnownFileType = image.png; path = "accept-24x24-80.png"; sourceTree = "<group>"; };
		8A7CDB5118E79A630079F3F1 /* accept-40.png */ = {isa = PBXFileReference; lastKnownFileType = image.png; path = "accept-40.png"; sourceTree = "<group>"; };
		8A7CDB5218E79A630079F3F1 /* accept-80.png */ = {isa = PBXFileReference; lastKnownFileType = image.png; path = "accept-80.png"; sourceTree = "<group>"; };
		8A7CDB5318E79A630079F3F1 /* application-certificate-40.png */ = {isa = PBXFileReference; lastKnownFileType = image.png; path = "application-certificate-40.png"; sourceTree = "<group>"; };
		8A7CDB5418E79A630079F3F1 /* application-certificate-80.png */ = {isa = PBXFileReference; lastKnownFileType = image.png; path = "application-certificate-80.png"; sourceTree = "<group>"; };
		8A7CDB5518E79A640079F3F1 /* blue-40.png */ = {isa = PBXFileReference; lastKnownFileType = image.png; path = "blue-40.png"; sourceTree = "<group>"; };
		8A7CDB5618E79A640079F3F1 /* blue-80.png */ = {isa = PBXFileReference; lastKnownFileType = image.png; path = "blue-80.png"; sourceTree = "<group>"; };
		8A7CDB5718E79A640079F3F1 /* bookmark-new-40.png */ = {isa = PBXFileReference; lastKnownFileType = image.png; path = "bookmark-new-40.png"; sourceTree = "<group>"; };
		8A7CDB5818E79A640079F3F1 /* bookmark-new-80.png */ = {isa = PBXFileReference; lastKnownFileType = image.png; path = "bookmark-new-80.png"; sourceTree = "<group>"; };
		8A7CDB5918E79A640079F3F1 /* certificate-40.png */ = {isa = PBXFileReference; lastKnownFileType = image.png; path = "certificate-40.png"; sourceTree = "<group>"; };
		8A7CDB5A18E79A640079F3F1 /* certificate-80.png */ = {isa = PBXFileReference; lastKnownFileType = image.png; path = "certificate-80.png"; sourceTree = "<group>"; };
		8A7CDB5B18E79A640079F3F1 /* clipboard-40.png */ = {isa = PBXFileReference; lastKnownFileType = image.png; path = "clipboard-40.png"; sourceTree = "<group>"; };
		8A7CDB5C18E79A640079F3F1 /* clipboard-80.png */ = {isa = PBXFileReference; lastKnownFileType = image.png; path = "clipboard-80.png"; sourceTree = "<group>"; };
		8A7CDB5D18E79A640079F3F1 /* clock-40.png */ = {isa = PBXFileReference; lastKnownFileType = image.png; path = "clock-40.png"; sourceTree = "<group>"; };
		8A7CDB5E18E79A640079F3F1 /* clock-80.png */ = {isa = PBXFileReference; lastKnownFileType = image.png; path = "clock-80.png"; sourceTree = "<group>"; };
		8A7CDB5F18E79A640079F3F1 /* computer-40.png */ = {isa = PBXFileReference; lastKnownFileType = image.png; path = "computer-40.png"; sourceTree = "<group>"; };
		8A7CDB6018E79A640079F3F1 /* computer-80.png */ = {isa = PBXFileReference; lastKnownFileType = image.png; path = "computer-80.png"; sourceTree = "<group>"; };
		8A7CDB6118E79A640079F3F1 /* computer-x-40.png */ = {isa = PBXFileReference; lastKnownFileType = image.png; path = "computer-x-40.png"; sourceTree = "<group>"; };
		8A7CDB6218E79A640079F3F1 /* computer-x-80.png */ = {isa = PBXFileReference; lastKnownFileType = image.png; path = "computer-x-80.png"; sourceTree = "<group>"; };
		8A7CDB6318E79A640079F3F1 /* delete-document-40.png */ = {isa = PBXFileReference; lastKnownFileType = image.png; path = "delete-document-40.png"; sourceTree = "<group>"; };
		8A7CDB6418E79A640079F3F1 /* delete-document-80.png */ = {isa = PBXFileReference; lastKnownFileType = image.png; path = "delete-document-80.png"; sourceTree = "<group>"; };
		8A7CDB6518E79A640079F3F1 /* document-40.png */ = {isa = PBXFileReference; lastKnownFileType = image.png; path = "document-40.png"; sourceTree = "<group>"; };
		8A7CDB6618E79A640079F3F1 /* document-80.png */ = {isa = PBXFileReference; lastKnownFileType = image.png; path = "document-80.png"; sourceTree = "<group>"; };
		8A7CDB6718E79A640079F3F1 /* edit-delete-40.png */ = {isa = PBXFileReference; lastKnownFileType = image.png; path = "edit-delete-40.png"; sourceTree = "<group>"; };
		8A7CDB6818E79A640079F3F1 /* edit-delete-80.png */ = {isa = PBXFileReference; lastKnownFileType = image.png; path = "edit-delete-80.png"; sourceTree = "<group>"; };
		8A7CDB6918E79A640079F3F1 /* emblem-urgent-40.png */ = {isa = PBXFileReference; lastKnownFileType = image.png; path = "emblem-urgent-40.png"; sourceTree = "<group>"; };
		8A7CDB6A18E79A640079F3F1 /* emblem-urgent-80.png */ = {isa = PBXFileReference; lastKnownFileType = image.png; path = "emblem-urgent-80.png"; sourceTree = "<group>"; };
		8A7CDB6B18E79A640079F3F1 /* error-40.png */ = {isa = PBXFileReference; lastKnownFileType = image.png; path = "error-40.png"; sourceTree = "<group>"; };
		8A7CDB6C18E79A640079F3F1 /* error-80.png */ = {isa = PBXFileReference; lastKnownFileType = image.png; path = "error-80.png"; sourceTree = "<group>"; };
		8A7CDB6D18E79A640079F3F1 /* fingerprint-40.png */ = {isa = PBXFileReference; lastKnownFileType = image.png; path = "fingerprint-40.png"; sourceTree = "<group>"; };
		8A7CDB6E18E79A640079F3F1 /* fingerprint-80.png */ = {isa = PBXFileReference; lastKnownFileType = image.png; path = "fingerprint-80.png"; sourceTree = "<group>"; };
		8A7CDB6F18E79A640079F3F1 /* folder-40.png */ = {isa = PBXFileReference; lastKnownFileType = image.png; path = "folder-40.png"; sourceTree = "<group>"; };
		8A7CDB7018E79A640079F3F1 /* folder-80.png */ = {isa = PBXFileReference; lastKnownFileType = image.png; path = "folder-80.png"; sourceTree = "<group>"; };
		8A7CDB7118E79A640079F3F1 /* folder-delete-40.png */ = {isa = PBXFileReference; lastKnownFileType = image.png; path = "folder-delete-40.png"; sourceTree = "<group>"; };
		8A7CDB7218E79A640079F3F1 /* folder-delete-80.png */ = {isa = PBXFileReference; lastKnownFileType = image.png; path = "folder-delete-80.png"; sourceTree = "<group>"; };
		8A7CDB7318E79A640079F3F1 /* gear-40.png */ = {isa = PBXFileReference; lastKnownFileType = image.png; path = "gear-40.png"; sourceTree = "<group>"; };
		8A7CDB7418E79A640079F3F1 /* gear-80.png */ = {isa = PBXFileReference; lastKnownFileType = image.png; path = "gear-80.png"; sourceTree = "<group>"; };
		8A7CDB7518E79A640079F3F1 /* gear2-40.png */ = {isa = PBXFileReference; lastKnownFileType = image.png; path = "gear2-40.png"; sourceTree = "<group>"; };
		8A7CDB7618E79A640079F3F1 /* gear2-80.png */ = {isa = PBXFileReference; lastKnownFileType = image.png; path = "gear2-80.png"; sourceTree = "<group>"; };
		8A7CDB7718E79A640079F3F1 /* graph-40.png */ = {isa = PBXFileReference; lastKnownFileType = image.png; path = "graph-40.png"; sourceTree = "<group>"; };
		8A7CDB7818E79A640079F3F1 /* graph-80.png */ = {isa = PBXFileReference; lastKnownFileType = image.png; path = "graph-80.png"; sourceTree = "<group>"; };
		8A7CDB7918E79A640079F3F1 /* green-40.png */ = {isa = PBXFileReference; lastKnownFileType = image.png; path = "green-40.png"; sourceTree = "<group>"; };
		8A7CDB7A18E79A640079F3F1 /* green-80.png */ = {isa = PBXFileReference; lastKnownFileType = image.png; path = "green-80.png"; sourceTree = "<group>"; };
		8A7CDB7B18E79A640079F3F1 /* grey-40.png */ = {isa = PBXFileReference; lastKnownFileType = image.png; path = "grey-40.png"; sourceTree = "<group>"; };
		8A7CDB7C18E79A640079F3F1 /* grey-80.png */ = {isa = PBXFileReference; lastKnownFileType = image.png; path = "grey-80.png"; sourceTree = "<group>"; };
		8A7CDB7D18E79A640079F3F1 /* headless-40.png */ = {isa = PBXFileReference; lastKnownFileType = image.png; path = "headless-40.png"; sourceTree = "<group>"; };
		8A7CDB7E18E79A640079F3F1 /* headless-80.png */ = {isa = PBXFileReference; lastKnownFileType = image.png; path = "headless-80.png"; sourceTree = "<group>"; };
		8A7CDB7F18E79A640079F3F1 /* headshot-40.png */ = {isa = PBXFileReference; lastKnownFileType = image.png; path = "headshot-40.png"; sourceTree = "<group>"; };
		8A7CDB8018E79A640079F3F1 /* headshot-80.png */ = {isa = PBXFileReference; lastKnownFileType = image.png; path = "headshot-80.png"; sourceTree = "<group>"; };
		8A7CDB8118E79A640079F3F1 /* health-00to19-40.png */ = {isa = PBXFileReference; lastKnownFileType = image.png; path = "health-00to19-40.png"; sourceTree = "<group>"; };
		8A7CDB8218E79A640079F3F1 /* health-00to19-80.png */ = {isa = PBXFileReference; lastKnownFileType = image.png; path = "health-00to19-80.png"; sourceTree = "<group>"; };
		8A7CDB8318E79A640079F3F1 /* health-20to39-40.png */ = {isa = PBXFileReference; lastKnownFileType = image.png; path = "health-20to39-40.png"; sourceTree = "<group>"; };
		8A7CDB8418E79A640079F3F1 /* health-20to39-80.png */ = {isa = PBXFileReference; lastKnownFileType = image.png; path = "health-20to39-80.png"; sourceTree = "<group>"; };
		8A7CDB8518E79A640079F3F1 /* health-40to59-40.png */ = {isa = PBXFileReference; lastKnownFileType = image.png; path = "health-40to59-40.png"; sourceTree = "<group>"; };
		8A7CDB8618E79A640079F3F1 /* health-40to59-80.png */ = {isa = PBXFileReference; lastKnownFileType = image.png; path = "health-40to59-80.png"; sourceTree = "<group>"; };
		8A7CDB8718E79A640079F3F1 /* health-60to79-40.png */ = {isa = PBXFileReference; lastKnownFileType = image.png; path = "health-60to79-40.png"; sourceTree = "<group>"; };
		8A7CDB8818E79A640079F3F1 /* health-60to79-80.png */ = {isa = PBXFileReference; lastKnownFileType = image.png; path = "health-60to79-80.png"; sourceTree = "<group>"; };
		8A7CDB8918E79A640079F3F1 /* health-80plus-40.png */ = {isa = PBXFileReference; lastKnownFileType = image.png; path = "health-80plus-40.png"; sourceTree = "<group>"; };
		8A7CDB8A18E79A640079F3F1 /* health-80plus-80.png */ = {isa = PBXFileReference; lastKnownFileType = image.png; path = "health-80plus-80.png"; sourceTree = "<group>"; };
		8A7CDB8B18E79A640079F3F1 /* help-40.png */ = {isa = PBXFileReference; lastKnownFileType = image.png; path = "help-40.png"; sourceTree = "<group>"; };
		8A7CDB8C18E79A640079F3F1 /* help-80.png */ = {isa = PBXFileReference; lastKnownFileType = image.png; path = "help-80.png"; sourceTree = "<group>"; };
		8A7CDB8D18E79A640079F3F1 /* hourglass-40.png */ = {isa = PBXFileReference; lastKnownFileType = image.png; path = "hourglass-40.png"; sourceTree = "<group>"; };
		8A7CDB8E18E79A640079F3F1 /* hourglass-80.png */ = {isa = PBXFileReference; lastKnownFileType = image.png; path = "hourglass-80.png"; sourceTree = "<group>"; };
		8A7CDB8F18E79A640079F3F1 /* installer-40.png */ = {isa = PBXFileReference; lastKnownFileType = image.png; path = "installer-40.png"; sourceTree = "<group>"; };
		8A7CDB9018E79A640079F3F1 /* installer-80.png */ = {isa = PBXFileReference; lastKnownFileType = image.png; path = "installer-80.png"; sourceTree = "<group>"; };
		8A7CDB9118E79A640079F3F1 /* keys-40.png */ = {isa = PBXFileReference; lastKnownFileType = image.png; path = "keys-40.png"; sourceTree = "<group>"; };
		8A7CDB9218E79A640079F3F1 /* keys-80.png */ = {isa = PBXFileReference; lastKnownFileType = image.png; path = "keys-80.png"; sourceTree = "<group>"; };
		8A7CDB9318E79A640079F3F1 /* lock-40.png */ = {isa = PBXFileReference; lastKnownFileType = image.png; path = "lock-40.png"; sourceTree = "<group>"; };
		8A7CDB9418E79A640079F3F1 /* lock-80.png */ = {isa = PBXFileReference; lastKnownFileType = image.png; path = "lock-80.png"; sourceTree = "<group>"; };
		8A7CDB9518E79A640079F3F1 /* logo-40.png */ = {isa = PBXFileReference; lastKnownFileType = image.png; path = "logo-40.png"; sourceTree = "<group>"; };
		8A7CDB9618E79A640079F3F1 /* logo-80.png */ = {isa = PBXFileReference; lastKnownFileType = image.png; path = "logo-80.png"; sourceTree = "<group>"; };
		8A7CDB9718E79A640079F3F1 /* monitor-40.png */ = {isa = PBXFileReference; lastKnownFileType = image.png; path = "monitor-40.png"; sourceTree = "<group>"; };
		8A7CDB9818E79A640079F3F1 /* monitor-80.png */ = {isa = PBXFileReference; lastKnownFileType = image.png; path = "monitor-80.png"; sourceTree = "<group>"; };
		8A7CDB9918E79A640079F3F1 /* network-40.png */ = {isa = PBXFileReference; lastKnownFileType = image.png; path = "network-40.png"; sourceTree = "<group>"; };
		8A7CDB9A18E79A640079F3F1 /* network-80.png */ = {isa = PBXFileReference; lastKnownFileType = image.png; path = "network-80.png"; sourceTree = "<group>"; };
		8A7CDB9B18E79A640079F3F1 /* new-computer-40.png */ = {isa = PBXFileReference; lastKnownFileType = image.png; path = "new-computer-40.png"; sourceTree = "<group>"; };
		8A7CDB9C18E79A640079F3F1 /* new-computer-80.png */ = {isa = PBXFileReference; lastKnownFileType = image.png; path = "new-computer-80.png"; sourceTree = "<group>"; };
		8A7CDB9D18E79A640079F3F1 /* new-document-40.png */ = {isa = PBXFileReference; lastKnownFileType = image.png; path = "new-document-40.png"; sourceTree = "<group>"; };
		8A7CDB9E18E79A640079F3F1 /* new-document-80.png */ = {isa = PBXFileReference; lastKnownFileType = image.png; path = "new-document-80.png"; sourceTree = "<group>"; };
		8A7CDB9F18E79A640079F3F1 /* new-package-40.png */ = {isa = PBXFileReference; lastKnownFileType = image.png; path = "new-package-40.png"; sourceTree = "<group>"; };
		8A7CDBA018E79A640079F3F1 /* new-package-80.png */ = {isa = PBXFileReference; lastKnownFileType = image.png; path = "new-package-80.png"; sourceTree = "<group>"; };
		8A7CDBA118E79A640079F3F1 /* new-user-40.png */ = {isa = PBXFileReference; lastKnownFileType = image.png; path = "new-user-40.png"; sourceTree = "<group>"; };
		8A7CDBA218E79A640079F3F1 /* new-user-80.png */ = {isa = PBXFileReference; lastKnownFileType = image.png; path = "new-user-80.png"; sourceTree = "<group>"; };
		8A7CDBA318E79A640079F3F1 /* next-40.png */ = {isa = PBXFileReference; lastKnownFileType = image.png; path = "next-40.png"; sourceTree = "<group>"; };
		8A7CDBA418E79A640079F3F1 /* next-80.png */ = {isa = PBXFileReference; lastKnownFileType = image.png; path = "next-80.png"; sourceTree = "<group>"; };
		8A7CDBA518E79A640079F3F1 /* notepad-40.png */ = {isa = PBXFileReference; lastKnownFileType = image.png; path = "notepad-40.png"; sourceTree = "<group>"; };
		8A7CDBA618E79A640079F3F1 /* notepad-80.png */ = {isa = PBXFileReference; lastKnownFileType = image.png; path = "notepad-80.png"; sourceTree = "<group>"; };
		8A7CDBA718E79A640079F3F1 /* nothing-40.png */ = {isa = PBXFileReference; lastKnownFileType = image.png; path = "nothing-40.png"; sourceTree = "<group>"; };
		8A7CDBA818E79A640079F3F1 /* nothing-80.png */ = {isa = PBXFileReference; lastKnownFileType = image.png; path = "nothing-80.png"; sourceTree = "<group>"; };
		8A7CDBA918E79A640079F3F1 /* orange-square-40.png */ = {isa = PBXFileReference; lastKnownFileType = image.png; path = "orange-square-40.png"; sourceTree = "<group>"; };
		8A7CDBAA18E79A640079F3F1 /* orange-square-80.png */ = {isa = PBXFileReference; lastKnownFileType = image.png; path = "orange-square-80.png"; sourceTree = "<group>"; };
		8A7CDBAB18E79A640079F3F1 /* package-40.png */ = {isa = PBXFileReference; lastKnownFileType = image.png; path = "package-40.png"; sourceTree = "<group>"; };
		8A7CDBAC18E79A640079F3F1 /* package-80.png */ = {isa = PBXFileReference; lastKnownFileType = image.png; path = "package-80.png"; sourceTree = "<group>"; };
		8A7CDBAD18E79A640079F3F1 /* person-40.png */ = {isa = PBXFileReference; lastKnownFileType = image.png; path = "person-40.png"; sourceTree = "<group>"; };
		8A7CDBAE18E79A640079F3F1 /* person-80.png */ = {isa = PBXFileReference; lastKnownFileType = image.png; path = "person-80.png"; sourceTree = "<group>"; };
		8A7CDBAF18E79A640079F3F1 /* plugin-40.png */ = {isa = PBXFileReference; lastKnownFileType = image.png; path = "plugin-40.png"; sourceTree = "<group>"; };
		8A7CDBB018E79A640079F3F1 /* plugin-80.png */ = {isa = PBXFileReference; lastKnownFileType = image.png; path = "plugin-80.png"; sourceTree = "<group>"; };
		8A7CDBB118E79A640079F3F1 /* previous-40.png */ = {isa = PBXFileReference; lastKnownFileType = image.png; path = "previous-40.png"; sourceTree = "<group>"; };
		8A7CDBB218E79A640079F3F1 /* previous-80.png */ = {isa = PBXFileReference; lastKnownFileType = image.png; path = "previous-80.png"; sourceTree = "<group>"; };
		8A7CDBB318E79A640079F3F1 /* red-40.png */ = {isa = PBXFileReference; lastKnownFileType = image.png; path = "red-40.png"; sourceTree = "<group>"; };
		8A7CDBB418E79A640079F3F1 /* red-80.png */ = {isa = PBXFileReference; lastKnownFileType = image.png; path = "red-80.png"; sourceTree = "<group>"; };
		8A7CDBB518E79A640079F3F1 /* redo-40.png */ = {isa = PBXFileReference; lastKnownFileType = image.png; path = "redo-40.png"; sourceTree = "<group>"; };
		8A7CDBB618E79A640079F3F1 /* redo-80.png */ = {isa = PBXFileReference; lastKnownFileType = image.png; path = "redo-80.png"; sourceTree = "<group>"; };
		8A7CDBB718E79A640079F3F1 /* refresh-40.png */ = {isa = PBXFileReference; lastKnownFileType = image.png; path = "refresh-40.png"; sourceTree = "<group>"; };
		8A7CDBB818E79A640079F3F1 /* refresh-80.png */ = {isa = PBXFileReference; lastKnownFileType = image.png; path = "refresh-80.png"; sourceTree = "<group>"; };
		8A7CDBB918E79A640079F3F1 /* save-40.png */ = {isa = PBXFileReference; lastKnownFileType = image.png; path = "save-40.png"; sourceTree = "<group>"; };
		8A7CDBBA18E79A640079F3F1 /* save-80.png */ = {isa = PBXFileReference; lastKnownFileType = image.png; path = "save-80.png"; sourceTree = "<group>"; };
		8A7CDBBB18E79A640079F3F1 /* save-new-40.png */ = {isa = PBXFileReference; lastKnownFileType = image.png; path = "save-new-40.png"; sourceTree = "<group>"; };
		8A7CDBBC18E79A640079F3F1 /* save-new-80.png */ = {isa = PBXFileReference; lastKnownFileType = image.png; path = "save-new-80.png"; sourceTree = "<group>"; };
		8A7CDBBD18E79A640079F3F1 /* search-40.png */ = {isa = PBXFileReference; lastKnownFileType = image.png; path = "search-40.png"; sourceTree = "<group>"; };
		8A7CDBBE18E79A640079F3F1 /* search-80.png */ = {isa = PBXFileReference; lastKnownFileType = image.png; path = "search-80.png"; sourceTree = "<group>"; };
		8A7CDBBF18E79A640079F3F1 /* secure-40.png */ = {isa = PBXFileReference; lastKnownFileType = image.png; path = "secure-40.png"; sourceTree = "<group>"; };
		8A7CDBC018E79A640079F3F1 /* secure-80.png */ = {isa = PBXFileReference; lastKnownFileType = image.png; path = "secure-80.png"; sourceTree = "<group>"; };
		8A7CDBC118E79A640079F3F1 /* setting-40.png */ = {isa = PBXFileReference; lastKnownFileType = image.png; path = "setting-40.png"; sourceTree = "<group>"; };
		8A7CDBC218E79A640079F3F1 /* setting-80.png */ = {isa = PBXFileReference; lastKnownFileType = image.png; path = "setting-80.png"; sourceTree = "<group>"; };
		8A7CDBC318E79A640079F3F1 /* shield-40.png */ = {isa = PBXFileReference; lastKnownFileType = image.png; path = "shield-40.png"; sourceTree = "<group>"; };
		8A7CDBC418E79A640079F3F1 /* shield-80.png */ = {isa = PBXFileReference; lastKnownFileType = image.png; path = "shield-80.png"; sourceTree = "<group>"; };
		8A7CDBC518E79A640079F3F1 /* star-40.png */ = {isa = PBXFileReference; lastKnownFileType = image.png; path = "star-40.png"; sourceTree = "<group>"; };
		8A7CDBC618E79A640079F3F1 /* star-80.png */ = {isa = PBXFileReference; lastKnownFileType = image.png; path = "star-80.png"; sourceTree = "<group>"; };
		8A7CDBC718E79A640079F3F1 /* star-gold-40.png */ = {isa = PBXFileReference; lastKnownFileType = image.png; path = "star-gold-40.png"; sourceTree = "<group>"; };
		8A7CDBC818E79A640079F3F1 /* star-gold-80.png */ = {isa = PBXFileReference; lastKnownFileType = image.png; path = "star-gold-80.png"; sourceTree = "<group>"; };
		8A7CDBC918E79A640079F3F1 /* star-large-40.png */ = {isa = PBXFileReference; lastKnownFileType = image.png; path = "star-large-40.png"; sourceTree = "<group>"; };
		8A7CDBCA18E79A640079F3F1 /* star-large-80.png */ = {isa = PBXFileReference; lastKnownFileType = image.png; path = "star-large-80.png"; sourceTree = "<group>"; };
		8A7CDBCB18E79A640079F3F1 /* star-large-gold-40.png */ = {isa = PBXFileReference; lastKnownFileType = image.png; path = "star-large-gold-40.png"; sourceTree = "<group>"; };
		8A7CDBCC18E79A640079F3F1 /* star-large-gold-80.png */ = {isa = PBXFileReference; lastKnownFileType = image.png; path = "star-large-gold-80.png"; sourceTree = "<group>"; };
		8A7CDBCD18E79A640079F3F1 /* stop-40.png */ = {isa = PBXFileReference; lastKnownFileType = image.png; path = "stop-40.png"; sourceTree = "<group>"; };
		8A7CDBCE18E79A640079F3F1 /* stop-80.png */ = {isa = PBXFileReference; lastKnownFileType = image.png; path = "stop-80.png"; sourceTree = "<group>"; };
		8A7CDBCF18E79A640079F3F1 /* system-log-out-40.png */ = {isa = PBXFileReference; lastKnownFileType = image.png; path = "system-log-out-40.png"; sourceTree = "<group>"; };
		8A7CDBD018E79A640079F3F1 /* system-log-out-80.png */ = {isa = PBXFileReference; lastKnownFileType = image.png; path = "system-log-out-80.png"; sourceTree = "<group>"; };
		8A7CDBD118E79A640079F3F1 /* terminal-40.png */ = {isa = PBXFileReference; lastKnownFileType = image.png; path = "terminal-40.png"; sourceTree = "<group>"; };
		8A7CDBD218E79A640079F3F1 /* terminal-80.png */ = {isa = PBXFileReference; lastKnownFileType = image.png; path = "terminal-80.png"; sourceTree = "<group>"; };
		8A7CDBD318E79A640079F3F1 /* undo-40.png */ = {isa = PBXFileReference; lastKnownFileType = image.png; path = "undo-40.png"; sourceTree = "<group>"; };
		8A7CDBD418E79A640079F3F1 /* undo-80.png */ = {isa = PBXFileReference; lastKnownFileType = image.png; path = "undo-80.png"; sourceTree = "<group>"; };
		8A7CDBD518E79A640079F3F1 /* up-40.png */ = {isa = PBXFileReference; lastKnownFileType = image.png; path = "up-40.png"; sourceTree = "<group>"; };
		8A7CDBD618E79A640079F3F1 /* up-80.png */ = {isa = PBXFileReference; lastKnownFileType = image.png; path = "up-80.png"; sourceTree = "<group>"; };
		8A7CDBD718E79A640079F3F1 /* user-40.png */ = {isa = PBXFileReference; lastKnownFileType = image.png; path = "user-40.png"; sourceTree = "<group>"; };
		8A7CDBD818E79A640079F3F1 /* user-80.png */ = {isa = PBXFileReference; lastKnownFileType = image.png; path = "user-80.png"; sourceTree = "<group>"; };
		8A7CDBD918E79A640079F3F1 /* video-40.png */ = {isa = PBXFileReference; lastKnownFileType = image.png; path = "video-40.png"; sourceTree = "<group>"; };
		8A7CDBDA18E79A640079F3F1 /* video-80.png */ = {isa = PBXFileReference; lastKnownFileType = image.png; path = "video-80.png"; sourceTree = "<group>"; };
		8A7CDBDB18E79A640079F3F1 /* warning-40.png */ = {isa = PBXFileReference; lastKnownFileType = image.png; path = "warning-40.png"; sourceTree = "<group>"; };
		8A7CDBDC18E79A640079F3F1 /* warning-80.png */ = {isa = PBXFileReference; lastKnownFileType = image.png; path = "warning-80.png"; sourceTree = "<group>"; };
		8A7CDBDD18E79A640079F3F1 /* yellow-40.png */ = {isa = PBXFileReference; lastKnownFileType = image.png; path = "yellow-40.png"; sourceTree = "<group>"; };
		8A7CDBDE18E79A640079F3F1 /* yellow-80.png */ = {isa = PBXFileReference; lastKnownFileType = image.png; path = "yellow-80.png"; sourceTree = "<group>"; };
		8AC329E918E4F3A90002D106 /* JenkinsMobile.app */ = {isa = PBXFileReference; explicitFileType = wrapper.application; includeInIndex = 0; path = JenkinsMobile.app; sourceTree = BUILT_PRODUCTS_DIR; };
		8AC329EC18E4F3A90002D106 /* Foundation.framework */ = {isa = PBXFileReference; lastKnownFileType = wrapper.framework; name = Foundation.framework; path = System/Library/Frameworks/Foundation.framework; sourceTree = SDKROOT; };
		8AC329EE18E4F3A90002D106 /* CoreGraphics.framework */ = {isa = PBXFileReference; lastKnownFileType = wrapper.framework; name = CoreGraphics.framework; path = System/Library/Frameworks/CoreGraphics.framework; sourceTree = SDKROOT; };
		8AC329F018E4F3A90002D106 /* UIKit.framework */ = {isa = PBXFileReference; lastKnownFileType = wrapper.framework; name = UIKit.framework; path = System/Library/Frameworks/UIKit.framework; sourceTree = SDKROOT; };
		8AC329F218E4F3A90002D106 /* CoreData.framework */ = {isa = PBXFileReference; lastKnownFileType = wrapper.framework; name = CoreData.framework; path = System/Library/Frameworks/CoreData.framework; sourceTree = SDKROOT; };
		8AC329F618E4F3A90002D106 /* JenkinsMobile-Info.plist */ = {isa = PBXFileReference; lastKnownFileType = text.plist.xml; path = "JenkinsMobile-Info.plist"; sourceTree = "<group>"; };
		8AC329F818E4F3A90002D106 /* en */ = {isa = PBXFileReference; lastKnownFileType = text.plist.strings; name = en; path = en.lproj/InfoPlist.strings; sourceTree = "<group>"; };
		8AC329FA18E4F3A90002D106 /* main.m */ = {isa = PBXFileReference; lastKnownFileType = sourcecode.c.objc; path = main.m; sourceTree = "<group>"; };
		8AC329FC18E4F3A90002D106 /* JenkinsMobile-Prefix.pch */ = {isa = PBXFileReference; lastKnownFileType = sourcecode.c.h; path = "JenkinsMobile-Prefix.pch"; sourceTree = "<group>"; };
		8AC329FD18E4F3A90002D106 /* KDBAppDelegate.h */ = {isa = PBXFileReference; lastKnownFileType = sourcecode.c.h; path = KDBAppDelegate.h; sourceTree = "<group>"; };
		8AC329FE18E4F3A90002D106 /* KDBAppDelegate.m */ = {isa = PBXFileReference; lastKnownFileType = sourcecode.c.objc; path = KDBAppDelegate.m; sourceTree = "<group>"; };
		8AC32A0118E4F3A90002D106 /* Base */ = {isa = PBXFileReference; lastKnownFileType = file.storyboard; name = Base; path = Base.lproj/Main_iPhone.storyboard; sourceTree = "<group>"; };
		8AC32A0418E4F3A90002D106 /* Base */ = {isa = PBXFileReference; lastKnownFileType = file.storyboard; name = Base; path = Base.lproj/Main_iPad.storyboard; sourceTree = "<group>"; };
		8AC32A0718E4F3A90002D106 /* JenkinsMobile.xcdatamodel */ = {isa = PBXFileReference; lastKnownFileType = wrapper.xcdatamodel; path = JenkinsMobile.xcdatamodel; sourceTree = "<group>"; };
		8AC32A0918E4F3A90002D106 /* KDBMasterViewController.h */ = {isa = PBXFileReference; lastKnownFileType = sourcecode.c.h; path = KDBMasterViewController.h; sourceTree = "<group>"; };
		8AC32A0A18E4F3A90002D106 /* KDBMasterViewController.m */ = {isa = PBXFileReference; lastKnownFileType = sourcecode.c.objc; path = KDBMasterViewController.m; sourceTree = "<group>"; };
		8AC32A0C18E4F3A90002D106 /* KDBDetailViewController.h */ = {isa = PBXFileReference; lastKnownFileType = sourcecode.c.h; path = KDBDetailViewController.h; sourceTree = "<group>"; };
		8AC32A0D18E4F3A90002D106 /* KDBDetailViewController.m */ = {isa = PBXFileReference; lastKnownFileType = sourcecode.c.objc; path = KDBDetailViewController.m; sourceTree = "<group>"; };
		8AC32A0F18E4F3A90002D106 /* Images.xcassets */ = {isa = PBXFileReference; lastKnownFileType = folder.assetcatalog; path = Images.xcassets; sourceTree = "<group>"; };
		8AC32A1518E4F3A90002D106 /* JenkinsMobileTests.xctest */ = {isa = PBXFileReference; explicitFileType = wrapper.cfbundle; includeInIndex = 0; path = JenkinsMobileTests.xctest; sourceTree = BUILT_PRODUCTS_DIR; };
		8AC32A1618E4F3A90002D106 /* XCTest.framework */ = {isa = PBXFileReference; lastKnownFileType = wrapper.framework; name = XCTest.framework; path = Library/Frameworks/XCTest.framework; sourceTree = DEVELOPER_DIR; };
		8AC32A1F18E4F3A90002D106 /* JenkinsMobileTests-Info.plist */ = {isa = PBXFileReference; lastKnownFileType = text.plist.xml; path = "JenkinsMobileTests-Info.plist"; sourceTree = "<group>"; };
		8AC32A2118E4F3A90002D106 /* en */ = {isa = PBXFileReference; lastKnownFileType = text.plist.strings; name = en; path = en.lproj/InfoPlist.strings; sourceTree = "<group>"; };
		8AC32A2318E4F3A90002D106 /* JenkinsMobileTests.m */ = {isa = PBXFileReference; lastKnownFileType = sourcecode.c.objc; path = JenkinsMobileTests.m; sourceTree = "<group>"; };
		8AC32A2E18E4FB6F0002D106 /* AFHTTPRequestOperation.h */ = {isa = PBXFileReference; fileEncoding = 4; lastKnownFileType = sourcecode.c.h; path = AFHTTPRequestOperation.h; sourceTree = "<group>"; };
		8AC32A2F18E4FB6F0002D106 /* AFHTTPRequestOperation.m */ = {isa = PBXFileReference; fileEncoding = 4; lastKnownFileType = sourcecode.c.objc; path = AFHTTPRequestOperation.m; sourceTree = "<group>"; };
		8AC32A3018E4FB6F0002D106 /* AFHTTPRequestOperationManager.h */ = {isa = PBXFileReference; fileEncoding = 4; lastKnownFileType = sourcecode.c.h; path = AFHTTPRequestOperationManager.h; sourceTree = "<group>"; };
		8AC32A3118E4FB6F0002D106 /* AFHTTPRequestOperationManager.m */ = {isa = PBXFileReference; fileEncoding = 4; lastKnownFileType = sourcecode.c.objc; path = AFHTTPRequestOperationManager.m; sourceTree = "<group>"; };
		8AC32A3218E4FB6F0002D106 /* AFHTTPSessionManager.h */ = {isa = PBXFileReference; fileEncoding = 4; lastKnownFileType = sourcecode.c.h; path = AFHTTPSessionManager.h; sourceTree = "<group>"; };
		8AC32A3318E4FB6F0002D106 /* AFHTTPSessionManager.m */ = {isa = PBXFileReference; fileEncoding = 4; lastKnownFileType = sourcecode.c.objc; path = AFHTTPSessionManager.m; sourceTree = "<group>"; };
		8AC32A3418E4FB6F0002D106 /* AFNetworking.h */ = {isa = PBXFileReference; fileEncoding = 4; lastKnownFileType = sourcecode.c.h; path = AFNetworking.h; sourceTree = "<group>"; };
		8AC32A3518E4FB6F0002D106 /* AFNetworkReachabilityManager.h */ = {isa = PBXFileReference; fileEncoding = 4; lastKnownFileType = sourcecode.c.h; path = AFNetworkReachabilityManager.h; sourceTree = "<group>"; };
		8AC32A3618E4FB6F0002D106 /* AFNetworkReachabilityManager.m */ = {isa = PBXFileReference; fileEncoding = 4; lastKnownFileType = sourcecode.c.objc; path = AFNetworkReachabilityManager.m; sourceTree = "<group>"; };
		8AC32A3718E4FB6F0002D106 /* AFSecurityPolicy.h */ = {isa = PBXFileReference; fileEncoding = 4; lastKnownFileType = sourcecode.c.h; path = AFSecurityPolicy.h; sourceTree = "<group>"; };
		8AC32A3818E4FB6F0002D106 /* AFSecurityPolicy.m */ = {isa = PBXFileReference; fileEncoding = 4; lastKnownFileType = sourcecode.c.objc; path = AFSecurityPolicy.m; sourceTree = "<group>"; };
		8AC32A3918E4FB6F0002D106 /* AFURLConnectionOperation.h */ = {isa = PBXFileReference; fileEncoding = 4; lastKnownFileType = sourcecode.c.h; path = AFURLConnectionOperation.h; sourceTree = "<group>"; };
		8AC32A3A18E4FB6F0002D106 /* AFURLConnectionOperation.m */ = {isa = PBXFileReference; fileEncoding = 4; lastKnownFileType = sourcecode.c.objc; path = AFURLConnectionOperation.m; sourceTree = "<group>"; };
		8AC32A3B18E4FB6F0002D106 /* AFURLRequestSerialization.h */ = {isa = PBXFileReference; fileEncoding = 4; lastKnownFileType = sourcecode.c.h; path = AFURLRequestSerialization.h; sourceTree = "<group>"; };
		8AC32A3C18E4FB6F0002D106 /* AFURLRequestSerialization.m */ = {isa = PBXFileReference; fileEncoding = 4; lastKnownFileType = sourcecode.c.objc; path = AFURLRequestSerialization.m; sourceTree = "<group>"; };
		8AC32A3D18E4FB6F0002D106 /* AFURLResponseSerialization.h */ = {isa = PBXFileReference; fileEncoding = 4; lastKnownFileType = sourcecode.c.h; path = AFURLResponseSerialization.h; sourceTree = "<group>"; };
		8AC32A3E18E4FB6F0002D106 /* AFURLResponseSerialization.m */ = {isa = PBXFileReference; fileEncoding = 4; lastKnownFileType = sourcecode.c.objc; path = AFURLResponseSerialization.m; sourceTree = "<group>"; };
		8AC32A3F18E4FB6F0002D106 /* AFURLSessionManager.h */ = {isa = PBXFileReference; fileEncoding = 4; lastKnownFileType = sourcecode.c.h; path = AFURLSessionManager.h; sourceTree = "<group>"; };
		8AC32A4018E4FB6F0002D106 /* AFURLSessionManager.m */ = {isa = PBXFileReference; fileEncoding = 4; lastKnownFileType = sourcecode.c.objc; path = AFURLSessionManager.m; sourceTree = "<group>"; };
/* End PBXFileReference section */

/* Begin PBXFrameworksBuildPhase section */
		8AC329E618E4F3A90002D106 /* Frameworks */ = {
			isa = PBXFrameworksBuildPhase;
			buildActionMask = 2147483647;
			files = (
				8AC329EF18E4F3A90002D106 /* CoreGraphics.framework in Frameworks */,
				8AC329F318E4F3A90002D106 /* CoreData.framework in Frameworks */,
				8AC329F118E4F3A90002D106 /* UIKit.framework in Frameworks */,
				8AC329ED18E4F3A90002D106 /* Foundation.framework in Frameworks */,
			);
			runOnlyForDeploymentPostprocessing = 0;
		};
		8AC32A1218E4F3A90002D106 /* Frameworks */ = {
			isa = PBXFrameworksBuildPhase;
			buildActionMask = 2147483647;
			files = (
				8AC32A1718E4F3A90002D106 /* XCTest.framework in Frameworks */,
				8AC32A1A18E4F3A90002D106 /* CoreData.framework in Frameworks */,
				8AC32A1918E4F3A90002D106 /* UIKit.framework in Frameworks */,
				8AC32A1818E4F3A90002D106 /* Foundation.framework in Frameworks */,
			);
			runOnlyForDeploymentPostprocessing = 0;
		};
/* End PBXFrameworksBuildPhase section */

/* Begin PBXGroup section */
		8A7CDAD818E7779F0079F3F1 /* Images */ = {
			isa = PBXGroup;
			children = (
				8A7CDB4F18E79A630079F3F1 /* accept-24x24-40.png */,
				8A7CDB5018E79A630079F3F1 /* accept-24x24-80.png */,
				8A7CDB5118E79A630079F3F1 /* accept-40.png */,
				8A7CDB5218E79A630079F3F1 /* accept-80.png */,
				8A7CDB5318E79A630079F3F1 /* application-certificate-40.png */,
				8A7CDB5418E79A630079F3F1 /* application-certificate-80.png */,
				8A7CDB5518E79A640079F3F1 /* blue-40.png */,
				8A7CDB5618E79A640079F3F1 /* blue-80.png */,
				8A7CDB5718E79A640079F3F1 /* bookmark-new-40.png */,
				8A7CDB5818E79A640079F3F1 /* bookmark-new-80.png */,
				8A7CDB5918E79A640079F3F1 /* certificate-40.png */,
				8A7CDB5A18E79A640079F3F1 /* certificate-80.png */,
				8A7CDB5B18E79A640079F3F1 /* clipboard-40.png */,
				8A7CDB5C18E79A640079F3F1 /* clipboard-80.png */,
				8A7CDB5D18E79A640079F3F1 /* clock-40.png */,
				8A7CDB5E18E79A640079F3F1 /* clock-80.png */,
				8A7CDB5F18E79A640079F3F1 /* computer-40.png */,
				8A7CDB6018E79A640079F3F1 /* computer-80.png */,
				8A7CDB6118E79A640079F3F1 /* computer-x-40.png */,
				8A7CDB6218E79A640079F3F1 /* computer-x-80.png */,
				8A7CDB6318E79A640079F3F1 /* delete-document-40.png */,
				8A7CDB6418E79A640079F3F1 /* delete-document-80.png */,
				8A7CDB6518E79A640079F3F1 /* document-40.png */,
				8A7CDB6618E79A640079F3F1 /* document-80.png */,
				8A7CDB6718E79A640079F3F1 /* edit-delete-40.png */,
				8A7CDB6818E79A640079F3F1 /* edit-delete-80.png */,
				8A7CDB6918E79A640079F3F1 /* emblem-urgent-40.png */,
				8A7CDB6A18E79A640079F3F1 /* emblem-urgent-80.png */,
				8A7CDB6B18E79A640079F3F1 /* error-40.png */,
				8A7CDB6C18E79A640079F3F1 /* error-80.png */,
				8A7CDB6D18E79A640079F3F1 /* fingerprint-40.png */,
				8A7CDB6E18E79A640079F3F1 /* fingerprint-80.png */,
				8A7CDB6F18E79A640079F3F1 /* folder-40.png */,
				8A7CDB7018E79A640079F3F1 /* folder-80.png */,
				8A7CDB7118E79A640079F3F1 /* folder-delete-40.png */,
				8A7CDB7218E79A640079F3F1 /* folder-delete-80.png */,
				8A7CDB7318E79A640079F3F1 /* gear-40.png */,
				8A7CDB7418E79A640079F3F1 /* gear-80.png */,
				8A7CDB7518E79A640079F3F1 /* gear2-40.png */,
				8A7CDB7618E79A640079F3F1 /* gear2-80.png */,
				8A7CDB7718E79A640079F3F1 /* graph-40.png */,
				8A7CDB7818E79A640079F3F1 /* graph-80.png */,
				8A7CDB7918E79A640079F3F1 /* green-40.png */,
				8A7CDB7A18E79A640079F3F1 /* green-80.png */,
				8A7CDB7B18E79A640079F3F1 /* grey-40.png */,
				8A7CDB7C18E79A640079F3F1 /* grey-80.png */,
				8A7CDB7D18E79A640079F3F1 /* headless-40.png */,
				8A7CDB7E18E79A640079F3F1 /* headless-80.png */,
				8A7CDB7F18E79A640079F3F1 /* headshot-40.png */,
				8A7CDB8018E79A640079F3F1 /* headshot-80.png */,
				8A7CDB8118E79A640079F3F1 /* health-00to19-40.png */,
				8A7CDB8218E79A640079F3F1 /* health-00to19-80.png */,
				8A7CDB8318E79A640079F3F1 /* health-20to39-40.png */,
				8A7CDB8418E79A640079F3F1 /* health-20to39-80.png */,
				8A7CDB8518E79A640079F3F1 /* health-40to59-40.png */,
				8A7CDB8618E79A640079F3F1 /* health-40to59-80.png */,
				8A7CDB8718E79A640079F3F1 /* health-60to79-40.png */,
				8A7CDB8818E79A640079F3F1 /* health-60to79-80.png */,
				8A7CDB8918E79A640079F3F1 /* health-80plus-40.png */,
				8A7CDB8A18E79A640079F3F1 /* health-80plus-80.png */,
				8A7CDB8B18E79A640079F3F1 /* help-40.png */,
				8A7CDB8C18E79A640079F3F1 /* help-80.png */,
				8A7CDB8D18E79A640079F3F1 /* hourglass-40.png */,
				8A7CDB8E18E79A640079F3F1 /* hourglass-80.png */,
				8A7CDB8F18E79A640079F3F1 /* installer-40.png */,
				8A7CDB9018E79A640079F3F1 /* installer-80.png */,
				8A7CDB9118E79A640079F3F1 /* keys-40.png */,
				8A7CDB9218E79A640079F3F1 /* keys-80.png */,
				8A7CDB9318E79A640079F3F1 /* lock-40.png */,
				8A7CDB9418E79A640079F3F1 /* lock-80.png */,
				8A7CDB9518E79A640079F3F1 /* logo-40.png */,
				8A7CDB9618E79A640079F3F1 /* logo-80.png */,
				8A7CDB9718E79A640079F3F1 /* monitor-40.png */,
				8A7CDB9818E79A640079F3F1 /* monitor-80.png */,
				8A7CDB9918E79A640079F3F1 /* network-40.png */,
				8A7CDB9A18E79A640079F3F1 /* network-80.png */,
				8A7CDB9B18E79A640079F3F1 /* new-computer-40.png */,
				8A7CDB9C18E79A640079F3F1 /* new-computer-80.png */,
				8A7CDB9D18E79A640079F3F1 /* new-document-40.png */,
				8A7CDB9E18E79A640079F3F1 /* new-document-80.png */,
				8A7CDB9F18E79A640079F3F1 /* new-package-40.png */,
				8A7CDBA018E79A640079F3F1 /* new-package-80.png */,
				8A7CDBA118E79A640079F3F1 /* new-user-40.png */,
				8A7CDBA218E79A640079F3F1 /* new-user-80.png */,
				8A7CDBA318E79A640079F3F1 /* next-40.png */,
				8A7CDBA418E79A640079F3F1 /* next-80.png */,
				8A7CDBA518E79A640079F3F1 /* notepad-40.png */,
				8A7CDBA618E79A640079F3F1 /* notepad-80.png */,
				8A7CDBA718E79A640079F3F1 /* nothing-40.png */,
				8A7CDBA818E79A640079F3F1 /* nothing-80.png */,
				8A7CDBA918E79A640079F3F1 /* orange-square-40.png */,
				8A7CDBAA18E79A640079F3F1 /* orange-square-80.png */,
				8A7CDBAB18E79A640079F3F1 /* package-40.png */,
				8A7CDBAC18E79A640079F3F1 /* package-80.png */,
				8A7CDBAD18E79A640079F3F1 /* person-40.png */,
				8A7CDBAE18E79A640079F3F1 /* person-80.png */,
				8A7CDBAF18E79A640079F3F1 /* plugin-40.png */,
				8A7CDBB018E79A640079F3F1 /* plugin-80.png */,
				8A7CDBB118E79A640079F3F1 /* previous-40.png */,
				8A7CDBB218E79A640079F3F1 /* previous-80.png */,
				8A7CDBB318E79A640079F3F1 /* red-40.png */,
				8A7CDBB418E79A640079F3F1 /* red-80.png */,
				8A7CDBB518E79A640079F3F1 /* redo-40.png */,
				8A7CDBB618E79A640079F3F1 /* redo-80.png */,
				8A7CDBB718E79A640079F3F1 /* refresh-40.png */,
				8A7CDBB818E79A640079F3F1 /* refresh-80.png */,
				8A7CDBB918E79A640079F3F1 /* save-40.png */,
				8A7CDBBA18E79A640079F3F1 /* save-80.png */,
				8A7CDBBB18E79A640079F3F1 /* save-new-40.png */,
				8A7CDBBC18E79A640079F3F1 /* save-new-80.png */,
				8A7CDBBD18E79A640079F3F1 /* search-40.png */,
				8A7CDBBE18E79A640079F3F1 /* search-80.png */,
				8A7CDBBF18E79A640079F3F1 /* secure-40.png */,
				8A7CDBC018E79A640079F3F1 /* secure-80.png */,
				8A7CDBC118E79A640079F3F1 /* setting-40.png */,
				8A7CDBC218E79A640079F3F1 /* setting-80.png */,
				8A7CDBC318E79A640079F3F1 /* shield-40.png */,
				8A7CDBC418E79A640079F3F1 /* shield-80.png */,
				8A7CDBC518E79A640079F3F1 /* star-40.png */,
				8A7CDBC618E79A640079F3F1 /* star-80.png */,
				8A7CDBC718E79A640079F3F1 /* star-gold-40.png */,
				8A7CDBC818E79A640079F3F1 /* star-gold-80.png */,
				8A7CDBC918E79A640079F3F1 /* star-large-40.png */,
				8A7CDBCA18E79A640079F3F1 /* star-large-80.png */,
				8A7CDBCB18E79A640079F3F1 /* star-large-gold-40.png */,
				8A7CDBCC18E79A640079F3F1 /* star-large-gold-80.png */,
				8A7CDBCD18E79A640079F3F1 /* stop-40.png */,
				8A7CDBCE18E79A640079F3F1 /* stop-80.png */,
				8A7CDBCF18E79A640079F3F1 /* system-log-out-40.png */,
				8A7CDBD018E79A640079F3F1 /* system-log-out-80.png */,
				8A7CDBD118E79A640079F3F1 /* terminal-40.png */,
				8A7CDBD218E79A640079F3F1 /* terminal-80.png */,
				8A7CDBD318E79A640079F3F1 /* undo-40.png */,
				8A7CDBD418E79A640079F3F1 /* undo-80.png */,
				8A7CDBD518E79A640079F3F1 /* up-40.png */,
				8A7CDBD618E79A640079F3F1 /* up-80.png */,
				8A7CDBD718E79A640079F3F1 /* user-40.png */,
				8A7CDBD818E79A640079F3F1 /* user-80.png */,
				8A7CDBD918E79A640079F3F1 /* video-40.png */,
				8A7CDBDA18E79A640079F3F1 /* video-80.png */,
				8A7CDBDB18E79A640079F3F1 /* warning-40.png */,
				8A7CDBDC18E79A640079F3F1 /* warning-80.png */,
				8A7CDBDD18E79A640079F3F1 /* yellow-40.png */,
				8A7CDBDE18E79A640079F3F1 /* yellow-80.png */,
			);
			name = Images;
			sourceTree = "<group>";
		};
		8AC329E018E4F3A80002D106 = {
			isa = PBXGroup;
			children = (
				8AC329F418E4F3A90002D106 /* JenkinsMobile */,
				8AC32A1D18E4F3A90002D106 /* JenkinsMobileTests */,
				8AC329EB18E4F3A90002D106 /* Frameworks */,
				8AC329EA18E4F3A90002D106 /* Products */,
			);
			sourceTree = "<group>";
		};
		8AC329EA18E4F3A90002D106 /* Products */ = {
			isa = PBXGroup;
			children = (
				8AC329E918E4F3A90002D106 /* JenkinsMobile.app */,
				8AC32A1518E4F3A90002D106 /* JenkinsMobileTests.xctest */,
			);
			name = Products;
			sourceTree = "<group>";
		};
		8AC329EB18E4F3A90002D106 /* Frameworks */ = {
			isa = PBXGroup;
			children = (
				8AC329EC18E4F3A90002D106 /* Foundation.framework */,
				8AC329EE18E4F3A90002D106 /* CoreGraphics.framework */,
				8AC329F018E4F3A90002D106 /* UIKit.framework */,
				8AC329F218E4F3A90002D106 /* CoreData.framework */,
				8AC32A1618E4F3A90002D106 /* XCTest.framework */,
			);
			name = Frameworks;
			sourceTree = "<group>";
		};
		8AC329F418E4F3A90002D106 /* JenkinsMobile */ = {
			isa = PBXGroup;
			children = (
				8A7CDAD818E7779F0079F3F1 /* Images */,
				8AC32A2D18E4FB6F0002D106 /* AFNetworking */,
				8AC329FD18E4F3A90002D106 /* KDBAppDelegate.h */,
				8AC329FE18E4F3A90002D106 /* KDBAppDelegate.m */,
				8AC32A0018E4F3A90002D106 /* Main_iPhone.storyboard */,
				8AC32A0318E4F3A90002D106 /* Main_iPad.storyboard */,
				8AC32A0918E4F3A90002D106 /* KDBMasterViewController.h */,
				8AC32A0A18E4F3A90002D106 /* KDBMasterViewController.m */,
				8AC32A0C18E4F3A90002D106 /* KDBDetailViewController.h */,
				8A7CDAD518E722940079F3F1 /* KDBViewPickerViewController.h */,
				8A7CDAD618E722940079F3F1 /* KDBViewPickerViewController.m */,
				8AC32A0D18E4F3A90002D106 /* KDBDetailViewController.m */,
				8AC32A0F18E4F3A90002D106 /* Images.xcassets */,
				8AC32A0618E4F3A90002D106 /* JenkinsMobile.xcdatamodeld */,
				8AC329F518E4F3A90002D106 /* Supporting Files */,
			);
			path = JenkinsMobile;
			sourceTree = "<group>";
		};
		8AC329F518E4F3A90002D106 /* Supporting Files */ = {
			isa = PBXGroup;
			children = (
				8AC329F618E4F3A90002D106 /* JenkinsMobile-Info.plist */,
				8AC329F718E4F3A90002D106 /* InfoPlist.strings */,
				8AC329FA18E4F3A90002D106 /* main.m */,
				8AC329FC18E4F3A90002D106 /* JenkinsMobile-Prefix.pch */,
			);
			name = "Supporting Files";
			sourceTree = "<group>";
		};
		8AC32A1D18E4F3A90002D106 /* JenkinsMobileTests */ = {
			isa = PBXGroup;
			children = (
				8AC32A2318E4F3A90002D106 /* JenkinsMobileTests.m */,
				8AC32A1E18E4F3A90002D106 /* Supporting Files */,
			);
			path = JenkinsMobileTests;
			sourceTree = "<group>";
		};
		8AC32A1E18E4F3A90002D106 /* Supporting Files */ = {
			isa = PBXGroup;
			children = (
				8AC32A1F18E4F3A90002D106 /* JenkinsMobileTests-Info.plist */,
				8AC32A2018E4F3A90002D106 /* InfoPlist.strings */,
			);
			name = "Supporting Files";
			sourceTree = "<group>";
		};
		8AC32A2D18E4FB6F0002D106 /* AFNetworking */ = {
			isa = PBXGroup;
			children = (
				8AC32A2E18E4FB6F0002D106 /* AFHTTPRequestOperation.h */,
				8AC32A2F18E4FB6F0002D106 /* AFHTTPRequestOperation.m */,
				8AC32A3018E4FB6F0002D106 /* AFHTTPRequestOperationManager.h */,
				8AC32A3118E4FB6F0002D106 /* AFHTTPRequestOperationManager.m */,
				8AC32A3218E4FB6F0002D106 /* AFHTTPSessionManager.h */,
				8AC32A3318E4FB6F0002D106 /* AFHTTPSessionManager.m */,
				8AC32A3418E4FB6F0002D106 /* AFNetworking.h */,
				8AC32A3518E4FB6F0002D106 /* AFNetworkReachabilityManager.h */,
				8AC32A3618E4FB6F0002D106 /* AFNetworkReachabilityManager.m */,
				8AC32A3718E4FB6F0002D106 /* AFSecurityPolicy.h */,
				8AC32A3818E4FB6F0002D106 /* AFSecurityPolicy.m */,
				8AC32A3918E4FB6F0002D106 /* AFURLConnectionOperation.h */,
				8AC32A3A18E4FB6F0002D106 /* AFURLConnectionOperation.m */,
				8AC32A3B18E4FB6F0002D106 /* AFURLRequestSerialization.h */,
				8AC32A3C18E4FB6F0002D106 /* AFURLRequestSerialization.m */,
				8AC32A3D18E4FB6F0002D106 /* AFURLResponseSerialization.h */,
				8AC32A3E18E4FB6F0002D106 /* AFURLResponseSerialization.m */,
				8AC32A3F18E4FB6F0002D106 /* AFURLSessionManager.h */,
				8AC32A4018E4FB6F0002D106 /* AFURLSessionManager.m */,
			);
			path = AFNetworking;
			sourceTree = "<group>";
		};
/* End PBXGroup section */

/* Begin PBXNativeTarget section */
		8AC329E818E4F3A90002D106 /* JenkinsMobile */ = {
			isa = PBXNativeTarget;
			buildConfigurationList = 8AC32A2718E4F3A90002D106 /* Build configuration list for PBXNativeTarget "JenkinsMobile" */;
			buildPhases = (
				8AC329E518E4F3A90002D106 /* Sources */,
				8AC329E618E4F3A90002D106 /* Frameworks */,
				8AC329E718E4F3A90002D106 /* Resources */,
			);
			buildRules = (
			);
			dependencies = (
			);
			name = JenkinsMobile;
			productName = JenkinsMobile;
			productReference = 8AC329E918E4F3A90002D106 /* JenkinsMobile.app */;
			productType = "com.apple.product-type.application";
		};
		8AC32A1418E4F3A90002D106 /* JenkinsMobileTests */ = {
			isa = PBXNativeTarget;
			buildConfigurationList = 8AC32A2A18E4F3A90002D106 /* Build configuration list for PBXNativeTarget "JenkinsMobileTests" */;
			buildPhases = (
				8AC32A1118E4F3A90002D106 /* Sources */,
				8AC32A1218E4F3A90002D106 /* Frameworks */,
				8AC32A1318E4F3A90002D106 /* Resources */,
			);
			buildRules = (
			);
			dependencies = (
				8AC32A1C18E4F3A90002D106 /* PBXTargetDependency */,
			);
			name = JenkinsMobileTests;
			productName = JenkinsMobileTests;
			productReference = 8AC32A1518E4F3A90002D106 /* JenkinsMobileTests.xctest */;
			productType = "com.apple.product-type.bundle.unit-test";
		};
/* End PBXNativeTarget section */

/* Begin PBXProject section */
		8AC329E118E4F3A90002D106 /* Project object */ = {
			isa = PBXProject;
			attributes = {
				CLASSPREFIX = KDB;
				LastUpgradeCheck = 0510;
				ORGANIZATIONNAME = "Kyle Beal";
				TargetAttributes = {
					8AC32A1418E4F3A90002D106 = {
						TestTargetID = 8AC329E818E4F3A90002D106;
					};
				};
			};
			buildConfigurationList = 8AC329E418E4F3A90002D106 /* Build configuration list for PBXProject "JenkinsMobile" */;
			compatibilityVersion = "Xcode 3.2";
			developmentRegion = English;
			hasScannedForEncodings = 0;
			knownRegions = (
				en,
				Base,
			);
			mainGroup = 8AC329E018E4F3A80002D106;
			productRefGroup = 8AC329EA18E4F3A90002D106 /* Products */;
			projectDirPath = "";
			projectRoot = "";
			targets = (
				8AC329E818E4F3A90002D106 /* JenkinsMobile */,
				8AC32A1418E4F3A90002D106 /* JenkinsMobileTests */,
			);
		};
/* End PBXProject section */

/* Begin PBXResourcesBuildPhase section */
		8AC329E718E4F3A90002D106 /* Resources */ = {
			isa = PBXResourcesBuildPhase;
			buildActionMask = 2147483647;
			files = (
				8A7CDBEE18E79A640079F3F1 /* clock-80.png in Resources */,
				8A7CDC5818E79A640079F3F1 /* star-gold-80.png in Resources */,
				8A7CDBF418E79A640079F3F1 /* delete-document-80.png in Resources */,
				8A7CDBE318E79A640079F3F1 /* application-certificate-40.png in Resources */,
				8A7CDC0B18E79A640079F3F1 /* grey-40.png in Resources */,
				8A7CDC3E18E79A640079F3F1 /* person-80.png in Resources */,
				8A7CDC5318E79A640079F3F1 /* shield-40.png in Resources */,
				8A7CDC4618E79A640079F3F1 /* redo-80.png in Resources */,
				8A7CDC5518E79A640079F3F1 /* star-40.png in Resources */,
				8A7CDC0C18E79A640079F3F1 /* grey-80.png in Resources */,
				8AC32A0518E4F3A90002D106 /* Main_iPad.storyboard in Resources */,
				8A7CDC6A18E79A640079F3F1 /* video-80.png in Resources */,
				8A7CDC5A18E79A640079F3F1 /* star-large-80.png in Resources */,
				8A7CDC3918E79A640079F3F1 /* orange-square-40.png in Resources */,
				8A7CDBF318E79A640079F3F1 /* delete-document-40.png in Resources */,
				8A7CDC0D18E79A640079F3F1 /* headless-40.png in Resources */,
				8A7CDC4E18E79A640079F3F1 /* search-80.png in Resources */,
				8A7CDC5D18E79A640079F3F1 /* stop-40.png in Resources */,
				8A7CDBF918E79A640079F3F1 /* emblem-urgent-40.png in Resources */,
				8A7CDC2C18E79A640079F3F1 /* new-computer-80.png in Resources */,
				8A7CDC1918E79A640079F3F1 /* health-80plus-40.png in Resources */,
				8A7CDC4918E79A640079F3F1 /* save-40.png in Resources */,
				8A7CDC4718E79A640079F3F1 /* refresh-40.png in Resources */,
				8A7CDC6718E79A640079F3F1 /* user-40.png in Resources */,
				8A7CDBF118E79A640079F3F1 /* computer-x-40.png in Resources */,
				8A7CDBEC18E79A640079F3F1 /* clipboard-80.png in Resources */,
				8A7CDC6B18E79A640079F3F1 /* warning-40.png in Resources */,
				8A7CDC4318E79A640079F3F1 /* red-40.png in Resources */,
				8A7CDC6918E79A640079F3F1 /* video-40.png in Resources */,
				8A7CDBE418E79A640079F3F1 /* application-certificate-80.png in Resources */,
				8A7CDC0018E79A640079F3F1 /* folder-80.png in Resources */,
				8A7CDC3818E79A640079F3F1 /* nothing-80.png in Resources */,
				8A7CDC4F18E79A640079F3F1 /* secure-40.png in Resources */,
				8A7CDBF718E79A640079F3F1 /* edit-delete-40.png in Resources */,
				8A7CDC0518E79A640079F3F1 /* gear2-40.png in Resources */,
				8A7CDBE118E79A640079F3F1 /* accept-40.png in Resources */,
				8A7CDC6C18E79A640079F3F1 /* warning-80.png in Resources */,
				8A7CDC3F18E79A640079F3F1 /* plugin-40.png in Resources */,
				8A7CDC0E18E79A640079F3F1 /* headless-80.png in Resources */,
				8A7CDC1018E79A640079F3F1 /* headshot-80.png in Resources */,
				8A7CDBEB18E79A640079F3F1 /* clipboard-40.png in Resources */,
				8A7CDC5618E79A640079F3F1 /* star-80.png in Resources */,
				8A7CDC2818E79A640079F3F1 /* monitor-80.png in Resources */,
				8A7CDC4018E79A640079F3F1 /* plugin-80.png in Resources */,
				8A7CDBFB18E79A640079F3F1 /* error-40.png in Resources */,
				8A7CDBF518E79A640079F3F1 /* document-40.png in Resources */,
				8A7CDC5E18E79A640079F3F1 /* stop-80.png in Resources */,
				8A7CDC2418E79A640079F3F1 /* lock-80.png in Resources */,
				8A7CDC4B18E79A640079F3F1 /* save-new-40.png in Resources */,
				8A7CDBF818E79A640079F3F1 /* edit-delete-80.png in Resources */,
				8A7CDC2D18E79A640079F3F1 /* new-document-40.png in Resources */,
				8A7CDBE818E79A640079F3F1 /* bookmark-new-80.png in Resources */,
				8A7CDC2018E79A640079F3F1 /* installer-80.png in Resources */,
				8A7CDC3218E79A640079F3F1 /* new-user-80.png in Resources */,
				8A7CDC1318E79A640079F3F1 /* health-20to39-40.png in Resources */,
				8A7CDC1118E79A640079F3F1 /* health-00to19-40.png in Resources */,
				8A7CDC5218E79A640079F3F1 /* setting-80.png in Resources */,
				8A7CDC3018E79A640079F3F1 /* new-package-80.png in Resources */,
				8A7CDC1B18E79A640079F3F1 /* help-40.png in Resources */,
				8A7CDBE918E79A640079F3F1 /* certificate-40.png in Resources */,
				8A7CDBFA18E79A640079F3F1 /* emblem-urgent-80.png in Resources */,
				8A7CDC3318E79A640079F3F1 /* next-40.png in Resources */,
				8A7CDC4D18E79A640079F3F1 /* search-40.png in Resources */,
				8A7CDC2A18E79A640079F3F1 /* network-80.png in Resources */,
				8A7CDC3118E79A640079F3F1 /* new-user-40.png in Resources */,
				8A7CDC2318E79A640079F3F1 /* lock-40.png in Resources */,
				8AC32A1018E4F3A90002D106 /* Images.xcassets in Resources */,
				8A7CDC2218E79A640079F3F1 /* keys-80.png in Resources */,
				8A7CDC0A18E79A640079F3F1 /* green-80.png in Resources */,
				8A7CDC5B18E79A640079F3F1 /* star-large-gold-40.png in Resources */,
				8A7CDC5718E79A640079F3F1 /* star-gold-40.png in Resources */,
				8A7CDC1218E79A640079F3F1 /* health-00to19-80.png in Resources */,
				8A7CDC3D18E79A640079F3F1 /* person-40.png in Resources */,
				8A7CDC0418E79A640079F3F1 /* gear-80.png in Resources */,
				8A7CDBF018E79A640079F3F1 /* computer-80.png in Resources */,
				8A7CDC4218E79A640079F3F1 /* previous-80.png in Resources */,
				8AC32A0218E4F3A90002D106 /* Main_iPhone.storyboard in Resources */,
				8A7CDBFD18E79A640079F3F1 /* fingerprint-40.png in Resources */,
				8A7CDC2618E79A640079F3F1 /* logo-80.png in Resources */,
				8A7CDC4418E79A640079F3F1 /* red-80.png in Resources */,
				8A7CDC2E18E79A640079F3F1 /* new-document-80.png in Resources */,
				8A7CDC1418E79A640079F3F1 /* health-20to39-80.png in Resources */,
				8A7CDC2718E79A640079F3F1 /* monitor-40.png in Resources */,
				8A7CDC5918E79A640079F3F1 /* star-large-40.png in Resources */,
				8A7CDC0918E79A640079F3F1 /* green-40.png in Resources */,
				8A7CDC6E18E79A640079F3F1 /* yellow-80.png in Resources */,
				8A7CDC1518E79A640079F3F1 /* health-40to59-40.png in Resources */,
				8A7CDC0618E79A640079F3F1 /* gear2-80.png in Resources */,
				8A7CDC6018E79A640079F3F1 /* system-log-out-80.png in Resources */,
				8A7CDC2B18E79A640079F3F1 /* new-computer-40.png in Resources */,
				8A7CDC2118E79A640079F3F1 /* keys-40.png in Resources */,
				8A7CDC0F18E79A640079F3F1 /* headshot-40.png in Resources */,
				8A7CDBF218E79A640079F3F1 /* computer-x-80.png in Resources */,
				8AC329F918E4F3A90002D106 /* InfoPlist.strings in Resources */,
				8A7CDC3418E79A640079F3F1 /* next-80.png in Resources */,
				8A7CDC3518E79A640079F3F1 /* notepad-40.png in Resources */,
				8A7CDC4818E79A640079F3F1 /* refresh-80.png in Resources */,
				8A7CDC2F18E79A640079F3F1 /* new-package-40.png in Resources */,
				8A7CDC2918E79A640079F3F1 /* network-40.png in Resources */,
				8A7CDC6D18E79A640079F3F1 /* yellow-40.png in Resources */,
				8A7CDC3C18E79A640079F3F1 /* package-80.png in Resources */,
				8A7CDC4C18E79A640079F3F1 /* save-new-80.png in Resources */,
				8A7CDBE618E79A640079F3F1 /* blue-80.png in Resources */,
				8A7CDC6318E79A640079F3F1 /* undo-40.png in Resources */,
				8A7CDC1D18E79A640079F3F1 /* hourglass-40.png in Resources */,
				8A7CDC1A18E79A640079F3F1 /* health-80plus-80.png in Resources */,
				8A7CDBE218E79A640079F3F1 /* accept-80.png in Resources */,
				8A7CDBFE18E79A640079F3F1 /* fingerprint-80.png in Resources */,
				8A7CDC3718E79A640079F3F1 /* nothing-40.png in Resources */,
				8A7CDC1818E79A640079F3F1 /* health-60to79-80.png in Resources */,
				8A7CDC5418E79A640079F3F1 /* shield-80.png in Resources */,
				8A7CDC1C18E79A640079F3F1 /* help-80.png in Resources */,
				8A7CDBE018E79A640079F3F1 /* accept-24x24-80.png in Resources */,
				8A7CDC0718E79A640079F3F1 /* graph-40.png in Resources */,
				8A7CDC5C18E79A640079F3F1 /* star-large-gold-80.png in Resources */,
				8A7CDC3618E79A640079F3F1 /* notepad-80.png in Resources */,
				8A7CDBE518E79A640079F3F1 /* blue-40.png in Resources */,
				8A7CDC0818E79A640079F3F1 /* graph-80.png in Resources */,
				8A7CDC1618E79A640079F3F1 /* health-40to59-80.png in Resources */,
				8A7CDBF618E79A640079F3F1 /* document-80.png in Resources */,
				8A7CDBFF18E79A640079F3F1 /* folder-40.png in Resources */,
				8A7CDC1F18E79A640079F3F1 /* installer-40.png in Resources */,
				8A7CDC6818E79A640079F3F1 /* user-80.png in Resources */,
				8A7CDC5118E79A640079F3F1 /* setting-40.png in Resources */,
				8A7CDC0318E79A640079F3F1 /* gear-40.png in Resources */,
				8A7CDC0218E79A640079F3F1 /* folder-delete-80.png in Resources */,
				8A7CDC5018E79A640079F3F1 /* secure-80.png in Resources */,
				8A7CDC2518E79A640079F3F1 /* logo-40.png in Resources */,
				8A7CDC4A18E79A640079F3F1 /* save-80.png in Resources */,
				8A7CDC6518E79A640079F3F1 /* up-40.png in Resources */,
				8A7CDC6618E79A640079F3F1 /* up-80.png in Resources */,
				8A7CDC3A18E79A640079F3F1 /* orange-square-80.png in Resources */,
				8A7CDBFC18E79A640079F3F1 /* error-80.png in Resources */,
				8A7CDC3B18E79A640079F3F1 /* package-40.png in Resources */,
				8A7CDC4518E79A640079F3F1 /* redo-40.png in Resources */,
				8A7CDC1E18E79A640079F3F1 /* hourglass-80.png in Resources */,
				8A7CDBEA18E79A640079F3F1 /* certificate-80.png in Resources */,
				8A7CDBDF18E79A640079F3F1 /* accept-24x24-40.png in Resources */,
				8A7CDBED18E79A640079F3F1 /* clock-40.png in Resources */,
				8A7CDC6418E79A640079F3F1 /* undo-80.png in Resources */,
				8A7CDC5F18E79A640079F3F1 /* system-log-out-40.png in Resources */,
				8A7CDC0118E79A640079F3F1 /* folder-delete-40.png in Resources */,
				8A7CDC6118E79A640079F3F1 /* terminal-40.png in Resources */,
				8A7CDC6218E79A640079F3F1 /* terminal-80.png in Resources */,
				8A7CDC4118E79A640079F3F1 /* previous-40.png in Resources */,
				8A7CDBEF18E79A640079F3F1 /* computer-40.png in Resources */,
				8A7CDC1718E79A640079F3F1 /* health-60to79-40.png in Resources */,
				8A7CDBE718E79A640079F3F1 /* bookmark-new-40.png in Resources */,
			);
			runOnlyForDeploymentPostprocessing = 0;
		};
		8AC32A1318E4F3A90002D106 /* Resources */ = {
			isa = PBXResourcesBuildPhase;
			buildActionMask = 2147483647;
			files = (
				8AC32A2218E4F3A90002D106 /* InfoPlist.strings in Resources */,
			);
			runOnlyForDeploymentPostprocessing = 0;
		};
/* End PBXResourcesBuildPhase section */

/* Begin PBXSourcesBuildPhase section */
		8AC329E518E4F3A90002D106 /* Sources */ = {
			isa = PBXSourcesBuildPhase;
			buildActionMask = 2147483647;
			files = (
				8AC32A4618E4FB6F0002D106 /* AFURLConnectionOperation.m in Sources */,
				8AC32A4118E4FB6F0002D106 /* AFHTTPRequestOperation.m in Sources */,
				8AC32A4418E4FB6F0002D106 /* AFNetworkReachabilityManager.m in Sources */,
				8AC32A4918E4FB6F0002D106 /* AFURLSessionManager.m in Sources */,
				8AC32A4718E4FB6F0002D106 /* AFURLRequestSerialization.m in Sources */,
				8AC32A0E18E4F3A90002D106 /* KDBDetailViewController.m in Sources */,
				8AC32A4818E4FB6F0002D106 /* AFURLResponseSerialization.m in Sources */,
				8AC32A0B18E4F3A90002D106 /* KDBMasterViewController.m in Sources */,
				8A7CDAD718E722940079F3F1 /* KDBViewPickerViewController.m in Sources */,
				8AC329FF18E4F3A90002D106 /* KDBAppDelegate.m in Sources */,
				8AC32A4218E4FB6F0002D106 /* AFHTTPRequestOperationManager.m in Sources */,
				8AC32A4518E4FB6F0002D106 /* AFSecurityPolicy.m in Sources */,
				8AC329FB18E4F3A90002D106 /* main.m in Sources */,
				8AC32A0818E4F3A90002D106 /* JenkinsMobile.xcdatamodeld in Sources */,
				8AC32A4318E4FB6F0002D106 /* AFHTTPSessionManager.m in Sources */,
			);
			runOnlyForDeploymentPostprocessing = 0;
		};
		8AC32A1118E4F3A90002D106 /* Sources */ = {
			isa = PBXSourcesBuildPhase;
			buildActionMask = 2147483647;
			files = (
				8AC32A2418E4F3A90002D106 /* JenkinsMobileTests.m in Sources */,
			);
			runOnlyForDeploymentPostprocessing = 0;
		};
/* End PBXSourcesBuildPhase section */

/* Begin PBXTargetDependency section */
		8AC32A1C18E4F3A90002D106 /* PBXTargetDependency */ = {
			isa = PBXTargetDependency;
			target = 8AC329E818E4F3A90002D106 /* JenkinsMobile */;
			targetProxy = 8AC32A1B18E4F3A90002D106 /* PBXContainerItemProxy */;
		};
/* End PBXTargetDependency section */

/* Begin PBXVariantGroup section */
		8AC329F718E4F3A90002D106 /* InfoPlist.strings */ = {
			isa = PBXVariantGroup;
			children = (
				8AC329F818E4F3A90002D106 /* en */,
			);
			name = InfoPlist.strings;
			sourceTree = "<group>";
		};
		8AC32A0018E4F3A90002D106 /* Main_iPhone.storyboard */ = {
			isa = PBXVariantGroup;
			children = (
				8AC32A0118E4F3A90002D106 /* Base */,
			);
			name = Main_iPhone.storyboard;
			sourceTree = "<group>";
		};
		8AC32A0318E4F3A90002D106 /* Main_iPad.storyboard */ = {
			isa = PBXVariantGroup;
			children = (
				8AC32A0418E4F3A90002D106 /* Base */,
			);
			name = Main_iPad.storyboard;
			sourceTree = "<group>";
		};
		8AC32A2018E4F3A90002D106 /* InfoPlist.strings */ = {
			isa = PBXVariantGroup;
			children = (
				8AC32A2118E4F3A90002D106 /* en */,
			);
			name = InfoPlist.strings;
			sourceTree = "<group>";
		};
/* End PBXVariantGroup section */

/* Begin XCBuildConfiguration section */
		8AC32A2518E4F3A90002D106 /* Debug */ = {
			isa = XCBuildConfiguration;
			buildSettings = {
				ALWAYS_SEARCH_USER_PATHS = NO;
				CLANG_CXX_LANGUAGE_STANDARD = "gnu++0x";
				CLANG_CXX_LIBRARY = "libc++";
				CLANG_ENABLE_MODULES = YES;
				CLANG_ENABLE_OBJC_ARC = YES;
				CLANG_WARN_BOOL_CONVERSION = YES;
				CLANG_WARN_CONSTANT_CONVERSION = YES;
				CLANG_WARN_DIRECT_OBJC_ISA_USAGE = YES_ERROR;
				CLANG_WARN_EMPTY_BODY = YES;
				CLANG_WARN_ENUM_CONVERSION = YES;
				CLANG_WARN_INT_CONVERSION = YES;
				CLANG_WARN_OBJC_ROOT_CLASS = YES_ERROR;
				CLANG_WARN__DUPLICATE_METHOD_MATCH = YES;
				"CODE_SIGN_IDENTITY[sdk=iphoneos*]" = "iPhone Developer";
				COPY_PHASE_STRIP = NO;
				GCC_C_LANGUAGE_STANDARD = gnu99;
				GCC_DYNAMIC_NO_PIC = NO;
				GCC_OPTIMIZATION_LEVEL = 0;
				GCC_PREPROCESSOR_DEFINITIONS = (
					"DEBUG=1",
					"$(inherited)",
				);
				GCC_SYMBOLS_PRIVATE_EXTERN = NO;
				GCC_WARN_64_TO_32_BIT_CONVERSION = YES;
				GCC_WARN_ABOUT_RETURN_TYPE = YES_ERROR;
				GCC_WARN_UNDECLARED_SELECTOR = YES;
				GCC_WARN_UNINITIALIZED_AUTOS = YES;
				GCC_WARN_UNUSED_FUNCTION = YES;
				GCC_WARN_UNUSED_VARIABLE = YES;
				IPHONEOS_DEPLOYMENT_TARGET = 7.1;
				ONLY_ACTIVE_ARCH = YES;
				SDKROOT = iphoneos;
				TARGETED_DEVICE_FAMILY = "1,2";
			};
			name = Debug;
		};
		8AC32A2618E4F3A90002D106 /* Release */ = {
			isa = XCBuildConfiguration;
			buildSettings = {
				ALWAYS_SEARCH_USER_PATHS = NO;
				CLANG_CXX_LANGUAGE_STANDARD = "gnu++0x";
				CLANG_CXX_LIBRARY = "libc++";
				CLANG_ENABLE_MODULES = YES;
				CLANG_ENABLE_OBJC_ARC = YES;
				CLANG_WARN_BOOL_CONVERSION = YES;
				CLANG_WARN_CONSTANT_CONVERSION = YES;
				CLANG_WARN_DIRECT_OBJC_ISA_USAGE = YES_ERROR;
				CLANG_WARN_EMPTY_BODY = YES;
				CLANG_WARN_ENUM_CONVERSION = YES;
				CLANG_WARN_INT_CONVERSION = YES;
				CLANG_WARN_OBJC_ROOT_CLASS = YES_ERROR;
				CLANG_WARN__DUPLICATE_METHOD_MATCH = YES;
				"CODE_SIGN_IDENTITY[sdk=iphoneos*]" = "iPhone Developer";
				COPY_PHASE_STRIP = YES;
				ENABLE_NS_ASSERTIONS = NO;
				GCC_C_LANGUAGE_STANDARD = gnu99;
				GCC_WARN_64_TO_32_BIT_CONVERSION = YES;
				GCC_WARN_ABOUT_RETURN_TYPE = YES_ERROR;
				GCC_WARN_UNDECLARED_SELECTOR = YES;
				GCC_WARN_UNINITIALIZED_AUTOS = YES;
				GCC_WARN_UNUSED_FUNCTION = YES;
				GCC_WARN_UNUSED_VARIABLE = YES;
				IPHONEOS_DEPLOYMENT_TARGET = 7.1;
				SDKROOT = iphoneos;
				TARGETED_DEVICE_FAMILY = "1,2";
				VALIDATE_PRODUCT = YES;
			};
			name = Release;
		};
		8AC32A2818E4F3A90002D106 /* Debug */ = {
			isa = XCBuildConfiguration;
			buildSettings = {
				ASSETCATALOG_COMPILER_APPICON_NAME = AppIcon;
				ASSETCATALOG_COMPILER_LAUNCHIMAGE_NAME = LaunchImage;
				GCC_PRECOMPILE_PREFIX_HEADER = YES;
				GCC_PREFIX_HEADER = "JenkinsMobile/JenkinsMobile-Prefix.pch";
				INFOPLIST_FILE = "JenkinsMobile/JenkinsMobile-Info.plist";
				PRODUCT_NAME = "$(TARGET_NAME)";
				WRAPPER_EXTENSION = app;
			};
			name = Debug;
		};
		8AC32A2918E4F3A90002D106 /* Release */ = {
			isa = XCBuildConfiguration;
			buildSettings = {
				ASSETCATALOG_COMPILER_APPICON_NAME = AppIcon;
				ASSETCATALOG_COMPILER_LAUNCHIMAGE_NAME = LaunchImage;
				GCC_PRECOMPILE_PREFIX_HEADER = YES;
				GCC_PREFIX_HEADER = "JenkinsMobile/JenkinsMobile-Prefix.pch";
				INFOPLIST_FILE = "JenkinsMobile/JenkinsMobile-Info.plist";
				PRODUCT_NAME = "$(TARGET_NAME)";
				WRAPPER_EXTENSION = app;
			};
			name = Release;
		};
		8AC32A2B18E4F3A90002D106 /* Debug */ = {
			isa = XCBuildConfiguration;
			buildSettings = {
				BUNDLE_LOADER = "$(BUILT_PRODUCTS_DIR)/JenkinsMobile.app/JenkinsMobile";
				FRAMEWORK_SEARCH_PATHS = (
					"$(SDKROOT)/Developer/Library/Frameworks",
					"$(inherited)",
					"$(DEVELOPER_FRAMEWORKS_DIR)",
				);
				GCC_PRECOMPILE_PREFIX_HEADER = YES;
				GCC_PREFIX_HEADER = "JenkinsMobile/JenkinsMobile-Prefix.pch";
				GCC_PREPROCESSOR_DEFINITIONS = (
					"DEBUG=1",
					"$(inherited)",
				);
				INFOPLIST_FILE = "JenkinsMobileTests/JenkinsMobileTests-Info.plist";
				PRODUCT_NAME = "$(TARGET_NAME)";
				TEST_HOST = "$(BUNDLE_LOADER)";
				WRAPPER_EXTENSION = xctest;
			};
			name = Debug;
		};
		8AC32A2C18E4F3A90002D106 /* Release */ = {
			isa = XCBuildConfiguration;
			buildSettings = {
				BUNDLE_LOADER = "$(BUILT_PRODUCTS_DIR)/JenkinsMobile.app/JenkinsMobile";
				FRAMEWORK_SEARCH_PATHS = (
					"$(SDKROOT)/Developer/Library/Frameworks",
					"$(inherited)",
					"$(DEVELOPER_FRAMEWORKS_DIR)",
				);
				GCC_PRECOMPILE_PREFIX_HEADER = YES;
				GCC_PREFIX_HEADER = "JenkinsMobile/JenkinsMobile-Prefix.pch";
				INFOPLIST_FILE = "JenkinsMobileTests/JenkinsMobileTests-Info.plist";
				PRODUCT_NAME = "$(TARGET_NAME)";
				TEST_HOST = "$(BUNDLE_LOADER)";
				WRAPPER_EXTENSION = xctest;
			};
			name = Release;
		};
/* End XCBuildConfiguration section */

/* Begin XCConfigurationList section */
		8AC329E418E4F3A90002D106 /* Build configuration list for PBXProject "JenkinsMobile" */ = {
			isa = XCConfigurationList;
			buildConfigurations = (
				8AC32A2518E4F3A90002D106 /* Debug */,
				8AC32A2618E4F3A90002D106 /* Release */,
			);
			defaultConfigurationIsVisible = 0;
			defaultConfigurationName = Release;
		};
		8AC32A2718E4F3A90002D106 /* Build configuration list for PBXNativeTarget "JenkinsMobile" */ = {
			isa = XCConfigurationList;
			buildConfigurations = (
				8AC32A2818E4F3A90002D106 /* Debug */,
				8AC32A2918E4F3A90002D106 /* Release */,
			);
			defaultConfigurationIsVisible = 0;
			defaultConfigurationName = Release;
		};
		8AC32A2A18E4F3A90002D106 /* Build configuration list for PBXNativeTarget "JenkinsMobileTests" */ = {
			isa = XCConfigurationList;
			buildConfigurations = (
				8AC32A2B18E4F3A90002D106 /* Debug */,
				8AC32A2C18E4F3A90002D106 /* Release */,
			);
			defaultConfigurationIsVisible = 0;
			defaultConfigurationName = Release;
		};
/* End XCConfigurationList section */

/* Begin XCVersionGroup section */
		8AC32A0618E4F3A90002D106 /* JenkinsMobile.xcdatamodeld */ = {
			isa = XCVersionGroup;
			children = (
				8AC32A0718E4F3A90002D106 /* JenkinsMobile.xcdatamodel */,
			);
			currentVersion = 8AC32A0718E4F3A90002D106 /* JenkinsMobile.xcdatamodel */;
			path = JenkinsMobile.xcdatamodeld;
			sourceTree = "<group>";
			versionGroupType = wrapper.xcdatamodel;
		};
/* End XCVersionGroup section */
	};
	rootObject = 8AC329E118E4F3A90002D106 /* Project object */;
}
