// !$*UTF8*$!
{
	archiveVersion = 1;
	classes = {
	};
	objectVersion = 46;
	objects = {

/* Begin PBXBuildFile section */
		8A14345118E880A2000C2DB4 /* KDBJenkinsViewsViewController.m in Sources */ = {isa = PBXBuildFile; fileRef = 8A14345018E880A2000C2DB4 /* KDBJenkinsViewsViewController.m */; };
		8A14345418E8857B000C2DB4 /* KDBJenkinsViewsScrollView.m in Sources */ = {isa = PBXBuildFile; fileRef = 8A14345318E8857B000C2DB4 /* KDBJenkinsViewsScrollView.m */; };
		8A14345718E8863E000C2DB4 /* KDBJenkinsViewTableView.m in Sources */ = {isa = PBXBuildFile; fileRef = 8A14345618E8863E000C2DB4 /* KDBJenkinsViewTableView.m */; };
		8A3CB9A918E7C39900D0D160 /* yellow.png in Resources */ = {isa = PBXBuildFile; fileRef = 8A3CB91918E7C39800D0D160 /* yellow.png */; };
		8A3CB9AA18E7C39900D0D160 /* yellow@2x.png in Resources */ = {isa = PBXBuildFile; fileRef = 8A3CB91A18E7C39800D0D160 /* yellow@2x.png */; };
		8A3CB9AB18E7C39900D0D160 /* warning.png in Resources */ = {isa = PBXBuildFile; fileRef = 8A3CB91B18E7C39800D0D160 /* warning.png */; };
		8A3CB9AC18E7C39900D0D160 /* warning@2x.png in Resources */ = {isa = PBXBuildFile; fileRef = 8A3CB91C18E7C39800D0D160 /* warning@2x.png */; };
		8A3CB9AD18E7C39900D0D160 /* video.png in Resources */ = {isa = PBXBuildFile; fileRef = 8A3CB91D18E7C39800D0D160 /* video.png */; };
		8A3CB9AE18E7C39900D0D160 /* video@2x.png in Resources */ = {isa = PBXBuildFile; fileRef = 8A3CB91E18E7C39800D0D160 /* video@2x.png */; };
		8A3CB9AF18E7C39900D0D160 /* user.png in Resources */ = {isa = PBXBuildFile; fileRef = 8A3CB91F18E7C39800D0D160 /* user.png */; };
		8A3CB9B018E7C39900D0D160 /* user@2x.png in Resources */ = {isa = PBXBuildFile; fileRef = 8A3CB92018E7C39800D0D160 /* user@2x.png */; };
		8A3CB9B118E7C39900D0D160 /* up.png in Resources */ = {isa = PBXBuildFile; fileRef = 8A3CB92118E7C39800D0D160 /* up.png */; };
		8A3CB9B218E7C39900D0D160 /* up@2x.png in Resources */ = {isa = PBXBuildFile; fileRef = 8A3CB92218E7C39800D0D160 /* up@2x.png */; };
		8A3CB9B318E7C39900D0D160 /* undo.png in Resources */ = {isa = PBXBuildFile; fileRef = 8A3CB92318E7C39800D0D160 /* undo.png */; };
		8A3CB9B418E7C39900D0D160 /* undo@2x.png in Resources */ = {isa = PBXBuildFile; fileRef = 8A3CB92418E7C39800D0D160 /* undo@2x.png */; };
		8A3CB9B518E7C39900D0D160 /* terminal.png in Resources */ = {isa = PBXBuildFile; fileRef = 8A3CB92518E7C39800D0D160 /* terminal.png */; };
		8A3CB9B618E7C39900D0D160 /* terminal@2x.png in Resources */ = {isa = PBXBuildFile; fileRef = 8A3CB92618E7C39800D0D160 /* terminal@2x.png */; };
		8A3CB9B718E7C39900D0D160 /* system-log-out.png in Resources */ = {isa = PBXBuildFile; fileRef = 8A3CB92718E7C39800D0D160 /* system-log-out.png */; };
		8A3CB9B818E7C39900D0D160 /* system-log-out@2x.png in Resources */ = {isa = PBXBuildFile; fileRef = 8A3CB92818E7C39800D0D160 /* system-log-out@2x.png */; };
		8A3CB9B918E7C39900D0D160 /* stop.png in Resources */ = {isa = PBXBuildFile; fileRef = 8A3CB92918E7C39800D0D160 /* stop.png */; };
		8A3CB9BA18E7C39900D0D160 /* stop@2x.png in Resources */ = {isa = PBXBuildFile; fileRef = 8A3CB92A18E7C39800D0D160 /* stop@2x.png */; };
		8A3CB9BB18E7C39900D0D160 /* star.png in Resources */ = {isa = PBXBuildFile; fileRef = 8A3CB92B18E7C39800D0D160 /* star.png */; };
		8A3CB9BC18E7C39900D0D160 /* star@2x.png in Resources */ = {isa = PBXBuildFile; fileRef = 8A3CB92C18E7C39800D0D160 /* star@2x.png */; };
		8A3CB9BD18E7C39900D0D160 /* star-large.png in Resources */ = {isa = PBXBuildFile; fileRef = 8A3CB92D18E7C39800D0D160 /* star-large.png */; };
		8A3CB9BE18E7C39900D0D160 /* star-large@2x.png in Resources */ = {isa = PBXBuildFile; fileRef = 8A3CB92E18E7C39800D0D160 /* star-large@2x.png */; };
		8A3CB9BF18E7C39900D0D160 /* star-large-gold.png in Resources */ = {isa = PBXBuildFile; fileRef = 8A3CB92F18E7C39800D0D160 /* star-large-gold.png */; };
		8A3CB9C018E7C39900D0D160 /* star-large-gold@2x.png in Resources */ = {isa = PBXBuildFile; fileRef = 8A3CB93018E7C39800D0D160 /* star-large-gold@2x.png */; };
		8A3CB9C118E7C39900D0D160 /* star-gold.png in Resources */ = {isa = PBXBuildFile; fileRef = 8A3CB93118E7C39800D0D160 /* star-gold.png */; };
		8A3CB9C218E7C39900D0D160 /* star-gold@2x.png in Resources */ = {isa = PBXBuildFile; fileRef = 8A3CB93218E7C39800D0D160 /* star-gold@2x.png */; };
		8A3CB9C318E7C39900D0D160 /* shield.png in Resources */ = {isa = PBXBuildFile; fileRef = 8A3CB93318E7C39800D0D160 /* shield.png */; };
		8A3CB9C418E7C39900D0D160 /* shield@2x.png in Resources */ = {isa = PBXBuildFile; fileRef = 8A3CB93418E7C39800D0D160 /* shield@2x.png */; };
		8A3CB9C518E7C39900D0D160 /* setting.png in Resources */ = {isa = PBXBuildFile; fileRef = 8A3CB93518E7C39800D0D160 /* setting.png */; };
		8A3CB9C618E7C39900D0D160 /* setting@2x.png in Resources */ = {isa = PBXBuildFile; fileRef = 8A3CB93618E7C39800D0D160 /* setting@2x.png */; };
		8A3CB9C718E7C39900D0D160 /* secure.png in Resources */ = {isa = PBXBuildFile; fileRef = 8A3CB93718E7C39800D0D160 /* secure.png */; };
		8A3CB9C818E7C39900D0D160 /* secure@2x.png in Resources */ = {isa = PBXBuildFile; fileRef = 8A3CB93818E7C39800D0D160 /* secure@2x.png */; };
		8A3CB9C918E7C39900D0D160 /* search.png in Resources */ = {isa = PBXBuildFile; fileRef = 8A3CB93918E7C39800D0D160 /* search.png */; };
		8A3CB9CA18E7C39900D0D160 /* search@2x.png in Resources */ = {isa = PBXBuildFile; fileRef = 8A3CB93A18E7C39800D0D160 /* search@2x.png */; };
		8A3CB9CB18E7C39900D0D160 /* save.png in Resources */ = {isa = PBXBuildFile; fileRef = 8A3CB93B18E7C39800D0D160 /* save.png */; };
		8A3CB9CC18E7C39900D0D160 /* save@2x.png in Resources */ = {isa = PBXBuildFile; fileRef = 8A3CB93C18E7C39800D0D160 /* save@2x.png */; };
		8A3CB9CD18E7C39900D0D160 /* save-new.png in Resources */ = {isa = PBXBuildFile; fileRef = 8A3CB93D18E7C39800D0D160 /* save-new.png */; };
		8A3CB9CE18E7C39900D0D160 /* save-new@2x.png in Resources */ = {isa = PBXBuildFile; fileRef = 8A3CB93E18E7C39800D0D160 /* save-new@2x.png */; };
		8A3CB9CF18E7C39900D0D160 /* refresh.png in Resources */ = {isa = PBXBuildFile; fileRef = 8A3CB93F18E7C39800D0D160 /* refresh.png */; };
		8A3CB9D018E7C39900D0D160 /* refresh@2x.png in Resources */ = {isa = PBXBuildFile; fileRef = 8A3CB94018E7C39800D0D160 /* refresh@2x.png */; };
		8A3CB9D118E7C39900D0D160 /* red.png in Resources */ = {isa = PBXBuildFile; fileRef = 8A3CB94118E7C39800D0D160 /* red.png */; };
		8A3CB9D218E7C39900D0D160 /* red@2x.png in Resources */ = {isa = PBXBuildFile; fileRef = 8A3CB94218E7C39800D0D160 /* red@2x.png */; };
		8A3CB9D318E7C39900D0D160 /* redo.png in Resources */ = {isa = PBXBuildFile; fileRef = 8A3CB94318E7C39800D0D160 /* redo.png */; };
		8A3CB9D418E7C39900D0D160 /* redo@2x.png in Resources */ = {isa = PBXBuildFile; fileRef = 8A3CB94418E7C39800D0D160 /* redo@2x.png */; };
		8A3CB9D518E7C39900D0D160 /* previous.png in Resources */ = {isa = PBXBuildFile; fileRef = 8A3CB94518E7C39800D0D160 /* previous.png */; };
		8A3CB9D618E7C39900D0D160 /* previous@2x.png in Resources */ = {isa = PBXBuildFile; fileRef = 8A3CB94618E7C39800D0D160 /* previous@2x.png */; };
		8A3CB9D718E7C39900D0D160 /* plugin.png in Resources */ = {isa = PBXBuildFile; fileRef = 8A3CB94718E7C39800D0D160 /* plugin.png */; };
		8A3CB9D818E7C39900D0D160 /* plugin@2x.png in Resources */ = {isa = PBXBuildFile; fileRef = 8A3CB94818E7C39800D0D160 /* plugin@2x.png */; };
		8A3CB9D918E7C39900D0D160 /* person.png in Resources */ = {isa = PBXBuildFile; fileRef = 8A3CB94918E7C39800D0D160 /* person.png */; };
		8A3CB9DA18E7C39900D0D160 /* person@2x.png in Resources */ = {isa = PBXBuildFile; fileRef = 8A3CB94A18E7C39800D0D160 /* person@2x.png */; };
		8A3CB9DB18E7C39900D0D160 /* package.png in Resources */ = {isa = PBXBuildFile; fileRef = 8A3CB94B18E7C39800D0D160 /* package.png */; };
		8A3CB9DC18E7C39900D0D160 /* package@2x.png in Resources */ = {isa = PBXBuildFile; fileRef = 8A3CB94C18E7C39800D0D160 /* package@2x.png */; };
		8A3CB9DD18E7C39900D0D160 /* orange-square.png in Resources */ = {isa = PBXBuildFile; fileRef = 8A3CB94D18E7C39800D0D160 /* orange-square.png */; };
		8A3CB9DE18E7C39900D0D160 /* orange-square@2x.png in Resources */ = {isa = PBXBuildFile; fileRef = 8A3CB94E18E7C39800D0D160 /* orange-square@2x.png */; };
		8A3CB9DF18E7C39900D0D160 /* nothing.png in Resources */ = {isa = PBXBuildFile; fileRef = 8A3CB94F18E7C39800D0D160 /* nothing.png */; };
		8A3CB9E018E7C39900D0D160 /* nothing@2x.png in Resources */ = {isa = PBXBuildFile; fileRef = 8A3CB95018E7C39800D0D160 /* nothing@2x.png */; };
		8A3CB9E118E7C39900D0D160 /* notepad.png in Resources */ = {isa = PBXBuildFile; fileRef = 8A3CB95118E7C39800D0D160 /* notepad.png */; };
		8A3CB9E218E7C39900D0D160 /* notepad@2x.png in Resources */ = {isa = PBXBuildFile; fileRef = 8A3CB95218E7C39800D0D160 /* notepad@2x.png */; };
		8A3CB9E318E7C39900D0D160 /* next.png in Resources */ = {isa = PBXBuildFile; fileRef = 8A3CB95318E7C39800D0D160 /* next.png */; };
		8A3CB9E418E7C39900D0D160 /* next@2x.png in Resources */ = {isa = PBXBuildFile; fileRef = 8A3CB95418E7C39800D0D160 /* next@2x.png */; };
		8A3CB9E518E7C39900D0D160 /* new-user.png in Resources */ = {isa = PBXBuildFile; fileRef = 8A3CB95518E7C39800D0D160 /* new-user.png */; };
		8A3CB9E618E7C39900D0D160 /* new-user@2x.png in Resources */ = {isa = PBXBuildFile; fileRef = 8A3CB95618E7C39800D0D160 /* new-user@2x.png */; };
		8A3CB9E718E7C39900D0D160 /* new-package.png in Resources */ = {isa = PBXBuildFile; fileRef = 8A3CB95718E7C39800D0D160 /* new-package.png */; };
		8A3CB9E818E7C39900D0D160 /* new-package@2x.png in Resources */ = {isa = PBXBuildFile; fileRef = 8A3CB95818E7C39800D0D160 /* new-package@2x.png */; };
		8A3CB9E918E7C39900D0D160 /* new-document.png in Resources */ = {isa = PBXBuildFile; fileRef = 8A3CB95918E7C39800D0D160 /* new-document.png */; };
		8A3CB9EA18E7C39900D0D160 /* new-document@2x.png in Resources */ = {isa = PBXBuildFile; fileRef = 8A3CB95A18E7C39800D0D160 /* new-document@2x.png */; };
		8A3CB9EB18E7C39900D0D160 /* new-computer.png in Resources */ = {isa = PBXBuildFile; fileRef = 8A3CB95B18E7C39800D0D160 /* new-computer.png */; };
		8A3CB9EC18E7C39900D0D160 /* new-computer@2x.png in Resources */ = {isa = PBXBuildFile; fileRef = 8A3CB95C18E7C39800D0D160 /* new-computer@2x.png */; };
		8A3CB9ED18E7C39900D0D160 /* network.png in Resources */ = {isa = PBXBuildFile; fileRef = 8A3CB95D18E7C39800D0D160 /* network.png */; };
		8A3CB9EE18E7C39900D0D160 /* network@2x.png in Resources */ = {isa = PBXBuildFile; fileRef = 8A3CB95E18E7C39800D0D160 /* network@2x.png */; };
		8A3CB9EF18E7C39900D0D160 /* monitor.png in Resources */ = {isa = PBXBuildFile; fileRef = 8A3CB95F18E7C39800D0D160 /* monitor.png */; };
		8A3CB9F018E7C39900D0D160 /* monitor@2x.png in Resources */ = {isa = PBXBuildFile; fileRef = 8A3CB96018E7C39800D0D160 /* monitor@2x.png */; };
		8A3CB9F118E7C39900D0D160 /* logo.png in Resources */ = {isa = PBXBuildFile; fileRef = 8A3CB96118E7C39800D0D160 /* logo.png */; };
		8A3CB9F218E7C39900D0D160 /* logo@2x.png in Resources */ = {isa = PBXBuildFile; fileRef = 8A3CB96218E7C39800D0D160 /* logo@2x.png */; };
		8A3CB9F318E7C39900D0D160 /* lock.png in Resources */ = {isa = PBXBuildFile; fileRef = 8A3CB96318E7C39800D0D160 /* lock.png */; };
		8A3CB9F418E7C39900D0D160 /* lock@2x.png in Resources */ = {isa = PBXBuildFile; fileRef = 8A3CB96418E7C39800D0D160 /* lock@2x.png */; };
		8A3CB9F518E7C39900D0D160 /* keys.png in Resources */ = {isa = PBXBuildFile; fileRef = 8A3CB96518E7C39800D0D160 /* keys.png */; };
		8A3CB9F618E7C39900D0D160 /* keys@2x.png in Resources */ = {isa = PBXBuildFile; fileRef = 8A3CB96618E7C39800D0D160 /* keys@2x.png */; };
		8A3CB9F718E7C39900D0D160 /* installer.png in Resources */ = {isa = PBXBuildFile; fileRef = 8A3CB96718E7C39800D0D160 /* installer.png */; };
		8A3CB9F818E7C39900D0D160 /* installer@2x.png in Resources */ = {isa = PBXBuildFile; fileRef = 8A3CB96818E7C39800D0D160 /* installer@2x.png */; };
		8A3CB9F918E7C39900D0D160 /* hourglass.png in Resources */ = {isa = PBXBuildFile; fileRef = 8A3CB96918E7C39800D0D160 /* hourglass.png */; };
		8A3CB9FA18E7C39900D0D160 /* hourglass@2x.png in Resources */ = {isa = PBXBuildFile; fileRef = 8A3CB96A18E7C39800D0D160 /* hourglass@2x.png */; };
		8A3CB9FB18E7C39900D0D160 /* help.png in Resources */ = {isa = PBXBuildFile; fileRef = 8A3CB96B18E7C39800D0D160 /* help.png */; };
		8A3CB9FC18E7C39900D0D160 /* help@2x.png in Resources */ = {isa = PBXBuildFile; fileRef = 8A3CB96C18E7C39800D0D160 /* help@2x.png */; };
		8A3CB9FD18E7C39900D0D160 /* health-80plus.png in Resources */ = {isa = PBXBuildFile; fileRef = 8A3CB96D18E7C39800D0D160 /* health-80plus.png */; };
		8A3CB9FE18E7C39900D0D160 /* health-80plus@2x.png in Resources */ = {isa = PBXBuildFile; fileRef = 8A3CB96E18E7C39800D0D160 /* health-80plus@2x.png */; };
		8A3CB9FF18E7C39900D0D160 /* health-60to79.png in Resources */ = {isa = PBXBuildFile; fileRef = 8A3CB96F18E7C39800D0D160 /* health-60to79.png */; };
		8A3CBA0018E7C39900D0D160 /* health-60to79@2x.png in Resources */ = {isa = PBXBuildFile; fileRef = 8A3CB97018E7C39800D0D160 /* health-60to79@2x.png */; };
		8A3CBA0118E7C39900D0D160 /* health-40to59.png in Resources */ = {isa = PBXBuildFile; fileRef = 8A3CB97118E7C39800D0D160 /* health-40to59.png */; };
		8A3CBA0218E7C39900D0D160 /* health-40to59@2x.png in Resources */ = {isa = PBXBuildFile; fileRef = 8A3CB97218E7C39800D0D160 /* health-40to59@2x.png */; };
		8A3CBA0318E7C39900D0D160 /* health-20to39.png in Resources */ = {isa = PBXBuildFile; fileRef = 8A3CB97318E7C39800D0D160 /* health-20to39.png */; };
		8A3CBA0418E7C39900D0D160 /* health-20to39@2x.png in Resources */ = {isa = PBXBuildFile; fileRef = 8A3CB97418E7C39800D0D160 /* health-20to39@2x.png */; };
		8A3CBA0518E7C39900D0D160 /* health-00to19.png in Resources */ = {isa = PBXBuildFile; fileRef = 8A3CB97518E7C39800D0D160 /* health-00to19.png */; };
		8A3CBA0618E7C39900D0D160 /* health-00to19@2x.png in Resources */ = {isa = PBXBuildFile; fileRef = 8A3CB97618E7C39800D0D160 /* health-00to19@2x.png */; };
		8A3CBA0718E7C39900D0D160 /* headshot.png in Resources */ = {isa = PBXBuildFile; fileRef = 8A3CB97718E7C39800D0D160 /* headshot.png */; };
		8A3CBA0818E7C39900D0D160 /* headshot@2x.png in Resources */ = {isa = PBXBuildFile; fileRef = 8A3CB97818E7C39800D0D160 /* headshot@2x.png */; };
		8A3CBA0918E7C39900D0D160 /* headless.png in Resources */ = {isa = PBXBuildFile; fileRef = 8A3CB97918E7C39800D0D160 /* headless.png */; };
		8A3CBA0A18E7C39900D0D160 /* headless@2x.png in Resources */ = {isa = PBXBuildFile; fileRef = 8A3CB97A18E7C39800D0D160 /* headless@2x.png */; };
		8A3CBA0B18E7C39900D0D160 /* grey.png in Resources */ = {isa = PBXBuildFile; fileRef = 8A3CB97B18E7C39800D0D160 /* grey.png */; };
		8A3CBA0C18E7C39900D0D160 /* grey@2x.png in Resources */ = {isa = PBXBuildFile; fileRef = 8A3CB97C18E7C39800D0D160 /* grey@2x.png */; };
		8A3CBA0D18E7C39900D0D160 /* green.png in Resources */ = {isa = PBXBuildFile; fileRef = 8A3CB97D18E7C39800D0D160 /* green.png */; };
		8A3CBA0E18E7C39900D0D160 /* green@2x.png in Resources */ = {isa = PBXBuildFile; fileRef = 8A3CB97E18E7C39800D0D160 /* green@2x.png */; };
		8A3CBA0F18E7C39900D0D160 /* graph.png in Resources */ = {isa = PBXBuildFile; fileRef = 8A3CB97F18E7C39800D0D160 /* graph.png */; };
		8A3CBA1018E7C39900D0D160 /* graph@2x.png in Resources */ = {isa = PBXBuildFile; fileRef = 8A3CB98018E7C39800D0D160 /* graph@2x.png */; };
		8A3CBA1118E7C39900D0D160 /* gear.png in Resources */ = {isa = PBXBuildFile; fileRef = 8A3CB98118E7C39800D0D160 /* gear.png */; };
		8A3CBA1218E7C39900D0D160 /* gear@2x.png in Resources */ = {isa = PBXBuildFile; fileRef = 8A3CB98218E7C39800D0D160 /* gear@2x.png */; };
		8A3CBA1318E7C39900D0D160 /* gear2.png in Resources */ = {isa = PBXBuildFile; fileRef = 8A3CB98318E7C39800D0D160 /* gear2.png */; };
		8A3CBA1418E7C39900D0D160 /* gear2@2x.png in Resources */ = {isa = PBXBuildFile; fileRef = 8A3CB98418E7C39800D0D160 /* gear2@2x.png */; };
		8A3CBA1518E7C39900D0D160 /* folder.png in Resources */ = {isa = PBXBuildFile; fileRef = 8A3CB98518E7C39800D0D160 /* folder.png */; };
		8A3CBA1618E7C39900D0D160 /* folder@2x.png in Resources */ = {isa = PBXBuildFile; fileRef = 8A3CB98618E7C39800D0D160 /* folder@2x.png */; };
		8A3CBA1718E7C39900D0D160 /* folder-delete.png in Resources */ = {isa = PBXBuildFile; fileRef = 8A3CB98718E7C39900D0D160 /* folder-delete.png */; };
		8A3CBA1818E7C39900D0D160 /* folder-delete@2x.png in Resources */ = {isa = PBXBuildFile; fileRef = 8A3CB98818E7C39900D0D160 /* folder-delete@2x.png */; };
		8A3CBA1918E7C39900D0D160 /* fingerprint.png in Resources */ = {isa = PBXBuildFile; fileRef = 8A3CB98918E7C39900D0D160 /* fingerprint.png */; };
		8A3CBA1A18E7C39900D0D160 /* fingerprint@2x.png in Resources */ = {isa = PBXBuildFile; fileRef = 8A3CB98A18E7C39900D0D160 /* fingerprint@2x.png */; };
		8A3CBA1B18E7C39900D0D160 /* error.png in Resources */ = {isa = PBXBuildFile; fileRef = 8A3CB98B18E7C39900D0D160 /* error.png */; };
		8A3CBA1C18E7C39900D0D160 /* error@2x.png in Resources */ = {isa = PBXBuildFile; fileRef = 8A3CB98C18E7C39900D0D160 /* error@2x.png */; };
		8A3CBA1D18E7C39900D0D160 /* emblem-urgent.png in Resources */ = {isa = PBXBuildFile; fileRef = 8A3CB98D18E7C39900D0D160 /* emblem-urgent.png */; };
		8A3CBA1E18E7C39900D0D160 /* emblem-urgent@2x.png in Resources */ = {isa = PBXBuildFile; fileRef = 8A3CB98E18E7C39900D0D160 /* emblem-urgent@2x.png */; };
		8A3CBA1F18E7C39900D0D160 /* edit-delete.png in Resources */ = {isa = PBXBuildFile; fileRef = 8A3CB98F18E7C39900D0D160 /* edit-delete.png */; };
		8A3CBA2018E7C39900D0D160 /* edit-delete@2x.png in Resources */ = {isa = PBXBuildFile; fileRef = 8A3CB99018E7C39900D0D160 /* edit-delete@2x.png */; };
		8A3CBA2118E7C39900D0D160 /* document.png in Resources */ = {isa = PBXBuildFile; fileRef = 8A3CB99118E7C39900D0D160 /* document.png */; };
		8A3CBA2218E7C39900D0D160 /* document@2x.png in Resources */ = {isa = PBXBuildFile; fileRef = 8A3CB99218E7C39900D0D160 /* document@2x.png */; };
		8A3CBA2318E7C39900D0D160 /* delete-document.png in Resources */ = {isa = PBXBuildFile; fileRef = 8A3CB99318E7C39900D0D160 /* delete-document.png */; };
		8A3CBA2418E7C39900D0D160 /* delete-document@2x.png in Resources */ = {isa = PBXBuildFile; fileRef = 8A3CB99418E7C39900D0D160 /* delete-document@2x.png */; };
		8A3CBA2518E7C39900D0D160 /* computer-x.png in Resources */ = {isa = PBXBuildFile; fileRef = 8A3CB99518E7C39900D0D160 /* computer-x.png */; };
		8A3CBA2618E7C39900D0D160 /* computer-x@2x.png in Resources */ = {isa = PBXBuildFile; fileRef = 8A3CB99618E7C39900D0D160 /* computer-x@2x.png */; };
		8A3CBA2718E7C39900D0D160 /* computer.png in Resources */ = {isa = PBXBuildFile; fileRef = 8A3CB99718E7C39900D0D160 /* computer.png */; };
		8A3CBA2818E7C39900D0D160 /* computer@2x.png in Resources */ = {isa = PBXBuildFile; fileRef = 8A3CB99818E7C39900D0D160 /* computer@2x.png */; };
		8A3CBA2918E7C39900D0D160 /* clock.png in Resources */ = {isa = PBXBuildFile; fileRef = 8A3CB99918E7C39900D0D160 /* clock.png */; };
		8A3CBA2A18E7C39900D0D160 /* clock@2x.png in Resources */ = {isa = PBXBuildFile; fileRef = 8A3CB99A18E7C39900D0D160 /* clock@2x.png */; };
		8A3CBA2B18E7C39900D0D160 /* clipboard.png in Resources */ = {isa = PBXBuildFile; fileRef = 8A3CB99B18E7C39900D0D160 /* clipboard.png */; };
		8A3CBA2C18E7C39900D0D160 /* clipboard@2x.png in Resources */ = {isa = PBXBuildFile; fileRef = 8A3CB99C18E7C39900D0D160 /* clipboard@2x.png */; };
		8A3CBA2D18E7C39900D0D160 /* certificate.png in Resources */ = {isa = PBXBuildFile; fileRef = 8A3CB99D18E7C39900D0D160 /* certificate.png */; };
		8A3CBA2E18E7C39900D0D160 /* certificate@2x.png in Resources */ = {isa = PBXBuildFile; fileRef = 8A3CB99E18E7C39900D0D160 /* certificate@2x.png */; };
		8A3CBA2F18E7C39900D0D160 /* bookmark-new.png in Resources */ = {isa = PBXBuildFile; fileRef = 8A3CB99F18E7C39900D0D160 /* bookmark-new.png */; };
		8A3CBA3018E7C39900D0D160 /* bookmark-new@2x.png in Resources */ = {isa = PBXBuildFile; fileRef = 8A3CB9A018E7C39900D0D160 /* bookmark-new@2x.png */; };
		8A3CBA3118E7C39900D0D160 /* blue.png in Resources */ = {isa = PBXBuildFile; fileRef = 8A3CB9A118E7C39900D0D160 /* blue.png */; };
		8A3CBA3218E7C39900D0D160 /* blue@2x.png in Resources */ = {isa = PBXBuildFile; fileRef = 8A3CB9A218E7C39900D0D160 /* blue@2x.png */; };
		8A3CBA3318E7C39900D0D160 /* application-certificate.png in Resources */ = {isa = PBXBuildFile; fileRef = 8A3CB9A318E7C39900D0D160 /* application-certificate.png */; };
		8A3CBA3418E7C39900D0D160 /* application-certificate@2x.png in Resources */ = {isa = PBXBuildFile; fileRef = 8A3CB9A418E7C39900D0D160 /* application-certificate@2x.png */; };
		8A3CBA3518E7C39900D0D160 /* accept.png in Resources */ = {isa = PBXBuildFile; fileRef = 8A3CB9A518E7C39900D0D160 /* accept.png */; };
		8A3CBA3618E7C39900D0D160 /* accept@2x.png in Resources */ = {isa = PBXBuildFile; fileRef = 8A3CB9A618E7C39900D0D160 /* accept@2x.png */; };
		8A3CBA3718E7C39900D0D160 /* accept-24x24.png in Resources */ = {isa = PBXBuildFile; fileRef = 8A3CB9A718E7C39900D0D160 /* accept-24x24.png */; };
		8A3CBA3818E7C39900D0D160 /* accept-24x24@2x.png in Resources */ = {isa = PBXBuildFile; fileRef = 8A3CB9A818E7C39900D0D160 /* accept-24x24@2x.png */; };
		8A3CBA3B18E7C57C00D0D160 /* notbuilt.png in Resources */ = {isa = PBXBuildFile; fileRef = 8A3CBA3918E7C57C00D0D160 /* notbuilt.png */; };
		8A3CBA3C18E7C57C00D0D160 /* notbuilt@2x.png in Resources */ = {isa = PBXBuildFile; fileRef = 8A3CBA3A18E7C57C00D0D160 /* notbuilt@2x.png */; };
		8A5A224D18F20A3A001FA8EB /* JenkinsInstance.m in Sources */ = {isa = PBXBuildFile; fileRef = 8A5A224C18F20A3A001FA8EB /* JenkinsInstance.m */; };
		8A7CDAD718E722940079F3F1 /* KDBViewPickerViewController.m in Sources */ = {isa = PBXBuildFile; fileRef = 8A7CDAD618E722940079F3F1 /* KDBViewPickerViewController.m */; };
		8AC329ED18E4F3A90002D106 /* Foundation.framework in Frameworks */ = {isa = PBXBuildFile; fileRef = 8AC329EC18E4F3A90002D106 /* Foundation.framework */; };
		8AC329EF18E4F3A90002D106 /* CoreGraphics.framework in Frameworks */ = {isa = PBXBuildFile; fileRef = 8AC329EE18E4F3A90002D106 /* CoreGraphics.framework */; };
		8AC329F118E4F3A90002D106 /* UIKit.framework in Frameworks */ = {isa = PBXBuildFile; fileRef = 8AC329F018E4F3A90002D106 /* UIKit.framework */; };
		8AC329F318E4F3A90002D106 /* CoreData.framework in Frameworks */ = {isa = PBXBuildFile; fileRef = 8AC329F218E4F3A90002D106 /* CoreData.framework */; };
		8AC329F918E4F3A90002D106 /* InfoPlist.strings in Resources */ = {isa = PBXBuildFile; fileRef = 8AC329F718E4F3A90002D106 /* InfoPlist.strings */; };
		8AC329FB18E4F3A90002D106 /* main.m in Sources */ = {isa = PBXBuildFile; fileRef = 8AC329FA18E4F3A90002D106 /* main.m */; };
		8AC329FF18E4F3A90002D106 /* KDBAppDelegate.m in Sources */ = {isa = PBXBuildFile; fileRef = 8AC329FE18E4F3A90002D106 /* KDBAppDelegate.m */; };
		8AC32A0218E4F3A90002D106 /* Main_iPhone.storyboard in Resources */ = {isa = PBXBuildFile; fileRef = 8AC32A0018E4F3A90002D106 /* Main_iPhone.storyboard */; };
		8AC32A0518E4F3A90002D106 /* Main_iPad.storyboard in Resources */ = {isa = PBXBuildFile; fileRef = 8AC32A0318E4F3A90002D106 /* Main_iPad.storyboard */; };
		8AC32A0818E4F3A90002D106 /* JenkinsMobile.xcdatamodeld in Sources */ = {isa = PBXBuildFile; fileRef = 8AC32A0618E4F3A90002D106 /* JenkinsMobile.xcdatamodeld */; };
		8AC32A0B18E4F3A90002D106 /* KDBMasterViewController.m in Sources */ = {isa = PBXBuildFile; fileRef = 8AC32A0A18E4F3A90002D106 /* KDBMasterViewController.m */; };
		8AC32A0E18E4F3A90002D106 /* KDBDetailViewController.m in Sources */ = {isa = PBXBuildFile; fileRef = 8AC32A0D18E4F3A90002D106 /* KDBDetailViewController.m */; };
		8AC32A1018E4F3A90002D106 /* Images.xcassets in Resources */ = {isa = PBXBuildFile; fileRef = 8AC32A0F18E4F3A90002D106 /* Images.xcassets */; };
		8AC32A1718E4F3A90002D106 /* XCTest.framework in Frameworks */ = {isa = PBXBuildFile; fileRef = 8AC32A1618E4F3A90002D106 /* XCTest.framework */; };
		8AC32A1818E4F3A90002D106 /* Foundation.framework in Frameworks */ = {isa = PBXBuildFile; fileRef = 8AC329EC18E4F3A90002D106 /* Foundation.framework */; };
		8AC32A1918E4F3A90002D106 /* UIKit.framework in Frameworks */ = {isa = PBXBuildFile; fileRef = 8AC329F018E4F3A90002D106 /* UIKit.framework */; };
		8AC32A1A18E4F3A90002D106 /* CoreData.framework in Frameworks */ = {isa = PBXBuildFile; fileRef = 8AC329F218E4F3A90002D106 /* CoreData.framework */; };
		8AC32A2418E4F3A90002D106 /* JenkinsMobileTests.m in Sources */ = {isa = PBXBuildFile; fileRef = 8AC32A2318E4F3A90002D106 /* JenkinsMobileTests.m */; };
		8AC32A4118E4FB6F0002D106 /* AFHTTPRequestOperation.m in Sources */ = {isa = PBXBuildFile; fileRef = 8AC32A2F18E4FB6F0002D106 /* AFHTTPRequestOperation.m */; };
		8AC32A4218E4FB6F0002D106 /* AFHTTPRequestOperationManager.m in Sources */ = {isa = PBXBuildFile; fileRef = 8AC32A3118E4FB6F0002D106 /* AFHTTPRequestOperationManager.m */; };
		8AC32A4318E4FB6F0002D106 /* AFHTTPSessionManager.m in Sources */ = {isa = PBXBuildFile; fileRef = 8AC32A3318E4FB6F0002D106 /* AFHTTPSessionManager.m */; };
		8AC32A4418E4FB6F0002D106 /* AFNetworkReachabilityManager.m in Sources */ = {isa = PBXBuildFile; fileRef = 8AC32A3618E4FB6F0002D106 /* AFNetworkReachabilityManager.m */; };
		8AC32A4518E4FB6F0002D106 /* AFSecurityPolicy.m in Sources */ = {isa = PBXBuildFile; fileRef = 8AC32A3818E4FB6F0002D106 /* AFSecurityPolicy.m */; };
		8AC32A4618E4FB6F0002D106 /* AFURLConnectionOperation.m in Sources */ = {isa = PBXBuildFile; fileRef = 8AC32A3A18E4FB6F0002D106 /* AFURLConnectionOperation.m */; };
		8AC32A4718E4FB6F0002D106 /* AFURLRequestSerialization.m in Sources */ = {isa = PBXBuildFile; fileRef = 8AC32A3C18E4FB6F0002D106 /* AFURLRequestSerialization.m */; };
		8AC32A4818E4FB6F0002D106 /* AFURLResponseSerialization.m in Sources */ = {isa = PBXBuildFile; fileRef = 8AC32A3E18E4FB6F0002D106 /* AFURLResponseSerialization.m */; };
		8AC32A4918E4FB6F0002D106 /* AFURLSessionManager.m in Sources */ = {isa = PBXBuildFile; fileRef = 8AC32A4018E4FB6F0002D106 /* AFURLSessionManager.m */; };
		8AE3B95C18EF6D5F00E061C1 /* KDBJenkinsRequestHandler.m in Sources */ = {isa = PBXBuildFile; fileRef = 8AE3B95B18EF6D5F00E061C1 /* KDBJenkinsRequestHandler.m */; };
		8AE3B96218EF80CA00E061C1 /* View.m in Sources */ = {isa = PBXBuildFile; fileRef = 8AE3B96118EF80CA00E061C1 /* View.m */; };
		8AEBC1DB18FC396100105308 /* Build.m in Sources */ = {isa = PBXBuildFile; fileRef = 8AEBC1DA18FC396100105308 /* Build.m */; };
		8AF3843618FD7B9D00022254 /* Job.m in Sources */ = {isa = PBXBuildFile; fileRef = 8AF3843518FD7B9D00022254 /* Job.m */; };
/* End PBXBuildFile section */

/* Begin PBXContainerItemProxy section */
		8AC32A1B18E4F3A90002D106 /* PBXContainerItemProxy */ = {
			isa = PBXContainerItemProxy;
			containerPortal = 8AC329E118E4F3A90002D106 /* Project object */;
			proxyType = 1;
			remoteGlobalIDString = 8AC329E818E4F3A90002D106;
			remoteInfo = JenkinsMobile;
		};
/* End PBXContainerItemProxy section */

/* Begin PBXFileReference section */
		8A14344F18E880A2000C2DB4 /* KDBJenkinsViewsViewController.h */ = {isa = PBXFileReference; fileEncoding = 4; lastKnownFileType = sourcecode.c.h; path = KDBJenkinsViewsViewController.h; sourceTree = "<group>"; };
		8A14345018E880A2000C2DB4 /* KDBJenkinsViewsViewController.m */ = {isa = PBXFileReference; fileEncoding = 4; lastKnownFileType = sourcecode.c.objc; path = KDBJenkinsViewsViewController.m; sourceTree = "<group>"; };
		8A14345218E8857B000C2DB4 /* KDBJenkinsViewsScrollView.h */ = {isa = PBXFileReference; fileEncoding = 4; lastKnownFileType = sourcecode.c.h; path = KDBJenkinsViewsScrollView.h; sourceTree = "<group>"; };
		8A14345318E8857B000C2DB4 /* KDBJenkinsViewsScrollView.m */ = {isa = PBXFileReference; fileEncoding = 4; lastKnownFileType = sourcecode.c.objc; path = KDBJenkinsViewsScrollView.m; sourceTree = "<group>"; };
		8A14345518E8863E000C2DB4 /* KDBJenkinsViewTableView.h */ = {isa = PBXFileReference; fileEncoding = 4; lastKnownFileType = sourcecode.c.h; path = KDBJenkinsViewTableView.h; sourceTree = "<group>"; };
		8A14345618E8863E000C2DB4 /* KDBJenkinsViewTableView.m */ = {isa = PBXFileReference; fileEncoding = 4; lastKnownFileType = sourcecode.c.objc; path = KDBJenkinsViewTableView.m; sourceTree = "<group>"; };
		8A3CB91918E7C39800D0D160 /* yellow.png */ = {isa = PBXFileReference; lastKnownFileType = image.png; path = yellow.png; sourceTree = "<group>"; };
		8A3CB91A18E7C39800D0D160 /* yellow@2x.png */ = {isa = PBXFileReference; lastKnownFileType = image.png; path = "yellow@2x.png"; sourceTree = "<group>"; };
		8A3CB91B18E7C39800D0D160 /* warning.png */ = {isa = PBXFileReference; lastKnownFileType = image.png; path = warning.png; sourceTree = "<group>"; };
		8A3CB91C18E7C39800D0D160 /* warning@2x.png */ = {isa = PBXFileReference; lastKnownFileType = image.png; path = "warning@2x.png"; sourceTree = "<group>"; };
		8A3CB91D18E7C39800D0D160 /* video.png */ = {isa = PBXFileReference; lastKnownFileType = image.png; path = video.png; sourceTree = "<group>"; };
		8A3CB91E18E7C39800D0D160 /* video@2x.png */ = {isa = PBXFileReference; lastKnownFileType = image.png; path = "video@2x.png"; sourceTree = "<group>"; };
		8A3CB91F18E7C39800D0D160 /* user.png */ = {isa = PBXFileReference; lastKnownFileType = image.png; path = user.png; sourceTree = "<group>"; };
		8A3CB92018E7C39800D0D160 /* user@2x.png */ = {isa = PBXFileReference; lastKnownFileType = image.png; path = "user@2x.png"; sourceTree = "<group>"; };
		8A3CB92118E7C39800D0D160 /* up.png */ = {isa = PBXFileReference; lastKnownFileType = image.png; path = up.png; sourceTree = "<group>"; };
		8A3CB92218E7C39800D0D160 /* up@2x.png */ = {isa = PBXFileReference; lastKnownFileType = image.png; path = "up@2x.png"; sourceTree = "<group>"; };
		8A3CB92318E7C39800D0D160 /* undo.png */ = {isa = PBXFileReference; lastKnownFileType = image.png; path = undo.png; sourceTree = "<group>"; };
		8A3CB92418E7C39800D0D160 /* undo@2x.png */ = {isa = PBXFileReference; lastKnownFileType = image.png; path = "undo@2x.png"; sourceTree = "<group>"; };
		8A3CB92518E7C39800D0D160 /* terminal.png */ = {isa = PBXFileReference; lastKnownFileType = image.png; path = terminal.png; sourceTree = "<group>"; };
		8A3CB92618E7C39800D0D160 /* terminal@2x.png */ = {isa = PBXFileReference; lastKnownFileType = image.png; path = "terminal@2x.png"; sourceTree = "<group>"; };
		8A3CB92718E7C39800D0D160 /* system-log-out.png */ = {isa = PBXFileReference; lastKnownFileType = image.png; path = "system-log-out.png"; sourceTree = "<group>"; };
		8A3CB92818E7C39800D0D160 /* system-log-out@2x.png */ = {isa = PBXFileReference; lastKnownFileType = image.png; path = "system-log-out@2x.png"; sourceTree = "<group>"; };
		8A3CB92918E7C39800D0D160 /* stop.png */ = {isa = PBXFileReference; lastKnownFileType = image.png; path = stop.png; sourceTree = "<group>"; };
		8A3CB92A18E7C39800D0D160 /* stop@2x.png */ = {isa = PBXFileReference; lastKnownFileType = image.png; path = "stop@2x.png"; sourceTree = "<group>"; };
		8A3CB92B18E7C39800D0D160 /* star.png */ = {isa = PBXFileReference; lastKnownFileType = image.png; path = star.png; sourceTree = "<group>"; };
		8A3CB92C18E7C39800D0D160 /* star@2x.png */ = {isa = PBXFileReference; lastKnownFileType = image.png; path = "star@2x.png"; sourceTree = "<group>"; };
		8A3CB92D18E7C39800D0D160 /* star-large.png */ = {isa = PBXFileReference; lastKnownFileType = image.png; path = "star-large.png"; sourceTree = "<group>"; };
		8A3CB92E18E7C39800D0D160 /* star-large@2x.png */ = {isa = PBXFileReference; lastKnownFileType = image.png; path = "star-large@2x.png"; sourceTree = "<group>"; };
		8A3CB92F18E7C39800D0D160 /* star-large-gold.png */ = {isa = PBXFileReference; lastKnownFileType = image.png; path = "star-large-gold.png"; sourceTree = "<group>"; };
		8A3CB93018E7C39800D0D160 /* star-large-gold@2x.png */ = {isa = PBXFileReference; lastKnownFileType = image.png; path = "star-large-gold@2x.png"; sourceTree = "<group>"; };
		8A3CB93118E7C39800D0D160 /* star-gold.png */ = {isa = PBXFileReference; lastKnownFileType = image.png; path = "star-gold.png"; sourceTree = "<group>"; };
		8A3CB93218E7C39800D0D160 /* star-gold@2x.png */ = {isa = PBXFileReference; lastKnownFileType = image.png; path = "star-gold@2x.png"; sourceTree = "<group>"; };
		8A3CB93318E7C39800D0D160 /* shield.png */ = {isa = PBXFileReference; lastKnownFileType = image.png; path = shield.png; sourceTree = "<group>"; };
		8A3CB93418E7C39800D0D160 /* shield@2x.png */ = {isa = PBXFileReference; lastKnownFileType = image.png; path = "shield@2x.png"; sourceTree = "<group>"; };
		8A3CB93518E7C39800D0D160 /* setting.png */ = {isa = PBXFileReference; lastKnownFileType = image.png; path = setting.png; sourceTree = "<group>"; };
		8A3CB93618E7C39800D0D160 /* setting@2x.png */ = {isa = PBXFileReference; lastKnownFileType = image.png; path = "setting@2x.png"; sourceTree = "<group>"; };
		8A3CB93718E7C39800D0D160 /* secure.png */ = {isa = PBXFileReference; lastKnownFileType = image.png; path = secure.png; sourceTree = "<group>"; };
		8A3CB93818E7C39800D0D160 /* secure@2x.png */ = {isa = PBXFileReference; lastKnownFileType = image.png; path = "secure@2x.png"; sourceTree = "<group>"; };
		8A3CB93918E7C39800D0D160 /* search.png */ = {isa = PBXFileReference; lastKnownFileType = image.png; path = search.png; sourceTree = "<group>"; };
		8A3CB93A18E7C39800D0D160 /* search@2x.png */ = {isa = PBXFileReference; lastKnownFileType = image.png; path = "search@2x.png"; sourceTree = "<group>"; };
		8A3CB93B18E7C39800D0D160 /* save.png */ = {isa = PBXFileReference; lastKnownFileType = image.png; path = save.png; sourceTree = "<group>"; };
		8A3CB93C18E7C39800D0D160 /* save@2x.png */ = {isa = PBXFileReference; lastKnownFileType = image.png; path = "save@2x.png"; sourceTree = "<group>"; };
		8A3CB93D18E7C39800D0D160 /* save-new.png */ = {isa = PBXFileReference; lastKnownFileType = image.png; path = "save-new.png"; sourceTree = "<group>"; };
		8A3CB93E18E7C39800D0D160 /* save-new@2x.png */ = {isa = PBXFileReference; lastKnownFileType = image.png; path = "save-new@2x.png"; sourceTree = "<group>"; };
		8A3CB93F18E7C39800D0D160 /* refresh.png */ = {isa = PBXFileReference; lastKnownFileType = image.png; path = refresh.png; sourceTree = "<group>"; };
		8A3CB94018E7C39800D0D160 /* refresh@2x.png */ = {isa = PBXFileReference; lastKnownFileType = image.png; path = "refresh@2x.png"; sourceTree = "<group>"; };
		8A3CB94118E7C39800D0D160 /* red.png */ = {isa = PBXFileReference; lastKnownFileType = image.png; path = red.png; sourceTree = "<group>"; };
		8A3CB94218E7C39800D0D160 /* red@2x.png */ = {isa = PBXFileReference; lastKnownFileType = image.png; path = "red@2x.png"; sourceTree = "<group>"; };
		8A3CB94318E7C39800D0D160 /* redo.png */ = {isa = PBXFileReference; lastKnownFileType = image.png; path = redo.png; sourceTree = "<group>"; };
		8A3CB94418E7C39800D0D160 /* redo@2x.png */ = {isa = PBXFileReference; lastKnownFileType = image.png; path = "redo@2x.png"; sourceTree = "<group>"; };
		8A3CB94518E7C39800D0D160 /* previous.png */ = {isa = PBXFileReference; lastKnownFileType = image.png; path = previous.png; sourceTree = "<group>"; };
		8A3CB94618E7C39800D0D160 /* previous@2x.png */ = {isa = PBXFileReference; lastKnownFileType = image.png; path = "previous@2x.png"; sourceTree = "<group>"; };
		8A3CB94718E7C39800D0D160 /* plugin.png */ = {isa = PBXFileReference; lastKnownFileType = image.png; path = plugin.png; sourceTree = "<group>"; };
		8A3CB94818E7C39800D0D160 /* plugin@2x.png */ = {isa = PBXFileReference; lastKnownFileType = image.png; path = "plugin@2x.png"; sourceTree = "<group>"; };
		8A3CB94918E7C39800D0D160 /* person.png */ = {isa = PBXFileReference; lastKnownFileType = image.png; path = person.png; sourceTree = "<group>"; };
		8A3CB94A18E7C39800D0D160 /* person@2x.png */ = {isa = PBXFileReference; lastKnownFileType = image.png; path = "person@2x.png"; sourceTree = "<group>"; };
		8A3CB94B18E7C39800D0D160 /* package.png */ = {isa = PBXFileReference; lastKnownFileType = image.png; path = package.png; sourceTree = "<group>"; };
		8A3CB94C18E7C39800D0D160 /* package@2x.png */ = {isa = PBXFileReference; lastKnownFileType = image.png; path = "package@2x.png"; sourceTree = "<group>"; };
		8A3CB94D18E7C39800D0D160 /* orange-square.png */ = {isa = PBXFileReference; lastKnownFileType = image.png; path = "orange-square.png"; sourceTree = "<group>"; };
		8A3CB94E18E7C39800D0D160 /* orange-square@2x.png */ = {isa = PBXFileReference; lastKnownFileType = image.png; path = "orange-square@2x.png"; sourceTree = "<group>"; };
		8A3CB94F18E7C39800D0D160 /* nothing.png */ = {isa = PBXFileReference; lastKnownFileType = image.png; path = nothing.png; sourceTree = "<group>"; };
		8A3CB95018E7C39800D0D160 /* nothing@2x.png */ = {isa = PBXFileReference; lastKnownFileType = image.png; path = "nothing@2x.png"; sourceTree = "<group>"; };
		8A3CB95118E7C39800D0D160 /* notepad.png */ = {isa = PBXFileReference; lastKnownFileType = image.png; path = notepad.png; sourceTree = "<group>"; };
		8A3CB95218E7C39800D0D160 /* notepad@2x.png */ = {isa = PBXFileReference; lastKnownFileType = image.png; path = "notepad@2x.png"; sourceTree = "<group>"; };
		8A3CB95318E7C39800D0D160 /* next.png */ = {isa = PBXFileReference; lastKnownFileType = image.png; path = next.png; sourceTree = "<group>"; };
		8A3CB95418E7C39800D0D160 /* next@2x.png */ = {isa = PBXFileReference; lastKnownFileType = image.png; path = "next@2x.png"; sourceTree = "<group>"; };
		8A3CB95518E7C39800D0D160 /* new-user.png */ = {isa = PBXFileReference; lastKnownFileType = image.png; path = "new-user.png"; sourceTree = "<group>"; };
		8A3CB95618E7C39800D0D160 /* new-user@2x.png */ = {isa = PBXFileReference; lastKnownFileType = image.png; path = "new-user@2x.png"; sourceTree = "<group>"; };
		8A3CB95718E7C39800D0D160 /* new-package.png */ = {isa = PBXFileReference; lastKnownFileType = image.png; path = "new-package.png"; sourceTree = "<group>"; };
		8A3CB95818E7C39800D0D160 /* new-package@2x.png */ = {isa = PBXFileReference; lastKnownFileType = image.png; path = "new-package@2x.png"; sourceTree = "<group>"; };
		8A3CB95918E7C39800D0D160 /* new-document.png */ = {isa = PBXFileReference; lastKnownFileType = image.png; path = "new-document.png"; sourceTree = "<group>"; };
		8A3CB95A18E7C39800D0D160 /* new-document@2x.png */ = {isa = PBXFileReference; lastKnownFileType = image.png; path = "new-document@2x.png"; sourceTree = "<group>"; };
		8A3CB95B18E7C39800D0D160 /* new-computer.png */ = {isa = PBXFileReference; lastKnownFileType = image.png; path = "new-computer.png"; sourceTree = "<group>"; };
		8A3CB95C18E7C39800D0D160 /* new-computer@2x.png */ = {isa = PBXFileReference; lastKnownFileType = image.png; path = "new-computer@2x.png"; sourceTree = "<group>"; };
		8A3CB95D18E7C39800D0D160 /* network.png */ = {isa = PBXFileReference; lastKnownFileType = image.png; path = network.png; sourceTree = "<group>"; };
		8A3CB95E18E7C39800D0D160 /* network@2x.png */ = {isa = PBXFileReference; lastKnownFileType = image.png; path = "network@2x.png"; sourceTree = "<group>"; };
		8A3CB95F18E7C39800D0D160 /* monitor.png */ = {isa = PBXFileReference; lastKnownFileType = image.png; path = monitor.png; sourceTree = "<group>"; };
		8A3CB96018E7C39800D0D160 /* monitor@2x.png */ = {isa = PBXFileReference; lastKnownFileType = image.png; path = "monitor@2x.png"; sourceTree = "<group>"; };
		8A3CB96118E7C39800D0D160 /* logo.png */ = {isa = PBXFileReference; lastKnownFileType = image.png; path = logo.png; sourceTree = "<group>"; };
		8A3CB96218E7C39800D0D160 /* logo@2x.png */ = {isa = PBXFileReference; lastKnownFileType = image.png; path = "logo@2x.png"; sourceTree = "<group>"; };
		8A3CB96318E7C39800D0D160 /* lock.png */ = {isa = PBXFileReference; lastKnownFileType = image.png; path = lock.png; sourceTree = "<group>"; };
		8A3CB96418E7C39800D0D160 /* lock@2x.png */ = {isa = PBXFileReference; lastKnownFileType = image.png; path = "lock@2x.png"; sourceTree = "<group>"; };
		8A3CB96518E7C39800D0D160 /* keys.png */ = {isa = PBXFileReference; lastKnownFileType = image.png; path = keys.png; sourceTree = "<group>"; };
		8A3CB96618E7C39800D0D160 /* keys@2x.png */ = {isa = PBXFileReference; lastKnownFileType = image.png; path = "keys@2x.png"; sourceTree = "<group>"; };
		8A3CB96718E7C39800D0D160 /* installer.png */ = {isa = PBXFileReference; lastKnownFileType = image.png; path = installer.png; sourceTree = "<group>"; };
		8A3CB96818E7C39800D0D160 /* installer@2x.png */ = {isa = PBXFileReference; lastKnownFileType = image.png; path = "installer@2x.png"; sourceTree = "<group>"; };
		8A3CB96918E7C39800D0D160 /* hourglass.png */ = {isa = PBXFileReference; lastKnownFileType = image.png; path = hourglass.png; sourceTree = "<group>"; };
		8A3CB96A18E7C39800D0D160 /* hourglass@2x.png */ = {isa = PBXFileReference; lastKnownFileType = image.png; path = "hourglass@2x.png"; sourceTree = "<group>"; };
		8A3CB96B18E7C39800D0D160 /* help.png */ = {isa = PBXFileReference; lastKnownFileType = image.png; path = help.png; sourceTree = "<group>"; };
		8A3CB96C18E7C39800D0D160 /* help@2x.png */ = {isa = PBXFileReference; lastKnownFileType = image.png; path = "help@2x.png"; sourceTree = "<group>"; };
		8A3CB96D18E7C39800D0D160 /* health-80plus.png */ = {isa = PBXFileReference; lastKnownFileType = image.png; path = "health-80plus.png"; sourceTree = "<group>"; };
		8A3CB96E18E7C39800D0D160 /* health-80plus@2x.png */ = {isa = PBXFileReference; lastKnownFileType = image.png; path = "health-80plus@2x.png"; sourceTree = "<group>"; };
		8A3CB96F18E7C39800D0D160 /* health-60to79.png */ = {isa = PBXFileReference; lastKnownFileType = image.png; path = "health-60to79.png"; sourceTree = "<group>"; };
		8A3CB97018E7C39800D0D160 /* health-60to79@2x.png */ = {isa = PBXFileReference; lastKnownFileType = image.png; path = "health-60to79@2x.png"; sourceTree = "<group>"; };
		8A3CB97118E7C39800D0D160 /* health-40to59.png */ = {isa = PBXFileReference; lastKnownFileType = image.png; path = "health-40to59.png"; sourceTree = "<group>"; };
		8A3CB97218E7C39800D0D160 /* health-40to59@2x.png */ = {isa = PBXFileReference; lastKnownFileType = image.png; path = "health-40to59@2x.png"; sourceTree = "<group>"; };
		8A3CB97318E7C39800D0D160 /* health-20to39.png */ = {isa = PBXFileReference; lastKnownFileType = image.png; path = "health-20to39.png"; sourceTree = "<group>"; };
		8A3CB97418E7C39800D0D160 /* health-20to39@2x.png */ = {isa = PBXFileReference; lastKnownFileType = image.png; path = "health-20to39@2x.png"; sourceTree = "<group>"; };
		8A3CB97518E7C39800D0D160 /* health-00to19.png */ = {isa = PBXFileReference; lastKnownFileType = image.png; path = "health-00to19.png"; sourceTree = "<group>"; };
		8A3CB97618E7C39800D0D160 /* health-00to19@2x.png */ = {isa = PBXFileReference; lastKnownFileType = image.png; path = "health-00to19@2x.png"; sourceTree = "<group>"; };
		8A3CB97718E7C39800D0D160 /* headshot.png */ = {isa = PBXFileReference; lastKnownFileType = image.png; path = headshot.png; sourceTree = "<group>"; };
		8A3CB97818E7C39800D0D160 /* headshot@2x.png */ = {isa = PBXFileReference; lastKnownFileType = image.png; path = "headshot@2x.png"; sourceTree = "<group>"; };
		8A3CB97918E7C39800D0D160 /* headless.png */ = {isa = PBXFileReference; lastKnownFileType = image.png; path = headless.png; sourceTree = "<group>"; };
		8A3CB97A18E7C39800D0D160 /* headless@2x.png */ = {isa = PBXFileReference; lastKnownFileType = image.png; path = "headless@2x.png"; sourceTree = "<group>"; };
		8A3CB97B18E7C39800D0D160 /* grey.png */ = {isa = PBXFileReference; lastKnownFileType = image.png; path = grey.png; sourceTree = "<group>"; };
		8A3CB97C18E7C39800D0D160 /* grey@2x.png */ = {isa = PBXFileReference; lastKnownFileType = image.png; path = "grey@2x.png"; sourceTree = "<group>"; };
		8A3CB97D18E7C39800D0D160 /* green.png */ = {isa = PBXFileReference; lastKnownFileType = image.png; path = green.png; sourceTree = "<group>"; };
		8A3CB97E18E7C39800D0D160 /* green@2x.png */ = {isa = PBXFileReference; lastKnownFileType = image.png; path = "green@2x.png"; sourceTree = "<group>"; };
		8A3CB97F18E7C39800D0D160 /* graph.png */ = {isa = PBXFileReference; lastKnownFileType = image.png; path = graph.png; sourceTree = "<group>"; };
		8A3CB98018E7C39800D0D160 /* graph@2x.png */ = {isa = PBXFileReference; lastKnownFileType = image.png; path = "graph@2x.png"; sourceTree = "<group>"; };
		8A3CB98118E7C39800D0D160 /* gear.png */ = {isa = PBXFileReference; lastKnownFileType = image.png; path = gear.png; sourceTree = "<group>"; };
		8A3CB98218E7C39800D0D160 /* gear@2x.png */ = {isa = PBXFileReference; lastKnownFileType = image.png; path = "gear@2x.png"; sourceTree = "<group>"; };
		8A3CB98318E7C39800D0D160 /* gear2.png */ = {isa = PBXFileReference; lastKnownFileType = image.png; path = gear2.png; sourceTree = "<group>"; };
		8A3CB98418E7C39800D0D160 /* gear2@2x.png */ = {isa = PBXFileReference; lastKnownFileType = image.png; path = "gear2@2x.png"; sourceTree = "<group>"; };
		8A3CB98518E7C39800D0D160 /* folder.png */ = {isa = PBXFileReference; lastKnownFileType = image.png; path = folder.png; sourceTree = "<group>"; };
		8A3CB98618E7C39800D0D160 /* folder@2x.png */ = {isa = PBXFileReference; lastKnownFileType = image.png; path = "folder@2x.png"; sourceTree = "<group>"; };
		8A3CB98718E7C39900D0D160 /* folder-delete.png */ = {isa = PBXFileReference; lastKnownFileType = image.png; path = "folder-delete.png"; sourceTree = "<group>"; };
		8A3CB98818E7C39900D0D160 /* folder-delete@2x.png */ = {isa = PBXFileReference; lastKnownFileType = image.png; path = "folder-delete@2x.png"; sourceTree = "<group>"; };
		8A3CB98918E7C39900D0D160 /* fingerprint.png */ = {isa = PBXFileReference; lastKnownFileType = image.png; path = fingerprint.png; sourceTree = "<group>"; };
		8A3CB98A18E7C39900D0D160 /* fingerprint@2x.png */ = {isa = PBXFileReference; lastKnownFileType = image.png; path = "fingerprint@2x.png"; sourceTree = "<group>"; };
		8A3CB98B18E7C39900D0D160 /* error.png */ = {isa = PBXFileReference; lastKnownFileType = image.png; path = error.png; sourceTree = "<group>"; };
		8A3CB98C18E7C39900D0D160 /* error@2x.png */ = {isa = PBXFileReference; lastKnownFileType = image.png; path = "error@2x.png"; sourceTree = "<group>"; };
		8A3CB98D18E7C39900D0D160 /* emblem-urgent.png */ = {isa = PBXFileReference; lastKnownFileType = image.png; path = "emblem-urgent.png"; sourceTree = "<group>"; };
		8A3CB98E18E7C39900D0D160 /* emblem-urgent@2x.png */ = {isa = PBXFileReference; lastKnownFileType = image.png; path = "emblem-urgent@2x.png"; sourceTree = "<group>"; };
		8A3CB98F18E7C39900D0D160 /* edit-delete.png */ = {isa = PBXFileReference; lastKnownFileType = image.png; path = "edit-delete.png"; sourceTree = "<group>"; };
		8A3CB99018E7C39900D0D160 /* edit-delete@2x.png */ = {isa = PBXFileReference; lastKnownFileType = image.png; path = "edit-delete@2x.png"; sourceTree = "<group>"; };
		8A3CB99118E7C39900D0D160 /* document.png */ = {isa = PBXFileReference; lastKnownFileType = image.png; path = document.png; sourceTree = "<group>"; };
		8A3CB99218E7C39900D0D160 /* document@2x.png */ = {isa = PBXFileReference; lastKnownFileType = image.png; path = "document@2x.png"; sourceTree = "<group>"; };
		8A3CB99318E7C39900D0D160 /* delete-document.png */ = {isa = PBXFileReference; lastKnownFileType = image.png; path = "delete-document.png"; sourceTree = "<group>"; };
		8A3CB99418E7C39900D0D160 /* delete-document@2x.png */ = {isa = PBXFileReference; lastKnownFileType = image.png; path = "delete-document@2x.png"; sourceTree = "<group>"; };
		8A3CB99518E7C39900D0D160 /* computer-x.png */ = {isa = PBXFileReference; lastKnownFileType = image.png; path = "computer-x.png"; sourceTree = "<group>"; };
		8A3CB99618E7C39900D0D160 /* computer-x@2x.png */ = {isa = PBXFileReference; lastKnownFileType = image.png; path = "computer-x@2x.png"; sourceTree = "<group>"; };
		8A3CB99718E7C39900D0D160 /* computer.png */ = {isa = PBXFileReference; lastKnownFileType = image.png; path = computer.png; sourceTree = "<group>"; };
		8A3CB99818E7C39900D0D160 /* computer@2x.png */ = {isa = PBXFileReference; lastKnownFileType = image.png; path = "computer@2x.png"; sourceTree = "<group>"; };
		8A3CB99918E7C39900D0D160 /* clock.png */ = {isa = PBXFileReference; lastKnownFileType = image.png; path = clock.png; sourceTree = "<group>"; };
		8A3CB99A18E7C39900D0D160 /* clock@2x.png */ = {isa = PBXFileReference; lastKnownFileType = image.png; path = "clock@2x.png"; sourceTree = "<group>"; };
		8A3CB99B18E7C39900D0D160 /* clipboard.png */ = {isa = PBXFileReference; lastKnownFileType = image.png; path = clipboard.png; sourceTree = "<group>"; };
		8A3CB99C18E7C39900D0D160 /* clipboard@2x.png */ = {isa = PBXFileReference; lastKnownFileType = image.png; path = "clipboard@2x.png"; sourceTree = "<group>"; };
		8A3CB99D18E7C39900D0D160 /* certificate.png */ = {isa = PBXFileReference; lastKnownFileType = image.png; path = certificate.png; sourceTree = "<group>"; };
		8A3CB99E18E7C39900D0D160 /* certificate@2x.png */ = {isa = PBXFileReference; lastKnownFileType = image.png; path = "certificate@2x.png"; sourceTree = "<group>"; };
		8A3CB99F18E7C39900D0D160 /* bookmark-new.png */ = {isa = PBXFileReference; lastKnownFileType = image.png; path = "bookmark-new.png"; sourceTree = "<group>"; };
		8A3CB9A018E7C39900D0D160 /* bookmark-new@2x.png */ = {isa = PBXFileReference; lastKnownFileType = image.png; path = "bookmark-new@2x.png"; sourceTree = "<group>"; };
		8A3CB9A118E7C39900D0D160 /* blue.png */ = {isa = PBXFileReference; lastKnownFileType = image.png; path = blue.png; sourceTree = "<group>"; };
		8A3CB9A218E7C39900D0D160 /* blue@2x.png */ = {isa = PBXFileReference; lastKnownFileType = image.png; path = "blue@2x.png"; sourceTree = "<group>"; };
		8A3CB9A318E7C39900D0D160 /* application-certificate.png */ = {isa = PBXFileReference; lastKnownFileType = image.png; path = "application-certificate.png"; sourceTree = "<group>"; };
		8A3CB9A418E7C39900D0D160 /* application-certificate@2x.png */ = {isa = PBXFileReference; lastKnownFileType = image.png; path = "application-certificate@2x.png"; sourceTree = "<group>"; };
		8A3CB9A518E7C39900D0D160 /* accept.png */ = {isa = PBXFileReference; lastKnownFileType = image.png; path = accept.png; sourceTree = "<group>"; };
		8A3CB9A618E7C39900D0D160 /* accept@2x.png */ = {isa = PBXFileReference; lastKnownFileType = image.png; path = "accept@2x.png"; sourceTree = "<group>"; };
		8A3CB9A718E7C39900D0D160 /* accept-24x24.png */ = {isa = PBXFileReference; lastKnownFileType = image.png; path = "accept-24x24.png"; sourceTree = "<group>"; };
		8A3CB9A818E7C39900D0D160 /* accept-24x24@2x.png */ = {isa = PBXFileReference; lastKnownFileType = image.png; path = "accept-24x24@2x.png"; sourceTree = "<group>"; };
		8A3CBA3918E7C57C00D0D160 /* notbuilt.png */ = {isa = PBXFileReference; lastKnownFileType = image.png; path = notbuilt.png; sourceTree = "<group>"; };
		8A3CBA3A18E7C57C00D0D160 /* notbuilt@2x.png */ = {isa = PBXFileReference; lastKnownFileType = image.png; path = "notbuilt@2x.png"; sourceTree = "<group>"; };
		8A5A224B18F20A3A001FA8EB /* JenkinsInstance.h */ = {isa = PBXFileReference; fileEncoding = 4; lastKnownFileType = sourcecode.c.h; path = JenkinsInstance.h; sourceTree = "<group>"; };
		8A5A224C18F20A3A001FA8EB /* JenkinsInstance.m */ = {isa = PBXFileReference; fileEncoding = 4; lastKnownFileType = sourcecode.c.objc; path = JenkinsInstance.m; sourceTree = "<group>"; };
		8A7CDAD518E722940079F3F1 /* KDBViewPickerViewController.h */ = {isa = PBXFileReference; fileEncoding = 4; lastKnownFileType = sourcecode.c.h; path = KDBViewPickerViewController.h; sourceTree = "<group>"; };
		8A7CDAD618E722940079F3F1 /* KDBViewPickerViewController.m */ = {isa = PBXFileReference; fileEncoding = 4; lastKnownFileType = sourcecode.c.objc; path = KDBViewPickerViewController.m; sourceTree = "<group>"; };
		8AC329E918E4F3A90002D106 /* JenkinsMobile.app */ = {isa = PBXFileReference; explicitFileType = wrapper.application; includeInIndex = 0; path = JenkinsMobile.app; sourceTree = BUILT_PRODUCTS_DIR; };
		8AC329EC18E4F3A90002D106 /* Foundation.framework */ = {isa = PBXFileReference; lastKnownFileType = wrapper.framework; name = Foundation.framework; path = System/Library/Frameworks/Foundation.framework; sourceTree = SDKROOT; };
		8AC329EE18E4F3A90002D106 /* CoreGraphics.framework */ = {isa = PBXFileReference; lastKnownFileType = wrapper.framework; name = CoreGraphics.framework; path = System/Library/Frameworks/CoreGraphics.framework; sourceTree = SDKROOT; };
		8AC329F018E4F3A90002D106 /* UIKit.framework */ = {isa = PBXFileReference; lastKnownFileType = wrapper.framework; name = UIKit.framework; path = System/Library/Frameworks/UIKit.framework; sourceTree = SDKROOT; };
		8AC329F218E4F3A90002D106 /* CoreData.framework */ = {isa = PBXFileReference; lastKnownFileType = wrapper.framework; name = CoreData.framework; path = System/Library/Frameworks/CoreData.framework; sourceTree = SDKROOT; };
		8AC329F618E4F3A90002D106 /* JenkinsMobile-Info.plist */ = {isa = PBXFileReference; lastKnownFileType = text.plist.xml; path = "JenkinsMobile-Info.plist"; sourceTree = "<group>"; };
		8AC329F818E4F3A90002D106 /* en */ = {isa = PBXFileReference; lastKnownFileType = text.plist.strings; name = en; path = en.lproj/InfoPlist.strings; sourceTree = "<group>"; };
		8AC329FA18E4F3A90002D106 /* main.m */ = {isa = PBXFileReference; lastKnownFileType = sourcecode.c.objc; path = main.m; sourceTree = "<group>"; };
		8AC329FC18E4F3A90002D106 /* JenkinsMobile-Prefix.pch */ = {isa = PBXFileReference; lastKnownFileType = sourcecode.c.h; path = "JenkinsMobile-Prefix.pch"; sourceTree = "<group>"; };
		8AC329FD18E4F3A90002D106 /* KDBAppDelegate.h */ = {isa = PBXFileReference; lastKnownFileType = sourcecode.c.h; path = KDBAppDelegate.h; sourceTree = "<group>"; };
		8AC329FE18E4F3A90002D106 /* KDBAppDelegate.m */ = {isa = PBXFileReference; lastKnownFileType = sourcecode.c.objc; path = KDBAppDelegate.m; sourceTree = "<group>"; };
		8AC32A0118E4F3A90002D106 /* Base */ = {isa = PBXFileReference; lastKnownFileType = file.storyboard; name = Base; path = Base.lproj/Main_iPhone.storyboard; sourceTree = "<group>"; };
		8AC32A0418E4F3A90002D106 /* Base */ = {isa = PBXFileReference; lastKnownFileType = file.storyboard; name = Base; path = Base.lproj/Main_iPad.storyboard; sourceTree = "<group>"; };
		8AC32A0718E4F3A90002D106 /* JenkinsMobile.xcdatamodel */ = {isa = PBXFileReference; lastKnownFileType = wrapper.xcdatamodel; path = JenkinsMobile.xcdatamodel; sourceTree = "<group>"; };
		8AC32A0918E4F3A90002D106 /* KDBMasterViewController.h */ = {isa = PBXFileReference; lastKnownFileType = sourcecode.c.h; path = KDBMasterViewController.h; sourceTree = "<group>"; };
		8AC32A0A18E4F3A90002D106 /* KDBMasterViewController.m */ = {isa = PBXFileReference; lastKnownFileType = sourcecode.c.objc; path = KDBMasterViewController.m; sourceTree = "<group>"; };
		8AC32A0C18E4F3A90002D106 /* KDBDetailViewController.h */ = {isa = PBXFileReference; lastKnownFileType = sourcecode.c.h; path = KDBDetailViewController.h; sourceTree = "<group>"; };
		8AC32A0D18E4F3A90002D106 /* KDBDetailViewController.m */ = {isa = PBXFileReference; lastKnownFileType = sourcecode.c.objc; path = KDBDetailViewController.m; sourceTree = "<group>"; };
		8AC32A0F18E4F3A90002D106 /* Images.xcassets */ = {isa = PBXFileReference; lastKnownFileType = folder.assetcatalog; path = Images.xcassets; sourceTree = "<group>"; };
		8AC32A1518E4F3A90002D106 /* JenkinsMobileTests.xctest */ = {isa = PBXFileReference; explicitFileType = wrapper.cfbundle; includeInIndex = 0; path = JenkinsMobileTests.xctest; sourceTree = BUILT_PRODUCTS_DIR; };
		8AC32A1618E4F3A90002D106 /* XCTest.framework */ = {isa = PBXFileReference; lastKnownFileType = wrapper.framework; name = XCTest.framework; path = Library/Frameworks/XCTest.framework; sourceTree = DEVELOPER_DIR; };
		8AC32A2318E4F3A90002D106 /* JenkinsMobileTests.m */ = {isa = PBXFileReference; lastKnownFileType = sourcecode.c.objc; path = JenkinsMobileTests.m; sourceTree = "<group>"; };
		8AC32A2E18E4FB6F0002D106 /* AFHTTPRequestOperation.h */ = {isa = PBXFileReference; fileEncoding = 4; lastKnownFileType = sourcecode.c.h; path = AFHTTPRequestOperation.h; sourceTree = "<group>"; };
		8AC32A2F18E4FB6F0002D106 /* AFHTTPRequestOperation.m */ = {isa = PBXFileReference; fileEncoding = 4; lastKnownFileType = sourcecode.c.objc; path = AFHTTPRequestOperation.m; sourceTree = "<group>"; };
		8AC32A3018E4FB6F0002D106 /* AFHTTPRequestOperationManager.h */ = {isa = PBXFileReference; fileEncoding = 4; lastKnownFileType = sourcecode.c.h; path = AFHTTPRequestOperationManager.h; sourceTree = "<group>"; };
		8AC32A3118E4FB6F0002D106 /* AFHTTPRequestOperationManager.m */ = {isa = PBXFileReference; fileEncoding = 4; lastKnownFileType = sourcecode.c.objc; path = AFHTTPRequestOperationManager.m; sourceTree = "<group>"; };
		8AC32A3218E4FB6F0002D106 /* AFHTTPSessionManager.h */ = {isa = PBXFileReference; fileEncoding = 4; lastKnownFileType = sourcecode.c.h; path = AFHTTPSessionManager.h; sourceTree = "<group>"; };
		8AC32A3318E4FB6F0002D106 /* AFHTTPSessionManager.m */ = {isa = PBXFileReference; fileEncoding = 4; lastKnownFileType = sourcecode.c.objc; path = AFHTTPSessionManager.m; sourceTree = "<group>"; };
		8AC32A3418E4FB6F0002D106 /* AFNetworking.h */ = {isa = PBXFileReference; fileEncoding = 4; lastKnownFileType = sourcecode.c.h; path = AFNetworking.h; sourceTree = "<group>"; };
		8AC32A3518E4FB6F0002D106 /* AFNetworkReachabilityManager.h */ = {isa = PBXFileReference; fileEncoding = 4; lastKnownFileType = sourcecode.c.h; path = AFNetworkReachabilityManager.h; sourceTree = "<group>"; };
		8AC32A3618E4FB6F0002D106 /* AFNetworkReachabilityManager.m */ = {isa = PBXFileReference; fileEncoding = 4; lastKnownFileType = sourcecode.c.objc; path = AFNetworkReachabilityManager.m; sourceTree = "<group>"; };
		8AC32A3718E4FB6F0002D106 /* AFSecurityPolicy.h */ = {isa = PBXFileReference; fileEncoding = 4; lastKnownFileType = sourcecode.c.h; path = AFSecurityPolicy.h; sourceTree = "<group>"; };
		8AC32A3818E4FB6F0002D106 /* AFSecurityPolicy.m */ = {isa = PBXFileReference; fileEncoding = 4; lastKnownFileType = sourcecode.c.objc; path = AFSecurityPolicy.m; sourceTree = "<group>"; };
		8AC32A3918E4FB6F0002D106 /* AFURLConnectionOperation.h */ = {isa = PBXFileReference; fileEncoding = 4; lastKnownFileType = sourcecode.c.h; path = AFURLConnectionOperation.h; sourceTree = "<group>"; };
		8AC32A3A18E4FB6F0002D106 /* AFURLConnectionOperation.m */ = {isa = PBXFileReference; fileEncoding = 4; lastKnownFileType = sourcecode.c.objc; path = AFURLConnectionOperation.m; sourceTree = "<group>"; };
		8AC32A3B18E4FB6F0002D106 /* AFURLRequestSerialization.h */ = {isa = PBXFileReference; fileEncoding = 4; lastKnownFileType = sourcecode.c.h; path = AFURLRequestSerialization.h; sourceTree = "<group>"; };
		8AC32A3C18E4FB6F0002D106 /* AFURLRequestSerialization.m */ = {isa = PBXFileReference; fileEncoding = 4; lastKnownFileType = sourcecode.c.objc; path = AFURLRequestSerialization.m; sourceTree = "<group>"; };
		8AC32A3D18E4FB6F0002D106 /* AFURLResponseSerialization.h */ = {isa = PBXFileReference; fileEncoding = 4; lastKnownFileType = sourcecode.c.h; path = AFURLResponseSerialization.h; sourceTree = "<group>"; };
		8AC32A3E18E4FB6F0002D106 /* AFURLResponseSerialization.m */ = {isa = PBXFileReference; fileEncoding = 4; lastKnownFileType = sourcecode.c.objc; path = AFURLResponseSerialization.m; sourceTree = "<group>"; };
		8AC32A3F18E4FB6F0002D106 /* AFURLSessionManager.h */ = {isa = PBXFileReference; fileEncoding = 4; lastKnownFileType = sourcecode.c.h; path = AFURLSessionManager.h; sourceTree = "<group>"; };
		8AC32A4018E4FB6F0002D106 /* AFURLSessionManager.m */ = {isa = PBXFileReference; fileEncoding = 4; lastKnownFileType = sourcecode.c.objc; path = AFURLSessionManager.m; sourceTree = "<group>"; };
		8AE3B95A18EF6D5F00E061C1 /* KDBJenkinsRequestHandler.h */ = {isa = PBXFileReference; fileEncoding = 4; lastKnownFileType = sourcecode.c.h; name = KDBJenkinsRequestHandler.h; path = ../KDBJenkinsRequestHandler.h; sourceTree = "<group>"; };
		8AE3B95B18EF6D5F00E061C1 /* KDBJenkinsRequestHandler.m */ = {isa = PBXFileReference; fileEncoding = 4; lastKnownFileType = sourcecode.c.objc; name = KDBJenkinsRequestHandler.m; path = ../KDBJenkinsRequestHandler.m; sourceTree = "<group>"; };
		8AE3B96018EF80CA00E061C1 /* View.h */ = {isa = PBXFileReference; fileEncoding = 4; lastKnownFileType = sourcecode.c.h; path = View.h; sourceTree = "<group>"; };
		8AE3B96118EF80CA00E061C1 /* View.m */ = {isa = PBXFileReference; fileEncoding = 4; lastKnownFileType = sourcecode.c.objc; path = View.m; sourceTree = "<group>"; };
		8AEBC1D918FC396100105308 /* Build.h */ = {isa = PBXFileReference; fileEncoding = 4; lastKnownFileType = sourcecode.c.h; path = Build.h; sourceTree = "<group>"; };
		8AEBC1DA18FC396100105308 /* Build.m */ = {isa = PBXFileReference; fileEncoding = 4; lastKnownFileType = sourcecode.c.objc; path = Build.m; sourceTree = "<group>"; };
		8AF3843418FD7B9D00022254 /* Job.h */ = {isa = PBXFileReference; fileEncoding = 4; lastKnownFileType = sourcecode.c.h; path = Job.h; sourceTree = "<group>"; };
		8AF3843518FD7B9D00022254 /* Job.m */ = {isa = PBXFileReference; fileEncoding = 4; lastKnownFileType = sourcecode.c.objc; path = Job.m; sourceTree = "<group>"; };
/* End PBXFileReference section */

/* Begin PBXFrameworksBuildPhase section */
		8AC329E618E4F3A90002D106 /* Frameworks */ = {
			isa = PBXFrameworksBuildPhase;
			buildActionMask = 2147483647;
			files = (
				8AC329EF18E4F3A90002D106 /* CoreGraphics.framework in Frameworks */,
				8AC329F318E4F3A90002D106 /* CoreData.framework in Frameworks */,
				8AC329F118E4F3A90002D106 /* UIKit.framework in Frameworks */,
				8AC329ED18E4F3A90002D106 /* Foundation.framework in Frameworks */,
			);
			runOnlyForDeploymentPostprocessing = 0;
		};
		8AC32A1218E4F3A90002D106 /* Frameworks */ = {
			isa = PBXFrameworksBuildPhase;
			buildActionMask = 2147483647;
			files = (
				8AC32A1718E4F3A90002D106 /* XCTest.framework in Frameworks */,
				8AC32A1A18E4F3A90002D106 /* CoreData.framework in Frameworks */,
				8AC32A1918E4F3A90002D106 /* UIKit.framework in Frameworks */,
				8AC32A1818E4F3A90002D106 /* Foundation.framework in Frameworks */,
			);
			runOnlyForDeploymentPostprocessing = 0;
		};
/* End PBXFrameworksBuildPhase section */

/* Begin PBXGroup section */
		8A7CDAD818E7779F0079F3F1 /* Images */ = {
			isa = PBXGroup;
			children = (
				8A3CBA3918E7C57C00D0D160 /* notbuilt.png */,
				8A3CBA3A18E7C57C00D0D160 /* notbuilt@2x.png */,
				8A3CB9A718E7C39900D0D160 /* accept-24x24.png */,
				8A3CB9A818E7C39900D0D160 /* accept-24x24@2x.png */,
				8A3CB9A518E7C39900D0D160 /* accept.png */,
				8A3CB9A618E7C39900D0D160 /* accept@2x.png */,
				8A3CB9A318E7C39900D0D160 /* application-certificate.png */,
				8A3CB9A418E7C39900D0D160 /* application-certificate@2x.png */,
				8A3CB9A118E7C39900D0D160 /* blue.png */,
				8A3CB9A218E7C39900D0D160 /* blue@2x.png */,
				8A3CB99F18E7C39900D0D160 /* bookmark-new.png */,
				8A3CB9A018E7C39900D0D160 /* bookmark-new@2x.png */,
				8A3CB99D18E7C39900D0D160 /* certificate.png */,
				8A3CB99E18E7C39900D0D160 /* certificate@2x.png */,
				8A3CB99B18E7C39900D0D160 /* clipboard.png */,
				8A3CB99C18E7C39900D0D160 /* clipboard@2x.png */,
				8A3CB99918E7C39900D0D160 /* clock.png */,
				8A3CB99A18E7C39900D0D160 /* clock@2x.png */,
				8A3CB99518E7C39900D0D160 /* computer-x.png */,
				8A3CB99618E7C39900D0D160 /* computer-x@2x.png */,
				8A3CB99718E7C39900D0D160 /* computer.png */,
				8A3CB99818E7C39900D0D160 /* computer@2x.png */,
				8A3CB99318E7C39900D0D160 /* delete-document.png */,
				8A3CB99418E7C39900D0D160 /* delete-document@2x.png */,
				8A3CB99118E7C39900D0D160 /* document.png */,
				8A3CB99218E7C39900D0D160 /* document@2x.png */,
				8A3CB98F18E7C39900D0D160 /* edit-delete.png */,
				8A3CB99018E7C39900D0D160 /* edit-delete@2x.png */,
				8A3CB98D18E7C39900D0D160 /* emblem-urgent.png */,
				8A3CB98E18E7C39900D0D160 /* emblem-urgent@2x.png */,
				8A3CB98B18E7C39900D0D160 /* error.png */,
				8A3CB98C18E7C39900D0D160 /* error@2x.png */,
				8A3CB98918E7C39900D0D160 /* fingerprint.png */,
				8A3CB98A18E7C39900D0D160 /* fingerprint@2x.png */,
				8A3CB98718E7C39900D0D160 /* folder-delete.png */,
				8A3CB98818E7C39900D0D160 /* folder-delete@2x.png */,
				8A3CB98518E7C39800D0D160 /* folder.png */,
				8A3CB98618E7C39800D0D160 /* folder@2x.png */,
				8A3CB98118E7C39800D0D160 /* gear.png */,
				8A3CB98318E7C39800D0D160 /* gear2.png */,
				8A3CB98418E7C39800D0D160 /* gear2@2x.png */,
				8A3CB98218E7C39800D0D160 /* gear@2x.png */,
				8A3CB97F18E7C39800D0D160 /* graph.png */,
				8A3CB98018E7C39800D0D160 /* graph@2x.png */,
				8A3CB97D18E7C39800D0D160 /* green.png */,
				8A3CB97E18E7C39800D0D160 /* green@2x.png */,
				8A3CB97B18E7C39800D0D160 /* grey.png */,
				8A3CB97C18E7C39800D0D160 /* grey@2x.png */,
				8A3CB97918E7C39800D0D160 /* headless.png */,
				8A3CB97A18E7C39800D0D160 /* headless@2x.png */,
				8A3CB97718E7C39800D0D160 /* headshot.png */,
				8A3CB97818E7C39800D0D160 /* headshot@2x.png */,
				8A3CB97518E7C39800D0D160 /* health-00to19.png */,
				8A3CB97618E7C39800D0D160 /* health-00to19@2x.png */,
				8A3CB97318E7C39800D0D160 /* health-20to39.png */,
				8A3CB97418E7C39800D0D160 /* health-20to39@2x.png */,
				8A3CB97118E7C39800D0D160 /* health-40to59.png */,
				8A3CB97218E7C39800D0D160 /* health-40to59@2x.png */,
				8A3CB96F18E7C39800D0D160 /* health-60to79.png */,
				8A3CB97018E7C39800D0D160 /* health-60to79@2x.png */,
				8A3CB96D18E7C39800D0D160 /* health-80plus.png */,
				8A3CB96E18E7C39800D0D160 /* health-80plus@2x.png */,
				8A3CB96B18E7C39800D0D160 /* help.png */,
				8A3CB96C18E7C39800D0D160 /* help@2x.png */,
				8A3CB96918E7C39800D0D160 /* hourglass.png */,
				8A3CB96A18E7C39800D0D160 /* hourglass@2x.png */,
				8A3CB96718E7C39800D0D160 /* installer.png */,
				8A3CB96818E7C39800D0D160 /* installer@2x.png */,
				8A3CB96518E7C39800D0D160 /* keys.png */,
				8A3CB96618E7C39800D0D160 /* keys@2x.png */,
				8A3CB96318E7C39800D0D160 /* lock.png */,
				8A3CB96418E7C39800D0D160 /* lock@2x.png */,
				8A3CB96118E7C39800D0D160 /* logo.png */,
				8A3CB96218E7C39800D0D160 /* logo@2x.png */,
				8A3CB95F18E7C39800D0D160 /* monitor.png */,
				8A3CB96018E7C39800D0D160 /* monitor@2x.png */,
				8A3CB95D18E7C39800D0D160 /* network.png */,
				8A3CB95E18E7C39800D0D160 /* network@2x.png */,
				8A3CB95B18E7C39800D0D160 /* new-computer.png */,
				8A3CB95C18E7C39800D0D160 /* new-computer@2x.png */,
				8A3CB95918E7C39800D0D160 /* new-document.png */,
				8A3CB95A18E7C39800D0D160 /* new-document@2x.png */,
				8A3CB95718E7C39800D0D160 /* new-package.png */,
				8A3CB95818E7C39800D0D160 /* new-package@2x.png */,
				8A3CB95518E7C39800D0D160 /* new-user.png */,
				8A3CB95618E7C39800D0D160 /* new-user@2x.png */,
				8A3CB95318E7C39800D0D160 /* next.png */,
				8A3CB95418E7C39800D0D160 /* next@2x.png */,
				8A3CB95118E7C39800D0D160 /* notepad.png */,
				8A3CB95218E7C39800D0D160 /* notepad@2x.png */,
				8A3CB94F18E7C39800D0D160 /* nothing.png */,
				8A3CB95018E7C39800D0D160 /* nothing@2x.png */,
				8A3CB94D18E7C39800D0D160 /* orange-square.png */,
				8A3CB94E18E7C39800D0D160 /* orange-square@2x.png */,
				8A3CB94B18E7C39800D0D160 /* package.png */,
				8A3CB94C18E7C39800D0D160 /* package@2x.png */,
				8A3CB94918E7C39800D0D160 /* person.png */,
				8A3CB94A18E7C39800D0D160 /* person@2x.png */,
				8A3CB94718E7C39800D0D160 /* plugin.png */,
				8A3CB94818E7C39800D0D160 /* plugin@2x.png */,
				8A3CB94518E7C39800D0D160 /* previous.png */,
				8A3CB94618E7C39800D0D160 /* previous@2x.png */,
				8A3CB94118E7C39800D0D160 /* red.png */,
				8A3CB94218E7C39800D0D160 /* red@2x.png */,
				8A3CB94318E7C39800D0D160 /* redo.png */,
				8A3CB94418E7C39800D0D160 /* redo@2x.png */,
				8A3CB93F18E7C39800D0D160 /* refresh.png */,
				8A3CB94018E7C39800D0D160 /* refresh@2x.png */,
				8A3CB93D18E7C39800D0D160 /* save-new.png */,
				8A3CB93E18E7C39800D0D160 /* save-new@2x.png */,
				8A3CB93B18E7C39800D0D160 /* save.png */,
				8A3CB93C18E7C39800D0D160 /* save@2x.png */,
				8A3CB93918E7C39800D0D160 /* search.png */,
				8A3CB93A18E7C39800D0D160 /* search@2x.png */,
				8A3CB93718E7C39800D0D160 /* secure.png */,
				8A3CB93818E7C39800D0D160 /* secure@2x.png */,
				8A3CB93518E7C39800D0D160 /* setting.png */,
				8A3CB93618E7C39800D0D160 /* setting@2x.png */,
				8A3CB93318E7C39800D0D160 /* shield.png */,
				8A3CB93418E7C39800D0D160 /* shield@2x.png */,
				8A3CB93118E7C39800D0D160 /* star-gold.png */,
				8A3CB93218E7C39800D0D160 /* star-gold@2x.png */,
				8A3CB92F18E7C39800D0D160 /* star-large-gold.png */,
				8A3CB93018E7C39800D0D160 /* star-large-gold@2x.png */,
				8A3CB92D18E7C39800D0D160 /* star-large.png */,
				8A3CB92E18E7C39800D0D160 /* star-large@2x.png */,
				8A3CB92B18E7C39800D0D160 /* star.png */,
				8A3CB92C18E7C39800D0D160 /* star@2x.png */,
				8A3CB92918E7C39800D0D160 /* stop.png */,
				8A3CB92A18E7C39800D0D160 /* stop@2x.png */,
				8A3CB92718E7C39800D0D160 /* system-log-out.png */,
				8A3CB92818E7C39800D0D160 /* system-log-out@2x.png */,
				8A3CB92518E7C39800D0D160 /* terminal.png */,
				8A3CB92618E7C39800D0D160 /* terminal@2x.png */,
				8A3CB92318E7C39800D0D160 /* undo.png */,
				8A3CB92418E7C39800D0D160 /* undo@2x.png */,
				8A3CB92118E7C39800D0D160 /* up.png */,
				8A3CB92218E7C39800D0D160 /* up@2x.png */,
				8A3CB91F18E7C39800D0D160 /* user.png */,
				8A3CB92018E7C39800D0D160 /* user@2x.png */,
				8A3CB91D18E7C39800D0D160 /* video.png */,
				8A3CB91E18E7C39800D0D160 /* video@2x.png */,
				8A3CB91B18E7C39800D0D160 /* warning.png */,
				8A3CB91C18E7C39800D0D160 /* warning@2x.png */,
				8A3CB91918E7C39800D0D160 /* yellow.png */,
				8A3CB91A18E7C39800D0D160 /* yellow@2x.png */,
			);
			name = Images;
			sourceTree = "<group>";
		};
		8AC329E018E4F3A80002D106 = {
			isa = PBXGroup;
			children = (
				8AC329F418E4F3A90002D106 /* JenkinsMobile */,
				8AC32A1D18E4F3A90002D106 /* JenkinsMobileTests */,
				8AC329EB18E4F3A90002D106 /* Frameworks */,
				8AC329EA18E4F3A90002D106 /* Products */,
			);
			sourceTree = "<group>";
		};
		8AC329EA18E4F3A90002D106 /* Products */ = {
			isa = PBXGroup;
			children = (
				8AC329E918E4F3A90002D106 /* JenkinsMobile.app */,
				8AC32A1518E4F3A90002D106 /* JenkinsMobileTests.xctest */,
			);
			name = Products;
			sourceTree = "<group>";
		};
		8AC329EB18E4F3A90002D106 /* Frameworks */ = {
			isa = PBXGroup;
			children = (
				8AC329EC18E4F3A90002D106 /* Foundation.framework */,
				8AC329EE18E4F3A90002D106 /* CoreGraphics.framework */,
				8AC329F018E4F3A90002D106 /* UIKit.framework */,
				8AC329F218E4F3A90002D106 /* CoreData.framework */,
				8AC32A1618E4F3A90002D106 /* XCTest.framework */,
			);
			name = Frameworks;
			sourceTree = "<group>";
		};
		8AC329F418E4F3A90002D106 /* JenkinsMobile */ = {
			isa = PBXGroup;
			children = (
				8AE3B96918EF80D000E061C1 /* Models */,
				8AC32A2D18E4FB6F0002D106 /* AFNetworking */,
				8A7CDAD818E7779F0079F3F1 /* Images */,
				8AC32A0F18E4F3A90002D106 /* Images.xcassets */,
				8AC32A0618E4F3A90002D106 /* JenkinsMobile.xcdatamodeld */,
				8AC329FD18E4F3A90002D106 /* KDBAppDelegate.h */,
				8AC329FE18E4F3A90002D106 /* KDBAppDelegate.m */,
				8AC32A0C18E4F3A90002D106 /* KDBDetailViewController.h */,
				8AC32A0D18E4F3A90002D106 /* KDBDetailViewController.m */,
				8AE3B95A18EF6D5F00E061C1 /* KDBJenkinsRequestHandler.h */,
				8AE3B95B18EF6D5F00E061C1 /* KDBJenkinsRequestHandler.m */,
				8A14345218E8857B000C2DB4 /* KDBJenkinsViewsScrollView.h */,
				8A14345318E8857B000C2DB4 /* KDBJenkinsViewsScrollView.m */,
				8A14344F18E880A2000C2DB4 /* KDBJenkinsViewsViewController.h */,
				8A14345018E880A2000C2DB4 /* KDBJenkinsViewsViewController.m */,
				8A14345518E8863E000C2DB4 /* KDBJenkinsViewTableView.h */,
				8A14345618E8863E000C2DB4 /* KDBJenkinsViewTableView.m */,
				8AC32A0918E4F3A90002D106 /* KDBMasterViewController.h */,
				8AC32A0A18E4F3A90002D106 /* KDBMasterViewController.m */,
				8A7CDAD518E722940079F3F1 /* KDBViewPickerViewController.h */,
				8A7CDAD618E722940079F3F1 /* KDBViewPickerViewController.m */,
				8AC32A0318E4F3A90002D106 /* Main_iPad.storyboard */,
				8AC32A0018E4F3A90002D106 /* Main_iPhone.storyboard */,
				8AC329F518E4F3A90002D106 /* Supporting Files */,
			);
			path = JenkinsMobile;
			sourceTree = "<group>";
		};
		8AC329F518E4F3A90002D106 /* Supporting Files */ = {
			isa = PBXGroup;
			children = (
				8AC329F618E4F3A90002D106 /* JenkinsMobile-Info.plist */,
				8AC329F718E4F3A90002D106 /* InfoPlist.strings */,
				8AC329FA18E4F3A90002D106 /* main.m */,
				8AC329FC18E4F3A90002D106 /* JenkinsMobile-Prefix.pch */,
			);
			name = "Supporting Files";
			sourceTree = "<group>";
		};
		8AC32A1D18E4F3A90002D106 /* JenkinsMobileTests */ = {
			isa = PBXGroup;
			children = (
				8AC32A2318E4F3A90002D106 /* JenkinsMobileTests.m */,
			);
			path = JenkinsMobileTests;
			sourceTree = "<group>";
		};
		8AC32A2D18E4FB6F0002D106 /* AFNetworking */ = {
			isa = PBXGroup;
			children = (
				8AC32A2E18E4FB6F0002D106 /* AFHTTPRequestOperation.h */,
				8AC32A2F18E4FB6F0002D106 /* AFHTTPRequestOperation.m */,
				8AC32A3018E4FB6F0002D106 /* AFHTTPRequestOperationManager.h */,
				8AC32A3118E4FB6F0002D106 /* AFHTTPRequestOperationManager.m */,
				8AC32A3218E4FB6F0002D106 /* AFHTTPSessionManager.h */,
				8AC32A3318E4FB6F0002D106 /* AFHTTPSessionManager.m */,
				8AC32A3418E4FB6F0002D106 /* AFNetworking.h */,
				8AC32A3518E4FB6F0002D106 /* AFNetworkReachabilityManager.h */,
				8AC32A3618E4FB6F0002D106 /* AFNetworkReachabilityManager.m */,
				8AC32A3718E4FB6F0002D106 /* AFSecurityPolicy.h */,
				8AC32A3818E4FB6F0002D106 /* AFSecurityPolicy.m */,
				8AC32A3918E4FB6F0002D106 /* AFURLConnectionOperation.h */,
				8AC32A3A18E4FB6F0002D106 /* AFURLConnectionOperation.m */,
				8AC32A3B18E4FB6F0002D106 /* AFURLRequestSerialization.h */,
				8AC32A3C18E4FB6F0002D106 /* AFURLRequestSerialization.m */,
				8AC32A3D18E4FB6F0002D106 /* AFURLResponseSerialization.h */,
				8AC32A3E18E4FB6F0002D106 /* AFURLResponseSerialization.m */,
				8AC32A3F18E4FB6F0002D106 /* AFURLSessionManager.h */,
				8AC32A4018E4FB6F0002D106 /* AFURLSessionManager.m */,
			);
			path = AFNetworking;
			sourceTree = "<group>";
		};
		8AE3B96918EF80D000E061C1 /* Models */ = {
			isa = PBXGroup;
			children = (
				8AF3843418FD7B9D00022254 /* Job.h */,
				8AF3843518FD7B9D00022254 /* Job.m */,
				8AEBC1D918FC396100105308 /* Build.h */,
				8AEBC1DA18FC396100105308 /* Build.m */,
				8A5A224B18F20A3A001FA8EB /* JenkinsInstance.h */,
				8A5A224C18F20A3A001FA8EB /* JenkinsInstance.m */,
				8AE3B96018EF80CA00E061C1 /* View.h */,
				8AE3B96118EF80CA00E061C1 /* View.m */,
			);
			name = Models;
			sourceTree = "<group>";
		};
/* End PBXGroup section */

/* Begin PBXNativeTarget section */
		8AC329E818E4F3A90002D106 /* JenkinsMobile */ = {
			isa = PBXNativeTarget;
			buildConfigurationList = 8AC32A2718E4F3A90002D106 /* Build configuration list for PBXNativeTarget "JenkinsMobile" */;
			buildPhases = (
				8AC329E518E4F3A90002D106 /* Sources */,
				8AC329E618E4F3A90002D106 /* Frameworks */,
				8AC329E718E4F3A90002D106 /* Resources */,
			);
			buildRules = (
			);
			dependencies = (
			);
			name = JenkinsMobile;
			productName = JenkinsMobile;
			productReference = 8AC329E918E4F3A90002D106 /* JenkinsMobile.app */;
			productType = "com.apple.product-type.application";
		};
		8AC32A1418E4F3A90002D106 /* JenkinsMobileTests */ = {
			isa = PBXNativeTarget;
			buildConfigurationList = 8AC32A2A18E4F3A90002D106 /* Build configuration list for PBXNativeTarget "JenkinsMobileTests" */;
			buildPhases = (
				8AC32A1118E4F3A90002D106 /* Sources */,
				8AC32A1218E4F3A90002D106 /* Frameworks */,
				8AC32A1318E4F3A90002D106 /* Resources */,
			);
			buildRules = (
			);
			dependencies = (
				8AC32A1C18E4F3A90002D106 /* PBXTargetDependency */,
			);
			name = JenkinsMobileTests;
			productName = JenkinsMobileTests;
			productReference = 8AC32A1518E4F3A90002D106 /* JenkinsMobileTests.xctest */;
			productType = "com.apple.product-type.bundle.unit-test";
		};
/* End PBXNativeTarget section */

/* Begin PBXProject section */
		8AC329E118E4F3A90002D106 /* Project object */ = {
			isa = PBXProject;
			attributes = {
				CLASSPREFIX = KDB;
				LastUpgradeCheck = 0510;
				ORGANIZATIONNAME = "Kyle Beal";
				TargetAttributes = {
					8AC32A1418E4F3A90002D106 = {
						TestTargetID = 8AC329E818E4F3A90002D106;
					};
				};
			};
			buildConfigurationList = 8AC329E418E4F3A90002D106 /* Build configuration list for PBXProject "JenkinsMobile" */;
			compatibilityVersion = "Xcode 3.2";
			developmentRegion = English;
			hasScannedForEncodings = 0;
			knownRegions = (
				en,
				Base,
			);
			mainGroup = 8AC329E018E4F3A80002D106;
			productRefGroup = 8AC329EA18E4F3A90002D106 /* Products */;
			projectDirPath = "";
			projectRoot = "";
			targets = (
				8AC329E818E4F3A90002D106 /* JenkinsMobile */,
				8AC32A1418E4F3A90002D106 /* JenkinsMobileTests */,
			);
		};
/* End PBXProject section */

/* Begin PBXResourcesBuildPhase section */
		8AC329E718E4F3A90002D106 /* Resources */ = {
			isa = PBXResourcesBuildPhase;
			buildActionMask = 2147483647;
			files = (
				8A3CBA1518E7C39900D0D160 /* folder.png in Resources */,
				8A3CBA0318E7C39900D0D160 /* health-20to39.png in Resources */,
				8A3CB9B118E7C39900D0D160 /* up.png in Resources */,
				8A3CB9F218E7C39900D0D160 /* logo@2x.png in Resources */,
				8A3CB9E918E7C39900D0D160 /* new-document.png in Resources */,
				8A3CB9DA18E7C39900D0D160 /* person@2x.png in Resources */,
				8A3CB9D918E7C39900D0D160 /* person.png in Resources */,
				8A3CBA0018E7C39900D0D160 /* health-60to79@2x.png in Resources */,
				8A3CB9D818E7C39900D0D160 /* plugin@2x.png in Resources */,
				8A3CB9BF18E7C39900D0D160 /* star-large-gold.png in Resources */,
				8A3CBA0618E7C39900D0D160 /* health-00to19@2x.png in Resources */,
				8A3CB9D418E7C39900D0D160 /* redo@2x.png in Resources */,
				8A3CB9F018E7C39900D0D160 /* monitor@2x.png in Resources */,
				8A3CB9E518E7C39900D0D160 /* new-user.png in Resources */,
				8AC32A0518E4F3A90002D106 /* Main_iPad.storyboard in Resources */,
				8A3CB9D118E7C39900D0D160 /* red.png in Resources */,
				8A3CB9C418E7C39900D0D160 /* shield@2x.png in Resources */,
				8A3CB9F718E7C39900D0D160 /* installer.png in Resources */,
				8A3CBA3218E7C39900D0D160 /* blue@2x.png in Resources */,
				8A3CB9E118E7C39900D0D160 /* notepad.png in Resources */,
				8A3CB9DE18E7C39900D0D160 /* orange-square@2x.png in Resources */,
				8A3CB9C318E7C39900D0D160 /* shield.png in Resources */,
				8A3CB9FB18E7C39900D0D160 /* help.png in Resources */,
				8A3CB9C818E7C39900D0D160 /* secure@2x.png in Resources */,
				8A3CB9F418E7C39900D0D160 /* lock@2x.png in Resources */,
				8A3CB9C518E7C39900D0D160 /* setting.png in Resources */,
				8A3CB9DB18E7C39900D0D160 /* package.png in Resources */,
				8A3CBA1F18E7C39900D0D160 /* edit-delete.png in Resources */,
				8A3CB9FA18E7C39900D0D160 /* hourglass@2x.png in Resources */,
				8A3CB9D718E7C39900D0D160 /* plugin.png in Resources */,
				8A3CBA0218E7C39900D0D160 /* health-40to59@2x.png in Resources */,
				8A3CB9AC18E7C39900D0D160 /* warning@2x.png in Resources */,
				8A3CBA2818E7C39900D0D160 /* computer@2x.png in Resources */,
				8AC32A1018E4F3A90002D106 /* Images.xcassets in Resources */,
				8A3CBA0718E7C39900D0D160 /* headshot.png in Resources */,
				8A3CB9FF18E7C39900D0D160 /* health-60to79.png in Resources */,
				8A3CBA3118E7C39900D0D160 /* blue.png in Resources */,
				8A3CBA3518E7C39900D0D160 /* accept.png in Resources */,
				8A3CB9FE18E7C39900D0D160 /* health-80plus@2x.png in Resources */,
				8A3CBA0518E7C39900D0D160 /* health-00to19.png in Resources */,
				8A3CB9CF18E7C39900D0D160 /* refresh.png in Resources */,
				8A3CB9DF18E7C39900D0D160 /* nothing.png in Resources */,
				8A3CBA2318E7C39900D0D160 /* delete-document.png in Resources */,
				8A3CB9BD18E7C39900D0D160 /* star-large.png in Resources */,
				8A3CBA2618E7C39900D0D160 /* computer-x@2x.png in Resources */,
				8A3CBA0A18E7C39900D0D160 /* headless@2x.png in Resources */,
				8A3CB9CA18E7C39900D0D160 /* search@2x.png in Resources */,
				8A3CB9C718E7C39900D0D160 /* secure.png in Resources */,
				8A3CB9D218E7C39900D0D160 /* red@2x.png in Resources */,
				8A3CBA0B18E7C39900D0D160 /* grey.png in Resources */,
				8A3CBA0D18E7C39900D0D160 /* green.png in Resources */,
				8A3CBA2018E7C39900D0D160 /* edit-delete@2x.png in Resources */,
				8A3CB9F518E7C39900D0D160 /* keys.png in Resources */,
				8A3CB9E218E7C39900D0D160 /* notepad@2x.png in Resources */,
				8A3CB9E818E7C39900D0D160 /* new-package@2x.png in Resources */,
				8A3CB9B018E7C39900D0D160 /* user@2x.png in Resources */,
				8A3CBA0918E7C39900D0D160 /* headless.png in Resources */,
				8A3CBA0818E7C39900D0D160 /* headshot@2x.png in Resources */,
				8A3CB9AF18E7C39900D0D160 /* user.png in Resources */,
				8A3CBA1C18E7C39900D0D160 /* error@2x.png in Resources */,
				8A3CBA2B18E7C39900D0D160 /* clipboard.png in Resources */,
				8A3CB9C018E7C39900D0D160 /* star-large-gold@2x.png in Resources */,
				8A3CBA2118E7C39900D0D160 /* document.png in Resources */,
				8A3CB9EE18E7C39900D0D160 /* network@2x.png in Resources */,
				8A3CBA3418E7C39900D0D160 /* application-certificate@2x.png in Resources */,
				8A3CB9B618E7C39900D0D160 /* terminal@2x.png in Resources */,
				8A3CB9C218E7C39900D0D160 /* star-gold@2x.png in Resources */,
				8A3CBA1A18E7C39900D0D160 /* fingerprint@2x.png in Resources */,
				8A3CB9AA18E7C39900D0D160 /* yellow@2x.png in Resources */,
				8A3CB9BA18E7C39900D0D160 /* stop@2x.png in Resources */,
				8A3CBA0C18E7C39900D0D160 /* grey@2x.png in Resources */,
				8A3CB9B718E7C39900D0D160 /* system-log-out.png in Resources */,
				8A3CB9AD18E7C39900D0D160 /* video.png in Resources */,
				8A3CBA2F18E7C39900D0D160 /* bookmark-new.png in Resources */,
				8A3CB9F618E7C39900D0D160 /* keys@2x.png in Resources */,
				8A3CB9BB18E7C39900D0D160 /* star.png in Resources */,
				8A3CB9EF18E7C39900D0D160 /* monitor.png in Resources */,
				8A3CB9E718E7C39900D0D160 /* new-package.png in Resources */,
				8A3CB9ED18E7C39900D0D160 /* network.png in Resources */,
				8A3CB9A918E7C39900D0D160 /* yellow.png in Resources */,
				8A3CB9CC18E7C39900D0D160 /* save@2x.png in Resources */,
				8A3CB9B818E7C39900D0D160 /* system-log-out@2x.png in Resources */,
				8A3CB9F818E7C39900D0D160 /* installer@2x.png in Resources */,
				8A3CB9F118E7C39900D0D160 /* logo.png in Resources */,
				8A3CBA2218E7C39900D0D160 /* document@2x.png in Resources */,
				8A3CB9D018E7C39900D0D160 /* refresh@2x.png in Resources */,
				8A3CBA1D18E7C39900D0D160 /* emblem-urgent.png in Resources */,
				8A3CB9E418E7C39900D0D160 /* next@2x.png in Resources */,
				8A3CB9B218E7C39900D0D160 /* up@2x.png in Resources */,
				8A3CBA3818E7C39900D0D160 /* accept-24x24@2x.png in Resources */,
				8A3CB9BE18E7C39900D0D160 /* star-large@2x.png in Resources */,
				8A3CB9DD18E7C39900D0D160 /* orange-square.png in Resources */,
				8A3CBA1418E7C39900D0D160 /* gear2@2x.png in Resources */,
				8A3CBA1E18E7C39900D0D160 /* emblem-urgent@2x.png in Resources */,
				8AC32A0218E4F3A90002D106 /* Main_iPhone.storyboard in Resources */,
				8A3CB9D618E7C39900D0D160 /* previous@2x.png in Resources */,
				8A3CB9C918E7C39900D0D160 /* search.png in Resources */,
				8A3CB9B318E7C39900D0D160 /* undo.png in Resources */,
				8A3CBA2718E7C39900D0D160 /* computer.png in Resources */,
				8A3CBA3C18E7C57C00D0D160 /* notbuilt@2x.png in Resources */,
				8A3CBA0E18E7C39900D0D160 /* green@2x.png in Resources */,
				8A3CBA1818E7C39900D0D160 /* folder-delete@2x.png in Resources */,
				8A3CBA0418E7C39900D0D160 /* health-20to39@2x.png in Resources */,
				8A3CB9AB18E7C39900D0D160 /* warning.png in Resources */,
				8A3CBA2518E7C39900D0D160 /* computer-x.png in Resources */,
				8A3CBA1B18E7C39900D0D160 /* error.png in Resources */,
				8A3CBA3618E7C39900D0D160 /* accept@2x.png in Resources */,
				8A3CB9FC18E7C39900D0D160 /* help@2x.png in Resources */,
				8A3CBA3018E7C39900D0D160 /* bookmark-new@2x.png in Resources */,
				8A3CBA1718E7C39900D0D160 /* folder-delete.png in Resources */,
				8A3CBA1618E7C39900D0D160 /* folder@2x.png in Resources */,
				8A3CB9CD18E7C39900D0D160 /* save-new.png in Resources */,
				8A3CB9C118E7C39900D0D160 /* star-gold.png in Resources */,
				8A3CB9D518E7C39900D0D160 /* previous.png in Resources */,
				8A3CBA1318E7C39900D0D160 /* gear2.png in Resources */,
				8A3CBA3718E7C39900D0D160 /* accept-24x24.png in Resources */,
				8A3CB9FD18E7C39900D0D160 /* health-80plus.png in Resources */,
				8A3CB9BC18E7C39900D0D160 /* star@2x.png in Resources */,
				8A3CBA0F18E7C39900D0D160 /* graph.png in Resources */,
				8A3CBA1918E7C39900D0D160 /* fingerprint.png in Resources */,
				8A3CB9AE18E7C39900D0D160 /* video@2x.png in Resources */,
				8A3CB9D318E7C39900D0D160 /* redo.png in Resources */,
				8A3CB9EA18E7C39900D0D160 /* new-document@2x.png in Resources */,
				8A3CBA3318E7C39900D0D160 /* application-certificate.png in Resources */,
				8A3CB9EB18E7C39900D0D160 /* new-computer.png in Resources */,
				8A3CB9F918E7C39900D0D160 /* hourglass.png in Resources */,
				8A3CB9C618E7C39900D0D160 /* setting@2x.png in Resources */,
				8A3CB9E618E7C39900D0D160 /* new-user@2x.png in Resources */,
				8A3CBA1018E7C39900D0D160 /* graph@2x.png in Resources */,
				8A3CBA3B18E7C57C00D0D160 /* notbuilt.png in Resources */,
				8A3CB9CE18E7C39900D0D160 /* save-new@2x.png in Resources */,
				8A3CBA2418E7C39900D0D160 /* delete-document@2x.png in Resources */,
				8A3CB9B918E7C39900D0D160 /* stop.png in Resources */,
				8A3CBA2D18E7C39900D0D160 /* certificate.png in Resources */,
				8A3CB9E318E7C39900D0D160 /* next.png in Resources */,
				8A3CB9CB18E7C39900D0D160 /* save.png in Resources */,
				8A3CB9B418E7C39900D0D160 /* undo@2x.png in Resources */,
				8A3CB9B518E7C39900D0D160 /* terminal.png in Resources */,
				8A3CBA2C18E7C39900D0D160 /* clipboard@2x.png in Resources */,
				8A3CBA2918E7C39900D0D160 /* clock.png in Resources */,
				8AC329F918E4F3A90002D106 /* InfoPlist.strings in Resources */,
				8A3CBA1218E7C39900D0D160 /* gear@2x.png in Resources */,
				8A3CBA0118E7C39900D0D160 /* health-40to59.png in Resources */,
				8A3CB9F318E7C39900D0D160 /* lock.png in Resources */,
				8A3CB9E018E7C39900D0D160 /* nothing@2x.png in Resources */,
				8A3CB9EC18E7C39900D0D160 /* new-computer@2x.png in Resources */,
				8A3CBA2E18E7C39900D0D160 /* certificate@2x.png in Resources */,
				8A3CBA1118E7C39900D0D160 /* gear.png in Resources */,
				8A3CB9DC18E7C39900D0D160 /* package@2x.png in Resources */,
				8A3CBA2A18E7C39900D0D160 /* clock@2x.png in Resources */,
			);
			runOnlyForDeploymentPostprocessing = 0;
		};
		8AC32A1318E4F3A90002D106 /* Resources */ = {
			isa = PBXResourcesBuildPhase;
			buildActionMask = 2147483647;
			files = (
			);
			runOnlyForDeploymentPostprocessing = 0;
		};
/* End PBXResourcesBuildPhase section */

/* Begin PBXSourcesBuildPhase section */
		8AC329E518E4F3A90002D106 /* Sources */ = {
			isa = PBXSourcesBuildPhase;
			buildActionMask = 2147483647;
			files = (
				8AEBC1DB18FC396100105308 /* Build.m in Sources */,
				8AC32A4618E4FB6F0002D106 /* AFURLConnectionOperation.m in Sources */,
				8AF3843618FD7B9D00022254 /* Job.m in Sources */,
				8A14345718E8863E000C2DB4 /* KDBJenkinsViewTableView.m in Sources */,
				8AC32A4118E4FB6F0002D106 /* AFHTTPRequestOperation.m in Sources */,
				8A14345418E8857B000C2DB4 /* KDBJenkinsViewsScrollView.m in Sources */,
				8AC32A4418E4FB6F0002D106 /* AFNetworkReachabilityManager.m in Sources */,
				8AC32A4918E4FB6F0002D106 /* AFURLSessionManager.m in Sources */,
				8AC32A4718E4FB6F0002D106 /* AFURLRequestSerialization.m in Sources */,
				8AC32A0E18E4F3A90002D106 /* KDBDetailViewController.m in Sources */,
				8AC32A4818E4FB6F0002D106 /* AFURLResponseSerialization.m in Sources */,
				8AC32A0B18E4F3A90002D106 /* KDBMasterViewController.m in Sources */,
				8A7CDAD718E722940079F3F1 /* KDBViewPickerViewController.m in Sources */,
				8AC329FF18E4F3A90002D106 /* KDBAppDelegate.m in Sources */,
				8A14345118E880A2000C2DB4 /* KDBJenkinsViewsViewController.m in Sources */,
				8AE3B95C18EF6D5F00E061C1 /* KDBJenkinsRequestHandler.m in Sources */,
				8AE3B96218EF80CA00E061C1 /* View.m in Sources */,
				8AC32A4218E4FB6F0002D106 /* AFHTTPRequestOperationManager.m in Sources */,
				8AC32A4518E4FB6F0002D106 /* AFSecurityPolicy.m in Sources */,
				8A5A224D18F20A3A001FA8EB /* JenkinsInstance.m in Sources */,
				8AC329FB18E4F3A90002D106 /* main.m in Sources */,
				8AC32A0818E4F3A90002D106 /* JenkinsMobile.xcdatamodeld in Sources */,
				8AC32A4318E4FB6F0002D106 /* AFHTTPSessionManager.m in Sources */,
			);
			runOnlyForDeploymentPostprocessing = 0;
		};
		8AC32A1118E4F3A90002D106 /* Sources */ = {
			isa = PBXSourcesBuildPhase;
			buildActionMask = 2147483647;
			files = (
				8AC32A2418E4F3A90002D106 /* JenkinsMobileTests.m in Sources */,
			);
			runOnlyForDeploymentPostprocessing = 0;
		};
/* End PBXSourcesBuildPhase section */

/* Begin PBXTargetDependency section */
		8AC32A1C18E4F3A90002D106 /* PBXTargetDependency */ = {
			isa = PBXTargetDependency;
			target = 8AC329E818E4F3A90002D106 /* JenkinsMobile */;
			targetProxy = 8AC32A1B18E4F3A90002D106 /* PBXContainerItemProxy */;
		};
/* End PBXTargetDependency section */

/* Begin PBXVariantGroup section */
		8AC329F718E4F3A90002D106 /* InfoPlist.strings */ = {
			isa = PBXVariantGroup;
			children = (
				8AC329F818E4F3A90002D106 /* en */,
			);
			name = InfoPlist.strings;
			sourceTree = "<group>";
		};
		8AC32A0018E4F3A90002D106 /* Main_iPhone.storyboard */ = {
			isa = PBXVariantGroup;
			children = (
				8AC32A0118E4F3A90002D106 /* Base */,
			);
			name = Main_iPhone.storyboard;
			sourceTree = "<group>";
		};
		8AC32A0318E4F3A90002D106 /* Main_iPad.storyboard */ = {
			isa = PBXVariantGroup;
			children = (
				8AC32A0418E4F3A90002D106 /* Base */,
			);
			name = Main_iPad.storyboard;
			sourceTree = "<group>";
		};
/* End PBXVariantGroup section */

/* Begin XCBuildConfiguration section */
		8AC32A2518E4F3A90002D106 /* Debug */ = {
			isa = XCBuildConfiguration;
			buildSettings = {
				ALWAYS_SEARCH_USER_PATHS = NO;
				CLANG_CXX_LANGUAGE_STANDARD = "gnu++0x";
				CLANG_CXX_LIBRARY = "libc++";
				CLANG_ENABLE_MODULES = YES;
				CLANG_ENABLE_OBJC_ARC = YES;
				CLANG_WARN_BOOL_CONVERSION = YES;
				CLANG_WARN_CONSTANT_CONVERSION = YES;
				CLANG_WARN_DIRECT_OBJC_ISA_USAGE = YES_ERROR;
				CLANG_WARN_EMPTY_BODY = YES;
				CLANG_WARN_ENUM_CONVERSION = YES;
				CLANG_WARN_INT_CONVERSION = YES;
				CLANG_WARN_OBJC_ROOT_CLASS = YES_ERROR;
				CLANG_WARN__DUPLICATE_METHOD_MATCH = YES;
				"CODE_SIGN_IDENTITY[sdk=iphoneos*]" = "iPhone Developer";
				COPY_PHASE_STRIP = NO;
				GCC_C_LANGUAGE_STANDARD = gnu99;
				GCC_DYNAMIC_NO_PIC = NO;
				GCC_OPTIMIZATION_LEVEL = 0;
				GCC_PREPROCESSOR_DEFINITIONS = (
					"DEBUG=1",
					"$(inherited)",
				);
				GCC_SYMBOLS_PRIVATE_EXTERN = NO;
				GCC_WARN_64_TO_32_BIT_CONVERSION = YES;
				GCC_WARN_ABOUT_RETURN_TYPE = YES_ERROR;
				GCC_WARN_UNDECLARED_SELECTOR = YES;
				GCC_WARN_UNINITIALIZED_AUTOS = YES;
				GCC_WARN_UNUSED_FUNCTION = YES;
				GCC_WARN_UNUSED_VARIABLE = YES;
				IPHONEOS_DEPLOYMENT_TARGET = 7.1;
				ONLY_ACTIVE_ARCH = YES;
				SDKROOT = iphoneos;
				TARGETED_DEVICE_FAMILY = "1,2";
			};
			name = Debug;
		};
		8AC32A2618E4F3A90002D106 /* Release */ = {
			isa = XCBuildConfiguration;
			buildSettings = {
				ALWAYS_SEARCH_USER_PATHS = NO;
				CLANG_CXX_LANGUAGE_STANDARD = "gnu++0x";
				CLANG_CXX_LIBRARY = "libc++";
				CLANG_ENABLE_MODULES = YES;
				CLANG_ENABLE_OBJC_ARC = YES;
				CLANG_WARN_BOOL_CONVERSION = YES;
				CLANG_WARN_CONSTANT_CONVERSION = YES;
				CLANG_WARN_DIRECT_OBJC_ISA_USAGE = YES_ERROR;
				CLANG_WARN_EMPTY_BODY = YES;
				CLANG_WARN_ENUM_CONVERSION = YES;
				CLANG_WARN_INT_CONVERSION = YES;
				CLANG_WARN_OBJC_ROOT_CLASS = YES_ERROR;
				CLANG_WARN__DUPLICATE_METHOD_MATCH = YES;
				"CODE_SIGN_IDENTITY[sdk=iphoneos*]" = "iPhone Developer";
				COPY_PHASE_STRIP = YES;
				ENABLE_NS_ASSERTIONS = NO;
				GCC_C_LANGUAGE_STANDARD = gnu99;
				GCC_WARN_64_TO_32_BIT_CONVERSION = YES;
				GCC_WARN_ABOUT_RETURN_TYPE = YES_ERROR;
				GCC_WARN_UNDECLARED_SELECTOR = YES;
				GCC_WARN_UNINITIALIZED_AUTOS = YES;
				GCC_WARN_UNUSED_FUNCTION = YES;
				GCC_WARN_UNUSED_VARIABLE = YES;
				IPHONEOS_DEPLOYMENT_TARGET = 7.1;
				SDKROOT = iphoneos;
				TARGETED_DEVICE_FAMILY = "1,2";
				VALIDATE_PRODUCT = YES;
			};
			name = Release;
		};
		8AC32A2818E4F3A90002D106 /* Debug */ = {
			isa = XCBuildConfiguration;
			buildSettings = {
				ASSETCATALOG_COMPILER_APPICON_NAME = AppIcon;
				ASSETCATALOG_COMPILER_LAUNCHIMAGE_NAME = LaunchImage;
				GCC_PRECOMPILE_PREFIX_HEADER = YES;
				GCC_PREFIX_HEADER = "JenkinsMobile/JenkinsMobile-Prefix.pch";
				INFOPLIST_FILE = "JenkinsMobile/JenkinsMobile-Info.plist";
				PRODUCT_NAME = "$(TARGET_NAME)";
				WRAPPER_EXTENSION = app;
			};
			name = Debug;
		};
		8AC32A2918E4F3A90002D106 /* Release */ = {
			isa = XCBuildConfiguration;
			buildSettings = {
				ASSETCATALOG_COMPILER_APPICON_NAME = AppIcon;
				ASSETCATALOG_COMPILER_LAUNCHIMAGE_NAME = LaunchImage;
				GCC_PRECOMPILE_PREFIX_HEADER = YES;
				GCC_PREFIX_HEADER = "JenkinsMobile/JenkinsMobile-Prefix.pch";
				INFOPLIST_FILE = "JenkinsMobile/JenkinsMobile-Info.plist";
				PRODUCT_NAME = "$(TARGET_NAME)";
				WRAPPER_EXTENSION = app;
			};
			name = Release;
		};
		8AC32A2B18E4F3A90002D106 /* Debug */ = {
			isa = XCBuildConfiguration;
			buildSettings = {
				BUNDLE_LOADER = "$(BUILT_PRODUCTS_DIR)/JenkinsMobile.app/JenkinsMobile";
				FRAMEWORK_SEARCH_PATHS = (
					"$(SDKROOT)/Developer/Library/Frameworks",
					"$(inherited)",
					"$(DEVELOPER_FRAMEWORKS_DIR)",
				);
				GCC_PRECOMPILE_PREFIX_HEADER = YES;
				GCC_PREFIX_HEADER = "JenkinsMobile/JenkinsMobile-Prefix.pch";
				GCC_PREPROCESSOR_DEFINITIONS = (
					"DEBUG=1",
					"$(inherited)",
				);
				INFOPLIST_FILE = "JenkinsMobileTests/JenkinsMobileTests-Info.plist";
				PRODUCT_NAME = "$(TARGET_NAME)";
				TEST_HOST = "$(BUNDLE_LOADER)";
				WRAPPER_EXTENSION = xctest;
			};
			name = Debug;
		};
		8AC32A2C18E4F3A90002D106 /* Release */ = {
			isa = XCBuildConfiguration;
			buildSettings = {
				BUNDLE_LOADER = "$(BUILT_PRODUCTS_DIR)/JenkinsMobile.app/JenkinsMobile";
				FRAMEWORK_SEARCH_PATHS = (
					"$(SDKROOT)/Developer/Library/Frameworks",
					"$(inherited)",
					"$(DEVELOPER_FRAMEWORKS_DIR)",
				);
				GCC_PRECOMPILE_PREFIX_HEADER = YES;
				GCC_PREFIX_HEADER = "JenkinsMobile/JenkinsMobile-Prefix.pch";
				INFOPLIST_FILE = "JenkinsMobileTests/JenkinsMobileTests-Info.plist";
				PRODUCT_NAME = "$(TARGET_NAME)";
				TEST_HOST = "$(BUNDLE_LOADER)";
				WRAPPER_EXTENSION = xctest;
			};
			name = Release;
		};
/* End XCBuildConfiguration section */

/* Begin XCConfigurationList section */
		8AC329E418E4F3A90002D106 /* Build configuration list for PBXProject "JenkinsMobile" */ = {
			isa = XCConfigurationList;
			buildConfigurations = (
				8AC32A2518E4F3A90002D106 /* Debug */,
				8AC32A2618E4F3A90002D106 /* Release */,
			);
			defaultConfigurationIsVisible = 0;
			defaultConfigurationName = Release;
		};
		8AC32A2718E4F3A90002D106 /* Build configuration list for PBXNativeTarget "JenkinsMobile" */ = {
			isa = XCConfigurationList;
			buildConfigurations = (
				8AC32A2818E4F3A90002D106 /* Debug */,
				8AC32A2918E4F3A90002D106 /* Release */,
			);
			defaultConfigurationIsVisible = 0;
			defaultConfigurationName = Release;
		};
		8AC32A2A18E4F3A90002D106 /* Build configuration list for PBXNativeTarget "JenkinsMobileTests" */ = {
			isa = XCConfigurationList;
			buildConfigurations = (
				8AC32A2B18E4F3A90002D106 /* Debug */,
				8AC32A2C18E4F3A90002D106 /* Release */,
			);
			defaultConfigurationIsVisible = 0;
			defaultConfigurationName = Release;
		};
/* End XCConfigurationList section */

/* Begin XCVersionGroup section */
		8AC32A0618E4F3A90002D106 /* JenkinsMobile.xcdatamodeld */ = {
			isa = XCVersionGroup;
			children = (
				8AC32A0718E4F3A90002D106 /* JenkinsMobile.xcdatamodel */,
			);
			currentVersion = 8AC32A0718E4F3A90002D106 /* JenkinsMobile.xcdatamodel */;
			path = JenkinsMobile.xcdatamodeld;
			sourceTree = "<group>";
			versionGroupType = wrapper.xcdatamodel;
		};
/* End XCVersionGroup section */
	};
	rootObject = 8AC329E118E4F3A90002D106 /* Project object */;
}
